
Microsoft Visual Studio Solution File, Format Version 12.00
# Visual Studio Version 17
VisualStudioVersion = 17.5.002.0
MinimumVisualStudioVersion = 10.0.40219.1
Project("{9A19103F-16F7-4668-BE54-9A1E7A4F7556}") = "Zaabee.Tomlet", "Zaabee.Tomlet.csproj", "{931E2BD3-304B-40C4-A3F9-20378AD34CD3}"
EndProject
Global
	GlobalSection(SolutionConfigurationPlatforms) = preSolution
		Debug|Any CPU = Debug|Any CPU
		Release|Any CPU = Release|Any CPU
	EndGlobalSection
	GlobalSection(ProjectConfigurationPlatforms) = postSolution
		{931E2BD3-304B-40C4-A3F9-20378AD34CD3}.Debug|Any CPU.ActiveCfg = Debug|Any CPU
		{931E2BD3-304B-40C4-A3F9-20378AD34CD3}.Debug|Any CPU.Build.0 = Debug|Any CPU
		{931E2BD3-304B-40C4-A3F9-20378AD34CD3}.Release|Any CPU.ActiveCfg = Release|Any CPU
		{931E2BD3-304B-40C4-A3F9-20378AD34CD3}.Release|Any CPU.Build.0 = Release|Any CPU
	EndGlobalSection
	GlobalSection(SolutionProperties) = preSolution
		HideSolutionNode = FALSE
	EndGlobalSection
	GlobalSection(ExtensibilityGlobals) = postSolution
		SolutionGuid = {763BCA51-AD1D-4A90-97E4-8452D0E2ACFD}
	EndGlobalSection
EndGlobal
