
Microsoft Visual Studio Solution File, Format Version 12.00
# Visual Studio Version 17
VisualStudioVersion = 17.5.002.0
MinimumVisualStudioVersion = 10.0.40219.1
Project("{2150E333-8FDC-42A3-9474-1A3956D46DE8}") = "perf", "perf", "{CF10B662-F974-4039-9EFB-07D60327661D}"
EndProject
Project("{9A19103F-16F7-4668-BE54-9A1E7A4F7556}") = "Benchmark", "perf\Benchmark\Benchmark.csproj", "{51C7BAFC-B16A-4354-B55D-CEC62F13F330}"
EndProject
Project("{9A19103F-16F7-4668-BE54-9A1E7A4F7556}") = "CodeTimer", "perf\CodeTimer\CodeTimer.csproj", "{25276A11-807B-4599-B8FD-85C9212FDC7B}"
EndProject
Project("{2150E333-8FDC-42A3-9474-1A3956D46DE8}") = "src", "src", "{3026C110-53BC-4F37-A967-CB4DD1F33B1D}"
EndProject
Project("{9A19103F-16F7-4668-BE54-9A1E7A4F7556}") = "Aoxe.Serializer.Abstractions", "src\Aoxe.Serializer.Abstractions\Aoxe.Serializer.Abstractions.csproj", "{BC99A3D5-2767-49B1-A787-0F70D4ECC43C}"
EndProject
Project("{2150E333-8FDC-42A3-9474-1A3956D46DE8}") = "tests", "tests", "{714AF0FB-D9B9-4E0B-B871-374A7BE0FEBC}"
EndProject
Project("{9A19103F-16F7-4668-BE54-9A1E7A4F7556}") = "Aoxe.DataContractSerializer.UnitTest", "tests\Aoxe.DataContractSerializer.UnitTest\Aoxe.DataContractSerializer.UnitTest.csproj", "{421F48FD-5C44-4F5D-B4AC-3D6F7AE60167}"
EndProject
Project("{9A19103F-16F7-4668-BE54-9A1E7A4F7556}") = "Aoxe.Ini.UnitTest", "tests\Aoxe.Ini.UnitTest\Aoxe.Ini.UnitTest.csproj", "{94D6B62C-70C0-4300-80CC-C346017FAB12}"
EndProject
Project("{9A19103F-16F7-4668-BE54-9A1E7A4F7556}") = "Aoxe.Jil.UnitTest", "tests\Aoxe.Jil.UnitTest\Aoxe.Jil.UnitTest.csproj", "{E8770804-EFFF-4888-A86C-C2C46C108323}"
EndProject
Project("{9A19103F-16F7-4668-BE54-9A1E7A4F7556}") = "Aoxe.MemoryPack.UnitTest", "tests\Aoxe.MemoryPack.UnitTest\Aoxe.MemoryPack.UnitTest.csproj", "{49F711C9-1EBD-4EEC-98E5-AD50764EC218}"
EndProject
Project("{9A19103F-16F7-4668-BE54-9A1E7A4F7556}") = "Aoxe.MessagePack.UnitTest", "tests\Aoxe.MessagePack.UnitTest\Aoxe.MessagePack.UnitTest.csproj", "{D57605BB-AA03-4170-8F60-891886042D10}"
EndProject
Project("{9A19103F-16F7-4668-BE54-9A1E7A4F7556}") = "Aoxe.MsgPack.UnitTest", "tests\Aoxe.MsgPack.UnitTest\Aoxe.MsgPack.UnitTest.csproj", "{90BB2CE1-7129-46CA-B111-311A068F807C}"
EndProject
Project("{9A19103F-16F7-4668-BE54-9A1E7A4F7556}") = "Aoxe.NetJson.UnitTest", "tests\Aoxe.NetJson.UnitTest\Aoxe.NetJson.UnitTest.csproj", "{232707FB-30A7-4C75-BFA4-CC3BFC6EFEF6}"
EndProject
Project("{9A19103F-16F7-4668-BE54-9A1E7A4F7556}") = "Aoxe.NewtonsoftJson.UnitTest", "tests\Aoxe.NewtonsoftJson.UnitTest\Aoxe.NewtonsoftJson.UnitTest.csproj", "{120DA0E5-49EF-4F93-9BB9-3378E94B08D8}"
EndProject
Project("{9A19103F-16F7-4668-BE54-9A1E7A4F7556}") = "Aoxe.Protobuf.UnitTest", "tests\Aoxe.Protobuf.UnitTest\Aoxe.Protobuf.UnitTest.csproj", "{10350444-A1FB-4EBC-BA5B-B47C4B3A3C97}"
EndProject
Project("{9A19103F-16F7-4668-BE54-9A1E7A4F7556}") = "Aoxe.Serializer.Types.UnitTest", "tests\Aoxe.Serializer.Types.UnitTest\Aoxe.Serializer.Types.UnitTest.csproj", "{E83EB51F-3AB4-4C23-A1E9-488D1E6731D0}"
EndProject
Project("{9A19103F-16F7-4668-BE54-9A1E7A4F7556}") = "Aoxe.Serializer.UnitTest", "tests\Aoxe.Serializer.UnitTest\Aoxe.Serializer.UnitTest.csproj", "{891EE828-021A-4A5B-80AC-1FA2F6AFD26A}"
EndProject
Project("{9A19103F-16F7-4668-BE54-9A1E7A4F7556}") = "Aoxe.SharpYaml.UnitTest", "tests\Aoxe.SharpYaml.UnitTest\Aoxe.SharpYaml.UnitTest.csproj", "{58CCB9B1-1F9D-427D-90A4-B7914BD872D5}"
EndProject
Project("{9A19103F-16F7-4668-BE54-9A1E7A4F7556}") = "Aoxe.SpanJson.UnitTest", "tests\Aoxe.SpanJson.UnitTest\Aoxe.SpanJson.UnitTest.csproj", "{00E7F040-A0EA-428A-80CC-9A10F5554BEE}"
EndProject
Project("{9A19103F-16F7-4668-BE54-9A1E7A4F7556}") = "Aoxe.SystemTextJson.UnitTest", "tests\Aoxe.SystemTextJson.UnitTest\Aoxe.SystemTextJson.UnitTest.csproj", "{4BDC43AD-0881-4BC5-9462-B5B36D65947B}"
EndProject
Project("{9A19103F-16F7-4668-BE54-9A1E7A4F7556}") = "Aoxe.Tomlet.UnitTest", "tests\Aoxe.Tomlet.UnitTest\Aoxe.Tomlet.UnitTest.csproj", "{3CEACF78-025F-4FAD-9955-CA911C6E6D78}"
EndProject
Project("{9A19103F-16F7-4668-BE54-9A1E7A4F7556}") = "Aoxe.Tomlyn.UnitTest", "tests\Aoxe.Tomlyn.UnitTest\Aoxe.Tomlyn.UnitTest.csproj", "{109C8382-F7F7-480C-98F3-E77CFACC4B1E}"
EndProject
Project("{9A19103F-16F7-4668-BE54-9A1E7A4F7556}") = "Aoxe.Utf8Json.UnitTest", "tests\Aoxe.Utf8Json.UnitTest\Aoxe.Utf8Json.UnitTest.csproj", "{8B31F50A-42C3-484B-BEBB-A16E57D1079B}"
EndProject
Project("{9A19103F-16F7-4668-BE54-9A1E7A4F7556}") = "Aoxe.Xml.UnitTest", "tests\Aoxe.Xml.UnitTest\Aoxe.Xml.UnitTest.csproj", "{C988BD82-F721-4A31-B73D-27C30289592F}"
EndProject
Project("{9A19103F-16F7-4668-BE54-9A1E7A4F7556}") = "Aoxe.YamlDotNet.UnitTest", "tests\Aoxe.YamlDotNet.UnitTest\Aoxe.YamlDotNet.UnitTest.csproj", "{E9D3D1A2-2690-4693-B59C-A62D584A4171}"
EndProject
Project("{9A19103F-16F7-4668-BE54-9A1E7A4F7556}") = "Aoxe.ZeroFormatter.UnitTest", "tests\Aoxe.ZeroFormatter.UnitTest\Aoxe.ZeroFormatter.UnitTest.csproj", "{1C3CC16E-07A2-4833-A742-999B6680F9D2}"
EndProject
Project("{9A19103F-16F7-4668-BE54-9A1E7A4F7556}") = "TestModels", "tests\TestModels\TestModels.csproj", "{B3C6F18C-6791-4574-B148-13AB044FDBF1}"
EndProject
Project("{2150E333-8FDC-42A3-9474-1A3956D46DE8}") = "BinarySerializers", "BinarySerializers", "{18055B5F-C2CB-40EC-81E9-411E38B76D59}"
EndProject
Project("{9A19103F-16F7-4668-BE54-9A1E7A4F7556}") = "Aoxe.MemoryPack", "src\BinarySerializers\Aoxe.MemoryPack\Aoxe.MemoryPack.csproj", "{D494D0D1-2A90-4CDF-85D7-22231239B45A}"
EndProject
Project("{9A19103F-16F7-4668-BE54-9A1E7A4F7556}") = "Aoxe.MessagePack", "src\BinarySerializers\Aoxe.MessagePack\Aoxe.MessagePack.csproj", "{B917EDC2-A8BB-4EDF-A943-81F9ABD3563F}"
EndProject
Project("{9A19103F-16F7-4668-BE54-9A1E7A4F7556}") = "Aoxe.MsgPack", "src\BinarySerializers\Aoxe.MsgPack\Aoxe.MsgPack.csproj", "{A5B9DE12-8B78-4B75-8A5F-FF10BA91C6F9}"
EndProject
Project("{9A19103F-16F7-4668-BE54-9A1E7A4F7556}") = "Aoxe.Protobuf", "src\BinarySerializers\Aoxe.Protobuf\Aoxe.Protobuf.csproj", "{91B1D5E0-0779-459E-B1DE-2A95A62C9BB9}"
EndProject
Project("{9A19103F-16F7-4668-BE54-9A1E7A4F7556}") = "Aoxe.ZeroFormatter", "src\BinarySerializers\Aoxe.ZeroFormatter\Aoxe.ZeroFormatter.csproj", "{7145F900-B253-4DCD-A12F-48884CF1A260}"
EndProject
Project("{2150E333-8FDC-42A3-9474-1A3956D46DE8}") = "TextSerializers", "TextSerializers", "{8284D254-B0F1-44F6-AE7D-B8B0150B31D9}"
EndProject
Project("{2150E333-8FDC-42A3-9474-1A3956D46DE8}") = "IniSerializers", "IniSerializers", "{E3C32BE5-23BE-4216-9619-2908F6BA2BE4}"
EndProject
Project("{9A19103F-16F7-4668-BE54-9A1E7A4F7556}") = "Aoxe.Ini", "src\TextSerializers\IniSerializers\Aoxe.Ini\Aoxe.Ini.csproj", "{B50868F8-EA2F-4851-997E-8DDA3C31899C}"
EndProject
Project("{2150E333-8FDC-42A3-9474-1A3956D46DE8}") = "JsonSerializers", "JsonSerializers", "{28A018FC-1DD6-41CE-9D95-5A585A53283E}"
EndProject
Project("{9A19103F-16F7-4668-BE54-9A1E7A4F7556}") = "Aoxe.Jil", "src\TextSerializers\JsonSerializers\Aoxe.Jil\Aoxe.Jil.csproj", "{2A9942C7-2176-4B04-B986-7F02D580175D}"
EndProject
Project("{9A19103F-16F7-4668-BE54-9A1E7A4F7556}") = "Aoxe.NetJson", "src\TextSerializers\JsonSerializers\Aoxe.NetJson\Aoxe.NetJson.csproj", "{E46276E3-E9B8-4543-AA35-D2C89E9C35F7}"
EndProject
Project("{9A19103F-16F7-4668-BE54-9A1E7A4F7556}") = "Aoxe.NewtonsoftJson", "src\TextSerializers\JsonSerializers\Aoxe.NewtonsoftJson\Aoxe.NewtonsoftJson.csproj", "{22B3C898-308D-49F9-B218-BC7B09274B68}"
EndProject
Project("{9A19103F-16F7-4668-BE54-9A1E7A4F7556}") = "Aoxe.SpanJson", "src\TextSerializers\JsonSerializers\Aoxe.SpanJson\Aoxe.SpanJson.csproj", "{40765927-C0C1-4CCE-8D6F-9F050FAEA577}"
EndProject
Project("{9A19103F-16F7-4668-BE54-9A1E7A4F7556}") = "Aoxe.SystemTextJson", "src\TextSerializers\JsonSerializers\Aoxe.SystemTextJson\Aoxe.SystemTextJson.csproj", "{42B97E51-4068-4EC0-896F-D618CDC5935B}"
EndProject
Project("{9A19103F-16F7-4668-BE54-9A1E7A4F7556}") = "Aoxe.Utf8Json", "src\TextSerializers\JsonSerializers\Aoxe.Utf8Json\Aoxe.Utf8Json.csproj", "{EE4D9102-FA5D-4322-A8A6-CA681E3BC24E}"
EndProject
Project("{2150E333-8FDC-42A3-9474-1A3956D46DE8}") = "TomlSerializers", "TomlSerializers", "{D10872A1-CC2A-4A65-9DD6-4C7BDF9FE58F}"
EndProject
Project("{9A19103F-16F7-4668-BE54-9A1E7A4F7556}") = "Aoxe.Tomlet", "src\TextSerializers\TomlSerializers\Aoxe.Tomlet\Aoxe.Tomlet.csproj", "{AFD038B4-26D4-46AC-B360-6513732747EE}"
EndProject
Project("{9A19103F-16F7-4668-BE54-9A1E7A4F7556}") = "Aoxe.Tomlyn", "src\TextSerializers\TomlSerializers\Aoxe.Tomlyn\Aoxe.Tomlyn.csproj", "{B21B69AA-25CF-4B42-8309-4591205FF63A}"
EndProject
Project("{2150E333-8FDC-42A3-9474-1A3956D46DE8}") = "XmlSerializers", "XmlSerializers", "{4BE92CD9-0BEF-41A7-8399-4B2D5B5FF6C3}"
EndProject
Project("{9A19103F-16F7-4668-BE54-9A1E7A4F7556}") = "Aoxe.DataContractSerializer", "src\TextSerializers\XmlSerializers\Aoxe.DataContractSerializer\Aoxe.DataContractSerializer.csproj", "{30308F76-262A-4366-B266-C04CAD8DF3BD}"
EndProject
Project("{9A19103F-16F7-4668-BE54-9A1E7A4F7556}") = "Aoxe.Xml", "src\TextSerializers\XmlSerializers\Aoxe.Xml\Aoxe.Xml.csproj", "{765165E0-B474-45E0-8499-6865486ED6E1}"
EndProject
Project("{2150E333-8FDC-42A3-9474-1A3956D46DE8}") = "YamlSerializers", "YamlSerializers", "{E2272254-1EE5-4F6E-8697-BB1012EB64AC}"
EndProject
Project("{9A19103F-16F7-4668-BE54-9A1E7A4F7556}") = "Aoxe.SharpYaml", "src\TextSerializers\YamlSerializers\Aoxe.SharpYaml\Aoxe.SharpYaml.csproj", "{764F6F04-D51C-4AE1-BADD-B29DB775082B}"
EndProject
Project("{9A19103F-16F7-4668-BE54-9A1E7A4F7556}") = "Aoxe.YamlDotNet", "src\TextSerializers\YamlSerializers\Aoxe.YamlDotNet\Aoxe.YamlDotNet.csproj", "{BEC180A4-BB6C-4E5A-8839-C94AE055FCC8}"
EndProject
Global
	GlobalSection(SolutionConfigurationPlatforms) = preSolution
		Debug|Any CPU = Debug|Any CPU
		Release|Any CPU = Release|Any CPU
	EndGlobalSection
	GlobalSection(ProjectConfigurationPlatforms) = postSolution
		{51C7BAFC-B16A-4354-B55D-CEC62F13F330}.Debug|Any CPU.ActiveCfg = Debug|Any CPU
		{51C7BAFC-B16A-4354-B55D-CEC62F13F330}.Debug|Any CPU.Build.0 = Debug|Any CPU
		{51C7BAFC-B16A-4354-B55D-CEC62F13F330}.Release|Any CPU.ActiveCfg = Release|Any CPU
		{51C7BAFC-B16A-4354-B55D-CEC62F13F330}.Release|Any CPU.Build.0 = Release|Any CPU
		{25276A11-807B-4599-B8FD-85C9212FDC7B}.Debug|Any CPU.ActiveCfg = Debug|Any CPU
		{25276A11-807B-4599-B8FD-85C9212FDC7B}.Debug|Any CPU.Build.0 = Debug|Any CPU
		{25276A11-807B-4599-B8FD-85C9212FDC7B}.Release|Any CPU.ActiveCfg = Release|Any CPU
		{25276A11-807B-4599-B8FD-85C9212FDC7B}.Release|Any CPU.Build.0 = Release|Any CPU
		{BC99A3D5-2767-49B1-A787-0F70D4ECC43C}.Debug|Any CPU.ActiveCfg = Debug|Any CPU
		{BC99A3D5-2767-49B1-A787-0F70D4ECC43C}.Debug|Any CPU.Build.0 = Debug|Any CPU
		{BC99A3D5-2767-49B1-A787-0F70D4ECC43C}.Release|Any CPU.ActiveCfg = Release|Any CPU
		{BC99A3D5-2767-49B1-A787-0F70D4ECC43C}.Release|Any CPU.Build.0 = Release|Any CPU
		{421F48FD-5C44-4F5D-B4AC-3D6F7AE60167}.Debug|Any CPU.ActiveCfg = Debug|Any CPU
		{421F48FD-5C44-4F5D-B4AC-3D6F7AE60167}.Debug|Any CPU.Build.0 = Debug|Any CPU
		{421F48FD-5C44-4F5D-B4AC-3D6F7AE60167}.Release|Any CPU.ActiveCfg = Release|Any CPU
		{421F48FD-5C44-4F5D-B4AC-3D6F7AE60167}.Release|Any CPU.Build.0 = Release|Any CPU
		{94D6B62C-70C0-4300-80CC-C346017FAB12}.Debug|Any CPU.ActiveCfg = Debug|Any CPU
		{94D6B62C-70C0-4300-80CC-C346017FAB12}.Debug|Any CPU.Build.0 = Debug|Any CPU
		{94D6B62C-70C0-4300-80CC-C346017FAB12}.Release|Any CPU.ActiveCfg = Release|Any CPU
		{94D6B62C-70C0-4300-80CC-C346017FAB12}.Release|Any CPU.Build.0 = Release|Any CPU
		{E8770804-EFFF-4888-A86C-C2C46C108323}.Debug|Any CPU.ActiveCfg = Debug|Any CPU
		{E8770804-EFFF-4888-A86C-C2C46C108323}.Debug|Any CPU.Build.0 = Debug|Any CPU
		{E8770804-EFFF-4888-A86C-C2C46C108323}.Release|Any CPU.ActiveCfg = Release|Any CPU
		{E8770804-EFFF-4888-A86C-C2C46C108323}.Release|Any CPU.Build.0 = Release|Any CPU
		{49F711C9-1EBD-4EEC-98E5-AD50764EC218}.Debug|Any CPU.ActiveCfg = Debug|Any CPU
		{49F711C9-1EBD-4EEC-98E5-AD50764EC218}.Debug|Any CPU.Build.0 = Debug|Any CPU
		{49F711C9-1EBD-4EEC-98E5-AD50764EC218}.Release|Any CPU.ActiveCfg = Release|Any CPU
		{49F711C9-1EBD-4EEC-98E5-AD50764EC218}.Release|Any CPU.Build.0 = Release|Any CPU
		{D57605BB-AA03-4170-8F60-891886042D10}.Debug|Any CPU.ActiveCfg = Debug|Any CPU
		{D57605BB-AA03-4170-8F60-891886042D10}.Debug|Any CPU.Build.0 = Debug|Any CPU
		{D57605BB-AA03-4170-8F60-891886042D10}.Release|Any CPU.ActiveCfg = Release|Any CPU
		{D57605BB-AA03-4170-8F60-891886042D10}.Release|Any CPU.Build.0 = Release|Any CPU
		{90BB2CE1-7129-46CA-B111-311A068F807C}.Debug|Any CPU.ActiveCfg = Debug|Any CPU
		{90BB2CE1-7129-46CA-B111-311A068F807C}.Debug|Any CPU.Build.0 = Debug|Any CPU
		{90BB2CE1-7129-46CA-B111-311A068F807C}.Release|Any CPU.ActiveCfg = Release|Any CPU
		{90BB2CE1-7129-46CA-B111-311A068F807C}.Release|Any CPU.Build.0 = Release|Any CPU
		{232707FB-30A7-4C75-BFA4-CC3BFC6EFEF6}.Debug|Any CPU.ActiveCfg = Debug|Any CPU
		{232707FB-30A7-4C75-BFA4-CC3BFC6EFEF6}.Debug|Any CPU.Build.0 = Debug|Any CPU
		{232707FB-30A7-4C75-BFA4-CC3BFC6EFEF6}.Release|Any CPU.ActiveCfg = Release|Any CPU
		{232707FB-30A7-4C75-BFA4-CC3BFC6EFEF6}.Release|Any CPU.Build.0 = Release|Any CPU
		{120DA0E5-49EF-4F93-9BB9-3378E94B08D8}.Debug|Any CPU.ActiveCfg = Debug|Any CPU
		{120DA0E5-49EF-4F93-9BB9-3378E94B08D8}.Debug|Any CPU.Build.0 = Debug|Any CPU
		{120DA0E5-49EF-4F93-9BB9-3378E94B08D8}.Release|Any CPU.ActiveCfg = Release|Any CPU
		{120DA0E5-49EF-4F93-9BB9-3378E94B08D8}.Release|Any CPU.Build.0 = Release|Any CPU
		{10350444-A1FB-4EBC-BA5B-B47C4B3A3C97}.Debug|Any CPU.ActiveCfg = Debug|Any CPU
		{10350444-A1FB-4EBC-BA5B-B47C4B3A3C97}.Debug|Any CPU.Build.0 = Debug|Any CPU
		{10350444-A1FB-4EBC-BA5B-B47C4B3A3C97}.Release|Any CPU.ActiveCfg = Release|Any CPU
		{10350444-A1FB-4EBC-BA5B-B47C4B3A3C97}.Release|Any CPU.Build.0 = Release|Any CPU
		{E83EB51F-3AB4-4C23-A1E9-488D1E6731D0}.Debug|Any CPU.ActiveCfg = Debug|Any CPU
		{E83EB51F-3AB4-4C23-A1E9-488D1E6731D0}.Debug|Any CPU.Build.0 = Debug|Any CPU
		{E83EB51F-3AB4-4C23-A1E9-488D1E6731D0}.Release|Any CPU.ActiveCfg = Release|Any CPU
		{E83EB51F-3AB4-4C23-A1E9-488D1E6731D0}.Release|Any CPU.Build.0 = Release|Any CPU
		{891EE828-021A-4A5B-80AC-1FA2F6AFD26A}.Debug|Any CPU.ActiveCfg = Debug|Any CPU
		{891EE828-021A-4A5B-80AC-1FA2F6AFD26A}.Debug|Any CPU.Build.0 = Debug|Any CPU
		{891EE828-021A-4A5B-80AC-1FA2F6AFD26A}.Release|Any CPU.ActiveCfg = Release|Any CPU
		{891EE828-021A-4A5B-80AC-1FA2F6AFD26A}.Release|Any CPU.Build.0 = Release|Any CPU
		{58CCB9B1-1F9D-427D-90A4-B7914BD872D5}.Debug|Any CPU.ActiveCfg = Debug|Any CPU
		{58CCB9B1-1F9D-427D-90A4-B7914BD872D5}.Debug|Any CPU.Build.0 = Debug|Any CPU
		{58CCB9B1-1F9D-427D-90A4-B7914BD872D5}.Release|Any CPU.ActiveCfg = Release|Any CPU
		{58CCB9B1-1F9D-427D-90A4-B7914BD872D5}.Release|Any CPU.Build.0 = Release|Any CPU
		{00E7F040-A0EA-428A-80CC-9A10F5554BEE}.Debug|Any CPU.ActiveCfg = Debug|Any CPU
		{00E7F040-A0EA-428A-80CC-9A10F5554BEE}.Debug|Any CPU.Build.0 = Debug|Any CPU
		{00E7F040-A0EA-428A-80CC-9A10F5554BEE}.Release|Any CPU.ActiveCfg = Release|Any CPU
		{00E7F040-A0EA-428A-80CC-9A10F5554BEE}.Release|Any CPU.Build.0 = Release|Any CPU
		{4BDC43AD-0881-4BC5-9462-B5B36D65947B}.Debug|Any CPU.ActiveCfg = Debug|Any CPU
		{4BDC43AD-0881-4BC5-9462-B5B36D65947B}.Debug|Any CPU.Build.0 = Debug|Any CPU
		{4BDC43AD-0881-4BC5-9462-B5B36D65947B}.Release|Any CPU.ActiveCfg = Release|Any CPU
		{4BDC43AD-0881-4BC5-9462-B5B36D65947B}.Release|Any CPU.Build.0 = Release|Any CPU
		{3CEACF78-025F-4FAD-9955-CA911C6E6D78}.Debug|Any CPU.ActiveCfg = Debug|Any CPU
		{3CEACF78-025F-4FAD-9955-CA911C6E6D78}.Debug|Any CPU.Build.0 = Debug|Any CPU
		{3CEACF78-025F-4FAD-9955-CA911C6E6D78}.Release|Any CPU.ActiveCfg = Release|Any CPU
		{3CEACF78-025F-4FAD-9955-CA911C6E6D78}.Release|Any CPU.Build.0 = Release|Any CPU
		{109C8382-F7F7-480C-98F3-E77CFACC4B1E}.Debug|Any CPU.ActiveCfg = Debug|Any CPU
		{109C8382-F7F7-480C-98F3-E77CFACC4B1E}.Debug|Any CPU.Build.0 = Debug|Any CPU
		{109C8382-F7F7-480C-98F3-E77CFACC4B1E}.Release|Any CPU.ActiveCfg = Release|Any CPU
		{109C8382-F7F7-480C-98F3-E77CFACC4B1E}.Release|Any CPU.Build.0 = Release|Any CPU
		{8B31F50A-42C3-484B-BEBB-A16E57D1079B}.Debug|Any CPU.ActiveCfg = Debug|Any CPU
		{8B31F50A-42C3-484B-BEBB-A16E57D1079B}.Debug|Any CPU.Build.0 = Debug|Any CPU
		{8B31F50A-42C3-484B-BEBB-A16E57D1079B}.Release|Any CPU.ActiveCfg = Release|Any CPU
		{8B31F50A-42C3-484B-BEBB-A16E57D1079B}.Release|Any CPU.Build.0 = Release|Any CPU
		{C988BD82-F721-4A31-B73D-27C30289592F}.Debug|Any CPU.ActiveCfg = Debug|Any CPU
		{C988BD82-F721-4A31-B73D-27C30289592F}.Debug|Any CPU.Build.0 = Debug|Any CPU
		{C988BD82-F721-4A31-B73D-27C30289592F}.Release|Any CPU.ActiveCfg = Release|Any CPU
		{C988BD82-F721-4A31-B73D-27C30289592F}.Release|Any CPU.Build.0 = Release|Any CPU
		{E9D3D1A2-2690-4693-B59C-A62D584A4171}.Debug|Any CPU.ActiveCfg = Debug|Any CPU
		{E9D3D1A2-2690-4693-B59C-A62D584A4171}.Debug|Any CPU.Build.0 = Debug|Any CPU
		{E9D3D1A2-2690-4693-B59C-A62D584A4171}.Release|Any CPU.ActiveCfg = Release|Any CPU
		{E9D3D1A2-2690-4693-B59C-A62D584A4171}.Release|Any CPU.Build.0 = Release|Any CPU
		{1C3CC16E-07A2-4833-A742-999B6680F9D2}.Debug|Any CPU.ActiveCfg = Debug|Any CPU
		{1C3CC16E-07A2-4833-A742-999B6680F9D2}.Debug|Any CPU.Build.0 = Debug|Any CPU
		{1C3CC16E-07A2-4833-A742-999B6680F9D2}.Release|Any CPU.ActiveCfg = Release|Any CPU
		{1C3CC16E-07A2-4833-A742-999B6680F9D2}.Release|Any CPU.Build.0 = Release|Any CPU
		{B3C6F18C-6791-4574-B148-13AB044FDBF1}.Debug|Any CPU.ActiveCfg = Debug|Any CPU
		{B3C6F18C-6791-4574-B148-13AB044FDBF1}.Debug|Any CPU.Build.0 = Debug|Any CPU
		{B3C6F18C-6791-4574-B148-13AB044FDBF1}.Release|Any CPU.ActiveCfg = Release|Any CPU
		{B3C6F18C-6791-4574-B148-13AB044FDBF1}.Release|Any CPU.Build.0 = Release|Any CPU
		{D494D0D1-2A90-4CDF-85D7-22231239B45A}.Debug|Any CPU.ActiveCfg = Debug|Any CPU
		{D494D0D1-2A90-4CDF-85D7-22231239B45A}.Debug|Any CPU.Build.0 = Debug|Any CPU
		{D494D0D1-2A90-4CDF-85D7-22231239B45A}.Release|Any CPU.ActiveCfg = Release|Any CPU
		{D494D0D1-2A90-4CDF-85D7-22231239B45A}.Release|Any CPU.Build.0 = Release|Any CPU
		{B917EDC2-A8BB-4EDF-A943-81F9ABD3563F}.Debug|Any CPU.ActiveCfg = Debug|Any CPU
		{B917EDC2-A8BB-4EDF-A943-81F9ABD3563F}.Debug|Any CPU.Build.0 = Debug|Any CPU
		{B917EDC2-A8BB-4EDF-A943-81F9ABD3563F}.Release|Any CPU.ActiveCfg = Release|Any CPU
		{B917EDC2-A8BB-4EDF-A943-81F9ABD3563F}.Release|Any CPU.Build.0 = Release|Any CPU
		{A5B9DE12-8B78-4B75-8A5F-FF10BA91C6F9}.Debug|Any CPU.ActiveCfg = Debug|Any CPU
		{A5B9DE12-8B78-4B75-8A5F-FF10BA91C6F9}.Debug|Any CPU.Build.0 = Debug|Any CPU
		{A5B9DE12-8B78-4B75-8A5F-FF10BA91C6F9}.Release|Any CPU.ActiveCfg = Release|Any CPU
		{A5B9DE12-8B78-4B75-8A5F-FF10BA91C6F9}.Release|Any CPU.Build.0 = Release|Any CPU
		{91B1D5E0-0779-459E-B1DE-2A95A62C9BB9}.Debug|Any CPU.ActiveCfg = Debug|Any CPU
		{91B1D5E0-0779-459E-B1DE-2A95A62C9BB9}.Debug|Any CPU.Build.0 = Debug|Any CPU
		{91B1D5E0-0779-459E-B1DE-2A95A62C9BB9}.Release|Any CPU.ActiveCfg = Release|Any CPU
		{91B1D5E0-0779-459E-B1DE-2A95A62C9BB9}.Release|Any CPU.Build.0 = Release|Any CPU
		{7145F900-B253-4DCD-A12F-48884CF1A260}.Debug|Any CPU.ActiveCfg = Debug|Any CPU
		{7145F900-B253-4DCD-A12F-48884CF1A260}.Debug|Any CPU.Build.0 = Debug|Any CPU
		{7145F900-B253-4DCD-A12F-48884CF1A260}.Release|Any CPU.ActiveCfg = Release|Any CPU
		{7145F900-B253-4DCD-A12F-48884CF1A260}.Release|Any CPU.Build.0 = Release|Any CPU
		{B50868F8-EA2F-4851-997E-8DDA3C31899C}.Debug|Any CPU.ActiveCfg = Debug|Any CPU
		{B50868F8-EA2F-4851-997E-8DDA3C31899C}.Debug|Any CPU.Build.0 = Debug|Any CPU
		{B50868F8-EA2F-4851-997E-8DDA3C31899C}.Release|Any CPU.ActiveCfg = Release|Any CPU
		{B50868F8-EA2F-4851-997E-8DDA3C31899C}.Release|Any CPU.Build.0 = Release|Any CPU
		{2A9942C7-2176-4B04-B986-7F02D580175D}.Debug|Any CPU.ActiveCfg = Debug|Any CPU
		{2A9942C7-2176-4B04-B986-7F02D580175D}.Debug|Any CPU.Build.0 = Debug|Any CPU
		{2A9942C7-2176-4B04-B986-7F02D580175D}.Release|Any CPU.ActiveCfg = Release|Any CPU
		{2A9942C7-2176-4B04-B986-7F02D580175D}.Release|Any CPU.Build.0 = Release|Any CPU
		{E46276E3-E9B8-4543-AA35-D2C89E9C35F7}.Debug|Any CPU.ActiveCfg = Debug|Any CPU
		{E46276E3-E9B8-4543-AA35-D2C89E9C35F7}.Debug|Any CPU.Build.0 = Debug|Any CPU
		{E46276E3-E9B8-4543-AA35-D2C89E9C35F7}.Release|Any CPU.ActiveCfg = Release|Any CPU
		{E46276E3-E9B8-4543-AA35-D2C89E9C35F7}.Release|Any CPU.Build.0 = Release|Any CPU
		{22B3C898-308D-49F9-B218-BC7B09274B68}.Debug|Any CPU.ActiveCfg = Debug|Any CPU
		{22B3C898-308D-49F9-B218-BC7B09274B68}.Debug|Any CPU.Build.0 = Debug|Any CPU
		{22B3C898-308D-49F9-B218-BC7B09274B68}.Release|Any CPU.ActiveCfg = Release|Any CPU
		{22B3C898-308D-49F9-B218-BC7B09274B68}.Release|Any CPU.Build.0 = Release|Any CPU
		{40765927-C0C1-4CCE-8D6F-9F050FAEA577}.Debug|Any CPU.ActiveCfg = Debug|Any CPU
		{40765927-C0C1-4CCE-8D6F-9F050FAEA577}.Debug|Any CPU.Build.0 = Debug|Any CPU
		{40765927-C0C1-4CCE-8D6F-9F050FAEA577}.Release|Any CPU.ActiveCfg = Release|Any CPU
		{40765927-C0C1-4CCE-8D6F-9F050FAEA577}.Release|Any CPU.Build.0 = Release|Any CPU
		{42B97E51-4068-4EC0-896F-D618CDC5935B}.Debug|Any CPU.ActiveCfg = Debug|Any CPU
		{42B97E51-4068-4EC0-896F-D618CDC5935B}.Debug|Any CPU.Build.0 = Debug|Any CPU
		{42B97E51-4068-4EC0-896F-D618CDC5935B}.Release|Any CPU.ActiveCfg = Release|Any CPU
		{42B97E51-4068-4EC0-896F-D618CDC5935B}.Release|Any CPU.Build.0 = Release|Any CPU
		{EE4D9102-FA5D-4322-A8A6-CA681E3BC24E}.Debug|Any CPU.ActiveCfg = Debug|Any CPU
		{EE4D9102-FA5D-4322-A8A6-CA681E3BC24E}.Debug|Any CPU.Build.0 = Debug|Any CPU
		{EE4D9102-FA5D-4322-A8A6-CA681E3BC24E}.Release|Any CPU.ActiveCfg = Release|Any CPU
		{EE4D9102-FA5D-4322-A8A6-CA681E3BC24E}.Release|Any CPU.Build.0 = Release|Any CPU
		{AFD038B4-26D4-46AC-B360-6513732747EE}.Debug|Any CPU.ActiveCfg = Debug|Any CPU
		{AFD038B4-26D4-46AC-B360-6513732747EE}.Debug|Any CPU.Build.0 = Debug|Any CPU
		{AFD038B4-26D4-46AC-B360-6513732747EE}.Release|Any CPU.ActiveCfg = Release|Any CPU
		{AFD038B4-26D4-46AC-B360-6513732747EE}.Release|Any CPU.Build.0 = Release|Any CPU
		{B21B69AA-25CF-4B42-8309-4591205FF63A}.Debug|Any CPU.ActiveCfg = Debug|Any CPU
		{B21B69AA-25CF-4B42-8309-4591205FF63A}.Debug|Any CPU.Build.0 = Debug|Any CPU
		{B21B69AA-25CF-4B42-8309-4591205FF63A}.Release|Any CPU.ActiveCfg = Release|Any CPU
		{B21B69AA-25CF-4B42-8309-4591205FF63A}.Release|Any CPU.Build.0 = Release|Any CPU
		{30308F76-262A-4366-B266-C04CAD8DF3BD}.Debug|Any CPU.ActiveCfg = Debug|Any CPU
		{30308F76-262A-4366-B266-C04CAD8DF3BD}.Debug|Any CPU.Build.0 = Debug|Any CPU
		{30308F76-262A-4366-B266-C04CAD8DF3BD}.Release|Any CPU.ActiveCfg = Release|Any CPU
		{30308F76-262A-4366-B266-C04CAD8DF3BD}.Release|Any CPU.Build.0 = Release|Any CPU
		{765165E0-B474-45E0-8499-6865486ED6E1}.Debug|Any CPU.ActiveCfg = Debug|Any CPU
		{765165E0-B474-45E0-8499-6865486ED6E1}.Debug|Any CPU.Build.0 = Debug|Any CPU
		{765165E0-B474-45E0-8499-6865486ED6E1}.Release|Any CPU.ActiveCfg = Release|Any CPU
		{765165E0-B474-45E0-8499-6865486ED6E1}.Release|Any CPU.Build.0 = Release|Any CPU
		{764F6F04-D51C-4AE1-BADD-B29DB775082B}.Debug|Any CPU.ActiveCfg = Debug|Any CPU
		{764F6F04-D51C-4AE1-BADD-B29DB775082B}.Debug|Any CPU.Build.0 = Debug|Any CPU
		{764F6F04-D51C-4AE1-BADD-B29DB775082B}.Release|Any CPU.ActiveCfg = Release|Any CPU
		{764F6F04-D51C-4AE1-BADD-B29DB775082B}.Release|Any CPU.Build.0 = Release|Any CPU
		{BEC180A4-BB6C-4E5A-8839-C94AE055FCC8}.Debug|Any CPU.ActiveCfg = Debug|Any CPU
		{BEC180A4-BB6C-4E5A-8839-C94AE055FCC8}.Debug|Any CPU.Build.0 = Debug|Any CPU
		{BEC180A4-BB6C-4E5A-8839-C94AE055FCC8}.Release|Any CPU.ActiveCfg = Release|Any CPU
		{BEC180A4-BB6C-4E5A-8839-C94AE055FCC8}.Release|Any CPU.Build.0 = Release|Any CPU
	EndGlobalSection
	GlobalSection(SolutionProperties) = preSolution
		HideSolutionNode = FALSE
	EndGlobalSection
	GlobalSection(NestedProjects) = preSolution
		{51C7BAFC-B16A-4354-B55D-CEC62F13F330} = {CF10B662-F974-4039-9EFB-07D60327661D}
		{25276A11-807B-4599-B8FD-85C9212FDC7B} = {CF10B662-F974-4039-9EFB-07D60327661D}
		{BC99A3D5-2767-49B1-A787-0F70D4ECC43C} = {3026C110-53BC-4F37-A967-CB4DD1F33B1D}
		{421F48FD-5C44-4F5D-B4AC-3D6F7AE60167} = {714AF0FB-D9B9-4E0B-B871-374A7BE0FEBC}
		{94D6B62C-70C0-4300-80CC-C346017FAB12} = {714AF0FB-D9B9-4E0B-B871-374A7BE0FEBC}
		{E8770804-EFFF-4888-A86C-C2C46C108323} = {714AF0FB-D9B9-4E0B-B871-374A7BE0FEBC}
		{49F711C9-1EBD-4EEC-98E5-AD50764EC218} = {714AF0FB-D9B9-4E0B-B871-374A7BE0FEBC}
		{D57605BB-AA03-4170-8F60-891886042D10} = {714AF0FB-D9B9-4E0B-B871-374A7BE0FEBC}
		{90BB2CE1-7129-46CA-B111-311A068F807C} = {714AF0FB-D9B9-4E0B-B871-374A7BE0FEBC}
		{232707FB-30A7-4C75-BFA4-CC3BFC6EFEF6} = {714AF0FB-D9B9-4E0B-B871-374A7BE0FEBC}
		{120DA0E5-49EF-4F93-9BB9-3378E94B08D8} = {714AF0FB-D9B9-4E0B-B871-374A7BE0FEBC}
		{10350444-A1FB-4EBC-BA5B-B47C4B3A3C97} = {714AF0FB-D9B9-4E0B-B871-374A7BE0FEBC}
		{E83EB51F-3AB4-4C23-A1E9-488D1E6731D0} = {714AF0FB-D9B9-4E0B-B871-374A7BE0FEBC}
		{891EE828-021A-4A5B-80AC-1FA2F6AFD26A} = {714AF0FB-D9B9-4E0B-B871-374A7BE0FEBC}
		{58CCB9B1-1F9D-427D-90A4-B7914BD872D5} = {714AF0FB-D9B9-4E0B-B871-374A7BE0FEBC}
		{00E7F040-A0EA-428A-80CC-9A10F5554BEE} = {714AF0FB-D9B9-4E0B-B871-374A7BE0FEBC}
		{4BDC43AD-0881-4BC5-9462-B5B36D65947B} = {714AF0FB-D9B9-4E0B-B871-374A7BE0FEBC}
		{3CEACF78-025F-4FAD-9955-CA911C6E6D78} = {714AF0FB-D9B9-4E0B-B871-374A7BE0FEBC}
		{109C8382-F7F7-480C-98F3-E77CFACC4B1E} = {714AF0FB-D9B9-4E0B-B871-374A7BE0FEBC}
		{8B31F50A-42C3-484B-BEBB-A16E57D1079B} = {714AF0FB-D9B9-4E0B-B871-374A7BE0FEBC}
		{C988BD82-F721-4A31-B73D-27C30289592F} = {714AF0FB-D9B9-4E0B-B871-374A7BE0FEBC}
		{E9D3D1A2-2690-4693-B59C-A62D584A4171} = {714AF0FB-D9B9-4E0B-B871-374A7BE0FEBC}
		{1C3CC16E-07A2-4833-A742-999B6680F9D2} = {714AF0FB-D9B9-4E0B-B871-374A7BE0FEBC}
		{B3C6F18C-6791-4574-B148-13AB044FDBF1} = {714AF0FB-D9B9-4E0B-B871-374A7BE0FEBC}
		{18055B5F-C2CB-40EC-81E9-411E38B76D59} = {3026C110-53BC-4F37-A967-CB4DD1F33B1D}
		{D494D0D1-2A90-4CDF-85D7-22231239B45A} = {18055B5F-C2CB-40EC-81E9-411E38B76D59}
		{B917EDC2-A8BB-4EDF-A943-81F9ABD3563F} = {18055B5F-C2CB-40EC-81E9-411E38B76D59}
		{A5B9DE12-8B78-4B75-8A5F-FF10BA91C6F9} = {18055B5F-C2CB-40EC-81E9-411E38B76D59}
		{91B1D5E0-0779-459E-B1DE-2A95A62C9BB9} = {18055B5F-C2CB-40EC-81E9-411E38B76D59}
		{7145F900-B253-4DCD-A12F-48884CF1A260} = {18055B5F-C2CB-40EC-81E9-411E38B76D59}
		{8284D254-B0F1-44F6-AE7D-B8B0150B31D9} = {3026C110-53BC-4F37-A967-CB4DD1F33B1D}
		{E3C32BE5-23BE-4216-9619-2908F6BA2BE4} = {8284D254-B0F1-44F6-AE7D-B8B0150B31D9}
		{B50868F8-EA2F-4851-997E-8DDA3C31899C} = {E3C32BE5-23BE-4216-9619-2908F6BA2BE4}
		{28A018FC-1DD6-41CE-9D95-5A585A53283E} = {8284D254-B0F1-44F6-AE7D-B8B0150B31D9}
		{2A9942C7-2176-4B04-B986-7F02D580175D} = {28A018FC-1DD6-41CE-9D95-5A585A53283E}
		{E46276E3-E9B8-4543-AA35-D2C89E9C35F7} = {28A018FC-1DD6-41CE-9D95-5A585A53283E}
		{22B3C898-308D-49F9-B218-BC7B09274B68} = {28A018FC-1DD6-41CE-9D95-5A585A53283E}
		{40765927-C0C1-4CCE-8D6F-9F050FAEA577} = {28A018FC-1DD6-41CE-9D95-5A585A53283E}
		{42B97E51-4068-4EC0-896F-D618CDC5935B} = {28A018FC-1DD6-41CE-9D95-5A585A53283E}
		{EE4D9102-FA5D-4322-A8A6-CA681E3BC24E} = {28A018FC-1DD6-41CE-9D95-5A585A53283E}
		{D10872A1-CC2A-4A65-9DD6-4C7BDF9FE58F} = {8284D254-B0F1-44F6-AE7D-B8B0150B31D9}
		{AFD038B4-26D4-46AC-B360-6513732747EE} = {D10872A1-CC2A-4A65-9DD6-4C7BDF9FE58F}
		{B21B69AA-25CF-4B42-8309-4591205FF63A} = {D10872A1-CC2A-4A65-9DD6-4C7BDF9FE58F}
		{4BE92CD9-0BEF-41A7-8399-4B2D5B5FF6C3} = {8284D254-B0F1-44F6-AE7D-B8B0150B31D9}
		{30308F76-262A-4366-B266-C04CAD8DF3BD} = {4BE92CD9-0BEF-41A7-8399-4B2D5B5FF6C3}
		{765165E0-B474-45E0-8499-6865486ED6E1} = {4BE92CD9-0BEF-41A7-8399-4B2D5B5FF6C3}
		{E2272254-1EE5-4F6E-8697-BB1012EB64AC} = {8284D254-B0F1-44F6-AE7D-B8B0150B31D9}
		{764F6F04-D51C-4AE1-BADD-B29DB775082B} = {E2272254-1EE5-4F6E-8697-BB1012EB64AC}
		{BEC180A4-BB6C-4E5A-8839-C94AE055FCC8} = {E2272254-1EE5-4F6E-8697-BB1012EB64AC}
	EndGlobalSection
	GlobalSection(ExtensibilityGlobals) = postSolution
		SolutionGuid = {6F801E0C-7020-41F5-8DE8-C393934F2811}
	EndGlobalSection
EndGlobal
