
Microsoft Visual Studio Solution File, Format Version 12.00
# Visual Studio Version 17
VisualStudioVersion = 17.5.002.0
MinimumVisualStudioVersion = 10.0.40219.1
Project("{2150E333-8FDC-42A3-9474-1A3956D46DE8}") = "perf", "perf", "{E37269F7-CD4B-40ED-BC65-3F287E5DB15D}"
EndProject
Project("{9A19103F-16F7-4668-BE54-9A1E7A4F7556}") = "Benchmark", "perf\Benchmark\Benchmark.csproj", "{9ACDBC93-EE17-4164-A095-FE58F3EC2C15}"
EndProject
Project("{9A19103F-16F7-4668-BE54-9A1E7A4F7556}") = "CodeTimer", "perf\CodeTimer\CodeTimer.csproj", "{496B5255-55A8-46C7-AD35-C35BF2F673A0}"
EndProject
Project("{2150E333-8FDC-42A3-9474-1A3956D46DE8}") = "src", "src", "{235481D7-7495-4555-93D2-3BBA7571A650}"
EndProject
Project("{9A19103F-16F7-4668-BE54-9A1E7A4F7556}") = "Aoxe.Serializer.Abstractions", "src\Aoxe.Serializer.Abstractions\Aoxe.Serializer.Abstractions.csproj", "{C0371108-C0A4-4D12-85DF-51E6735A8FEA}"
EndProject
Project("{2150E333-8FDC-42A3-9474-1A3956D46DE8}") = "tests", "tests", "{5591F709-7BD9-41EC-B4CA-E5E659213647}"
EndProject
Project("{9A19103F-16F7-4668-BE54-9A1E7A4F7556}") = "Aoxe.DataContractSerializer.UnitTest", "tests\Aoxe.DataContractSerializer.UnitTest\Aoxe.DataContractSerializer.UnitTest.csproj", "{53BEB421-3E1D-4E83-A6C9-FF6B0DB5FFE6}"
EndProject
Project("{9A19103F-16F7-4668-BE54-9A1E7A4F7556}") = "Aoxe.Ini.UnitTest", "tests\Aoxe.Ini.UnitTest\Aoxe.Ini.UnitTest.csproj", "{1C748B07-BAC8-4581-B271-CF0B7ACE68EE}"
EndProject
Project("{9A19103F-16F7-4668-BE54-9A1E7A4F7556}") = "Aoxe.Jil.UnitTest", "tests\Aoxe.Jil.UnitTest\Aoxe.Jil.UnitTest.csproj", "{1696AB5E-29A7-4802-8E71-FDDB462583CF}"
EndProject
Project("{9A19103F-16F7-4668-BE54-9A1E7A4F7556}") = "Aoxe.MemoryPack.UnitTest", "tests\Aoxe.MemoryPack.UnitTest\Aoxe.MemoryPack.UnitTest.csproj", "{10B5DF65-6859-4C7F-A35A-AAFFC95A332F}"
EndProject
Project("{9A19103F-16F7-4668-BE54-9A1E7A4F7556}") = "Aoxe.MessagePack.UnitTest", "tests\Aoxe.MessagePack.UnitTest\Aoxe.MessagePack.UnitTest.csproj", "{99FEE7D2-D63B-4C99-B89E-64CAB5DE5C24}"
EndProject
Project("{9A19103F-16F7-4668-BE54-9A1E7A4F7556}") = "Aoxe.MsgPack.UnitTest", "tests\Aoxe.MsgPack.UnitTest\Aoxe.MsgPack.UnitTest.csproj", "{0789226C-A4FF-4D8B-8A28-E2D1BAA85F78}"
EndProject
Project("{9A19103F-16F7-4668-BE54-9A1E7A4F7556}") = "Aoxe.NetJson.UnitTest", "tests\Aoxe.NetJson.UnitTest\Aoxe.NetJson.UnitTest.csproj", "{60E72219-D19B-4D0A-9372-23FBB1FAC608}"
EndProject
Project("{9A19103F-16F7-4668-BE54-9A1E7A4F7556}") = "Aoxe.NewtonsoftJson.UnitTest", "tests\Aoxe.NewtonsoftJson.UnitTest\Aoxe.NewtonsoftJson.UnitTest.csproj", "{1767FB59-2962-4E0D-AE9A-6B42D4C09A0E}"
EndProject
Project("{9A19103F-16F7-4668-BE54-9A1E7A4F7556}") = "Aoxe.Protobuf.UnitTest", "tests\Aoxe.Protobuf.UnitTest\Aoxe.Protobuf.UnitTest.csproj", "{6071CD15-FF33-4ECA-B527-97816186D222}"
EndProject
Project("{9A19103F-16F7-4668-BE54-9A1E7A4F7556}") = "Aoxe.Serializer.Types.UnitTest", "tests\Aoxe.Serializer.Types.UnitTest\Aoxe.Serializer.Types.UnitTest.csproj", "{9FEFEB37-C653-4A5C-8597-99267C4FD11B}"
EndProject
Project("{9A19103F-16F7-4668-BE54-9A1E7A4F7556}") = "Aoxe.Serializer.UnitTest", "tests\Aoxe.Serializer.UnitTest\Aoxe.Serializer.UnitTest.csproj", "{E7A82B08-8732-4D98-B97C-F3EEBD5420AF}"
EndProject
Project("{9A19103F-16F7-4668-BE54-9A1E7A4F7556}") = "Aoxe.SharpYaml.UnitTest", "tests\Aoxe.SharpYaml.UnitTest\Aoxe.SharpYaml.UnitTest.csproj", "{91BC2483-81A4-40D0-89EB-EDA6A2B8F071}"
EndProject
Project("{9A19103F-16F7-4668-BE54-9A1E7A4F7556}") = "Aoxe.SpanJson.UnitTest", "tests\Aoxe.SpanJson.UnitTest\Aoxe.SpanJson.UnitTest.csproj", "{059006C7-DF64-448E-A68F-56C4DA561BE7}"
EndProject
Project("{9A19103F-16F7-4668-BE54-9A1E7A4F7556}") = "Aoxe.SystemTextJson.UnitTest", "tests\Aoxe.SystemTextJson.UnitTest\Aoxe.SystemTextJson.UnitTest.csproj", "{FA7E1071-F05A-4861-9ED1-8600E6C1DD14}"
EndProject
Project("{9A19103F-16F7-4668-BE54-9A1E7A4F7556}") = "Aoxe.Tomlet.UnitTest", "tests\Aoxe.Tomlet.UnitTest\Aoxe.Tomlet.UnitTest.csproj", "{5179CE50-681C-4655-9A90-2935BD125923}"
EndProject
Project("{9A19103F-16F7-4668-BE54-9A1E7A4F7556}") = "Aoxe.Tomlyn.UnitTest", "tests\Aoxe.Tomlyn.UnitTest\Aoxe.Tomlyn.UnitTest.csproj", "{35553D98-00D7-4ABB-B2EA-D8538C787AB8}"
EndProject
Project("{9A19103F-16F7-4668-BE54-9A1E7A4F7556}") = "Aoxe.Utf8Json.UnitTest", "tests\Aoxe.Utf8Json.UnitTest\Aoxe.Utf8Json.UnitTest.csproj", "{852AD944-8322-4971-B80E-7428986371DF}"
EndProject
Project("{9A19103F-16F7-4668-BE54-9A1E7A4F7556}") = "Aoxe.Xml.UnitTest", "tests\Aoxe.Xml.UnitTest\Aoxe.Xml.UnitTest.csproj", "{3216F509-52D3-4C9F-B177-E2AB176C8382}"
EndProject
Project("{9A19103F-16F7-4668-BE54-9A1E7A4F7556}") = "Aoxe.YamlDotNet.UnitTest", "tests\Aoxe.YamlDotNet.UnitTest\Aoxe.YamlDotNet.UnitTest.csproj", "{E9CC0D61-B727-4BAE-8C49-953353D0E9C0}"
EndProject
Project("{9A19103F-16F7-4668-BE54-9A1E7A4F7556}") = "Aoxe.ZeroFormatter.UnitTest", "tests\Aoxe.ZeroFormatter.UnitTest\Aoxe.ZeroFormatter.UnitTest.csproj", "{0945076C-9998-42A7-8E5E-0ED8F85F5D79}"
EndProject
Project("{9A19103F-16F7-4668-BE54-9A1E7A4F7556}") = "TestModels", "tests\TestModels\TestModels.csproj", "{34B700B3-5BD2-406E-8DF5-211E6ACC3F41}"
EndProject
Project("{2150E333-8FDC-42A3-9474-1A3956D46DE8}") = "BinarySerializers", "BinarySerializers", "{0FE3B978-B407-4828-92C2-F5F30B8F8332}"
EndProject
Project("{9A19103F-16F7-4668-BE54-9A1E7A4F7556}") = "Aoxe.MemoryPack", "src\BinarySerializers\Aoxe.MemoryPack\Aoxe.MemoryPack.csproj", "{4D63CD62-DC9F-4796-8F0A-71F8AFB56680}"
EndProject
Project("{9A19103F-16F7-4668-BE54-9A1E7A4F7556}") = "Aoxe.MessagePack", "src\BinarySerializers\Aoxe.MessagePack\Aoxe.MessagePack.csproj", "{A89548FF-97C9-4F2C-BAB9-DCE1A7123799}"
EndProject
Project("{9A19103F-16F7-4668-BE54-9A1E7A4F7556}") = "Aoxe.MsgPack", "src\BinarySerializers\Aoxe.MsgPack\Aoxe.MsgPack.csproj", "{88AF9EC5-99DF-49E6-A9CC-63B990F939A6}"
EndProject
Project("{9A19103F-16F7-4668-BE54-9A1E7A4F7556}") = "Aoxe.Protobuf", "src\BinarySerializers\Aoxe.Protobuf\Aoxe.Protobuf.csproj", "{BB06C882-E8B9-42D5-953C-3C767525C238}"
EndProject
Project("{9A19103F-16F7-4668-BE54-9A1E7A4F7556}") = "Aoxe.ZeroFormatter", "src\BinarySerializers\Aoxe.ZeroFormatter\Aoxe.ZeroFormatter.csproj", "{26CD860A-7260-4052-ADD9-1C4C46B51FB7}"
EndProject
Project("{2150E333-8FDC-42A3-9474-1A3956D46DE8}") = "TextSerializers", "TextSerializers", "{AD5CA738-E484-4198-97B2-6AEED8BEE0D2}"
EndProject
Project("{2150E333-8FDC-42A3-9474-1A3956D46DE8}") = "IniSerializers", "IniSerializers", "{DCEDFA3A-CBAB-4C6C-9203-6B16F19EE5AA}"
EndProject
Project("{9A19103F-16F7-4668-BE54-9A1E7A4F7556}") = "Aoxe.Ini", "src\TextSerializers\IniSerializers\Aoxe.Ini\Aoxe.Ini.csproj", "{C2EE9AE6-06FE-497A-B581-01C6B1539007}"
EndProject
Project("{2150E333-8FDC-42A3-9474-1A3956D46DE8}") = "JsonSerializers", "JsonSerializers", "{7939ADAF-3B7D-4F74-AD8B-0F260AA544A7}"
EndProject
Project("{9A19103F-16F7-4668-BE54-9A1E7A4F7556}") = "Aoxe.Jil", "src\TextSerializers\JsonSerializers\Aoxe.Jil\Aoxe.Jil.csproj", "{2543D161-C00F-44F8-B1AE-B187E0629621}"
EndProject
Project("{9A19103F-16F7-4668-BE54-9A1E7A4F7556}") = "Aoxe.NetJson", "src\TextSerializers\JsonSerializers\Aoxe.NetJson\Aoxe.NetJson.csproj", "{B9FC7E8E-3EC1-4D7B-B9A4-210EEC2C2549}"
EndProject
Project("{9A19103F-16F7-4668-BE54-9A1E7A4F7556}") = "Aoxe.NewtonsoftJson", "src\TextSerializers\JsonSerializers\Aoxe.NewtonsoftJson\Aoxe.NewtonsoftJson.csproj", "{AAE9C729-83B1-4586-8883-5E517550CA2B}"
EndProject
Project("{9A19103F-16F7-4668-BE54-9A1E7A4F7556}") = "Aoxe.SpanJson", "src\TextSerializers\JsonSerializers\Aoxe.SpanJson\Aoxe.SpanJson.csproj", "{076877F5-CF3D-4A99-B4F9-31A4B2671BFF}"
EndProject
Project("{9A19103F-16F7-4668-BE54-9A1E7A4F7556}") = "Aoxe.SystemTextJson", "src\TextSerializers\JsonSerializers\Aoxe.SystemTextJson\Aoxe.SystemTextJson.csproj", "{DD80D2D9-1A13-4B5D-AD1F-FF5B99B1B547}"
EndProject
Project("{9A19103F-16F7-4668-BE54-9A1E7A4F7556}") = "Aoxe.Utf8Json", "src\TextSerializers\JsonSerializers\Aoxe.Utf8Json\Aoxe.Utf8Json.csproj", "{2637C433-5E49-4223-B98F-B936C8A06C4A}"
EndProject
Project("{2150E333-8FDC-42A3-9474-1A3956D46DE8}") = "TomlSerializers", "TomlSerializers", "{276C9D35-4CCC-4B4B-9B21-2B36B42C205F}"
EndProject
Project("{9A19103F-16F7-4668-BE54-9A1E7A4F7556}") = "Aoxe.Tomlet", "src\TextSerializers\TomlSerializers\Aoxe.Tomlet\Aoxe.Tomlet.csproj", "{5F842A0D-B376-430B-884E-3E809298C8C7}"
EndProject
Project("{9A19103F-16F7-4668-BE54-9A1E7A4F7556}") = "Aoxe.Tomlyn", "src\TextSerializers\TomlSerializers\Aoxe.Tomlyn\Aoxe.Tomlyn.csproj", "{8630C0F4-945E-4544-8FE4-4756A1475DC8}"
EndProject
Project("{2150E333-8FDC-42A3-9474-1A3956D46DE8}") = "XmlSerializers", "XmlSerializers", "{B35AC880-F9E7-441F-AE0F-BE45ABE51575}"
EndProject
Project("{9A19103F-16F7-4668-BE54-9A1E7A4F7556}") = "Aoxe.DataContractSerializer", "src\TextSerializers\XmlSerializers\Aoxe.DataContractSerializer\Aoxe.DataContractSerializer.csproj", "{101D8CF6-5191-47C6-A4A1-8150F0266A07}"
EndProject
Project("{9A19103F-16F7-4668-BE54-9A1E7A4F7556}") = "Aoxe.Xml", "src\TextSerializers\XmlSerializers\Aoxe.Xml\Aoxe.Xml.csproj", "{4746AA97-628A-4919-BA8D-6FC085683CE6}"
EndProject
Project("{2150E333-8FDC-42A3-9474-1A3956D46DE8}") = "YamlSerializers", "YamlSerializers", "{7D845BD8-09A3-4BA8-B4A4-22C8429E751D}"
EndProject
Project("{9A19103F-16F7-4668-BE54-9A1E7A4F7556}") = "Aoxe.SharpYaml", "src\TextSerializers\YamlSerializers\Aoxe.SharpYaml\Aoxe.SharpYaml.csproj", "{4D9242F1-CB2D-42E2-BED0-7938347BF21C}"
EndProject
Project("{9A19103F-16F7-4668-BE54-9A1E7A4F7556}") = "Aoxe.YamlDotNet", "src\TextSerializers\YamlSerializers\Aoxe.YamlDotNet\Aoxe.YamlDotNet.csproj", "{060631F7-4DAD-407B-ABBA-77A7F81AFC12}"
EndProject
Project("{2150E333-8FDC-42A3-9474-1A3956D46DE8}") = "Benchmark (1)", "Benchmark", "{1B820DE5-3779-4FCB-8DE6-C3801416AD2D}"
EndProject
Project("{2150E333-8FDC-42A3-9474-1A3956D46DE8}") = "bin", "bin", "{8ED7755E-F289-479B-B4D5-C977D9AAC288}"
EndProject
Project("{2150E333-8FDC-42A3-9474-1A3956D46DE8}") = "Release", "Release", "{4628E52A-39C0-4054-822A-4E1528A6E6D1}"
EndProject
Project("{2150E333-8FDC-42A3-9474-1A3956D46DE8}") = "net7.0", "net7.0", "{AC3CFA5C-5E0D-4992-AC49-F820D22117FE}"
EndProject
Project("{9A19103F-16F7-4668-BE54-9A1E7A4F7556}") = "BenchmarkDotNet.Autogenerated", "perf\Benchmark\bin\Release\net7.0\1d7d2d3e-61ff-4b6f-95c8-6b6e658919c6\BenchmarkDotNet.Autogenerated.csproj", "{7A9FD823-C1F3-4DC5-8572-C05F639FA6A7}"
EndProject
Project("{9A19103F-16F7-4668-BE54-9A1E7A4F7556}") = "BenchmarkDotNet.Autogenerated (1)", "perf\Benchmark\bin\Release\net7.0\6c310246-d28f-4540-a687-d89b8ded9024\BenchmarkDotNet.Autogenerated.csproj", "{75699A1D-C076-4BE9-B465-36149458854F}"
EndProject
Project("{9A19103F-16F7-4668-BE54-9A1E7A4F7556}") = "BenchmarkDotNet.Autogenerated (2)", "perf\Benchmark\bin\Release\net7.0\9cc59fcf-3a09-4b28-abaf-b36c5a02da49\BenchmarkDotNet.Autogenerated.csproj", "{9A86E77C-AF7B-4162-AD96-525F3C97170B}"
EndProject
Project("{9A19103F-16F7-4668-BE54-9A1E7A4F7556}") = "BenchmarkDotNet.Autogenerated (3)", "perf\Benchmark\bin\Release\net7.0\bf1e616e-d9df-4d2c-b10e-a8105d3afd77\BenchmarkDotNet.Autogenerated.csproj", "{41C2B362-F203-4466-B112-2AF18B7F2C34}"
EndProject
Project("{9A19103F-16F7-4668-BE54-9A1E7A4F7556}") = "BenchmarkDotNet.Autogenerated (4)", "perf\Benchmark\bin\Release\net7.0\eefed75b-4a7a-420c-a04f-c736c7b91904\BenchmarkDotNet.Autogenerated.csproj", "{D5E89EB7-D740-4B07-8DE4-CC90DE2698D7}"
EndProject
Project("{2150E333-8FDC-42A3-9474-1A3956D46DE8}") = "net8.0", "net8.0", "{CA750132-9CA1-4551-AFFD-333C1D9CAC41}"
EndProject
Project("{9A19103F-16F7-4668-BE54-9A1E7A4F7556}") = "BenchmarkDotNet.Autogenerated", "perf\Benchmark\bin\Release\net8.0\8175f26e-11a6-46d6-94a2-82c406558978\BenchmarkDotNet.Autogenerated.csproj", "{321CD028-670D-4AC2-8ADD-5269E9A0C25D}"
EndProject
Project("{9A19103F-16F7-4668-BE54-9A1E7A4F7556}") = "BenchmarkDotNet.Autogenerated (1)", "perf\Benchmark\bin\Release\net8.0\a70aecd6-5fe2-406e-9e0d-aa1b5d1fbb53\BenchmarkDotNet.Autogenerated.csproj", "{1F1840C5-4A10-441E-9EC0-E96DCB70E63B}"
EndProject
Project("{9A19103F-16F7-4668-BE54-9A1E7A4F7556}") = "BenchmarkDotNet.Autogenerated (2)", "perf\Benchmark\bin\Release\net8.0\b7ac3574-6b7b-4c40-9257-3812f9b1f6e5\BenchmarkDotNet.Autogenerated.csproj", "{5AA16BEF-0095-49DF-92F0-06F256F840A8}"
EndProject
Global
	GlobalSection(SolutionConfigurationPlatforms) = preSolution
		Debug|Any CPU = Debug|Any CPU
		Release|Any CPU = Release|Any CPU
	EndGlobalSection
	GlobalSection(ProjectConfigurationPlatforms) = postSolution
		{9ACDBC93-EE17-4164-A095-FE58F3EC2C15}.Debug|Any CPU.ActiveCfg = Debug|Any CPU
		{9ACDBC93-EE17-4164-A095-FE58F3EC2C15}.Debug|Any CPU.Build.0 = Debug|Any CPU
		{9ACDBC93-EE17-4164-A095-FE58F3EC2C15}.Release|Any CPU.ActiveCfg = Release|Any CPU
		{9ACDBC93-EE17-4164-A095-FE58F3EC2C15}.Release|Any CPU.Build.0 = Release|Any CPU
		{496B5255-55A8-46C7-AD35-C35BF2F673A0}.Debug|Any CPU.ActiveCfg = Debug|Any CPU
		{496B5255-55A8-46C7-AD35-C35BF2F673A0}.Debug|Any CPU.Build.0 = Debug|Any CPU
		{496B5255-55A8-46C7-AD35-C35BF2F673A0}.Release|Any CPU.ActiveCfg = Release|Any CPU
		{496B5255-55A8-46C7-AD35-C35BF2F673A0}.Release|Any CPU.Build.0 = Release|Any CPU
		{C0371108-C0A4-4D12-85DF-51E6735A8FEA}.Debug|Any CPU.ActiveCfg = Debug|Any CPU
		{C0371108-C0A4-4D12-85DF-51E6735A8FEA}.Debug|Any CPU.Build.0 = Debug|Any CPU
		{C0371108-C0A4-4D12-85DF-51E6735A8FEA}.Release|Any CPU.ActiveCfg = Release|Any CPU
		{C0371108-C0A4-4D12-85DF-51E6735A8FEA}.Release|Any CPU.Build.0 = Release|Any CPU
		{53BEB421-3E1D-4E83-A6C9-FF6B0DB5FFE6}.Debug|Any CPU.ActiveCfg = Debug|Any CPU
		{53BEB421-3E1D-4E83-A6C9-FF6B0DB5FFE6}.Debug|Any CPU.Build.0 = Debug|Any CPU
		{53BEB421-3E1D-4E83-A6C9-FF6B0DB5FFE6}.Release|Any CPU.ActiveCfg = Release|Any CPU
		{53BEB421-3E1D-4E83-A6C9-FF6B0DB5FFE6}.Release|Any CPU.Build.0 = Release|Any CPU
		{1C748B07-BAC8-4581-B271-CF0B7ACE68EE}.Debug|Any CPU.ActiveCfg = Debug|Any CPU
		{1C748B07-BAC8-4581-B271-CF0B7ACE68EE}.Debug|Any CPU.Build.0 = Debug|Any CPU
		{1C748B07-BAC8-4581-B271-CF0B7ACE68EE}.Release|Any CPU.ActiveCfg = Release|Any CPU
		{1C748B07-BAC8-4581-B271-CF0B7ACE68EE}.Release|Any CPU.Build.0 = Release|Any CPU
		{1696AB5E-29A7-4802-8E71-FDDB462583CF}.Debug|Any CPU.ActiveCfg = Debug|Any CPU
		{1696AB5E-29A7-4802-8E71-FDDB462583CF}.Debug|Any CPU.Build.0 = Debug|Any CPU
		{1696AB5E-29A7-4802-8E71-FDDB462583CF}.Release|Any CPU.ActiveCfg = Release|Any CPU
		{1696AB5E-29A7-4802-8E71-FDDB462583CF}.Release|Any CPU.Build.0 = Release|Any CPU
		{10B5DF65-6859-4C7F-A35A-AAFFC95A332F}.Debug|Any CPU.ActiveCfg = Debug|Any CPU
		{10B5DF65-6859-4C7F-A35A-AAFFC95A332F}.Debug|Any CPU.Build.0 = Debug|Any CPU
		{10B5DF65-6859-4C7F-A35A-AAFFC95A332F}.Release|Any CPU.ActiveCfg = Release|Any CPU
		{10B5DF65-6859-4C7F-A35A-AAFFC95A332F}.Release|Any CPU.Build.0 = Release|Any CPU
		{99FEE7D2-D63B-4C99-B89E-64CAB5DE5C24}.Debug|Any CPU.ActiveCfg = Debug|Any CPU
		{99FEE7D2-D63B-4C99-B89E-64CAB5DE5C24}.Debug|Any CPU.Build.0 = Debug|Any CPU
		{99FEE7D2-D63B-4C99-B89E-64CAB5DE5C24}.Release|Any CPU.ActiveCfg = Release|Any CPU
		{99FEE7D2-D63B-4C99-B89E-64CAB5DE5C24}.Release|Any CPU.Build.0 = Release|Any CPU
		{0789226C-A4FF-4D8B-8A28-E2D1BAA85F78}.Debug|Any CPU.ActiveCfg = Debug|Any CPU
		{0789226C-A4FF-4D8B-8A28-E2D1BAA85F78}.Debug|Any CPU.Build.0 = Debug|Any CPU
		{0789226C-A4FF-4D8B-8A28-E2D1BAA85F78}.Release|Any CPU.ActiveCfg = Release|Any CPU
		{0789226C-A4FF-4D8B-8A28-E2D1BAA85F78}.Release|Any CPU.Build.0 = Release|Any CPU
		{60E72219-D19B-4D0A-9372-23FBB1FAC608}.Debug|Any CPU.ActiveCfg = Debug|Any CPU
		{60E72219-D19B-4D0A-9372-23FBB1FAC608}.Debug|Any CPU.Build.0 = Debug|Any CPU
		{60E72219-D19B-4D0A-9372-23FBB1FAC608}.Release|Any CPU.ActiveCfg = Release|Any CPU
		{60E72219-D19B-4D0A-9372-23FBB1FAC608}.Release|Any CPU.Build.0 = Release|Any CPU
		{1767FB59-2962-4E0D-AE9A-6B42D4C09A0E}.Debug|Any CPU.ActiveCfg = Debug|Any CPU
		{1767FB59-2962-4E0D-AE9A-6B42D4C09A0E}.Debug|Any CPU.Build.0 = Debug|Any CPU
		{1767FB59-2962-4E0D-AE9A-6B42D4C09A0E}.Release|Any CPU.ActiveCfg = Release|Any CPU
		{1767FB59-2962-4E0D-AE9A-6B42D4C09A0E}.Release|Any CPU.Build.0 = Release|Any CPU
		{6071CD15-FF33-4ECA-B527-97816186D222}.Debug|Any CPU.ActiveCfg = Debug|Any CPU
		{6071CD15-FF33-4ECA-B527-97816186D222}.Debug|Any CPU.Build.0 = Debug|Any CPU
		{6071CD15-FF33-4ECA-B527-97816186D222}.Release|Any CPU.ActiveCfg = Release|Any CPU
		{6071CD15-FF33-4ECA-B527-97816186D222}.Release|Any CPU.Build.0 = Release|Any CPU
		{9FEFEB37-C653-4A5C-8597-99267C4FD11B}.Debug|Any CPU.ActiveCfg = Debug|Any CPU
		{9FEFEB37-C653-4A5C-8597-99267C4FD11B}.Debug|Any CPU.Build.0 = Debug|Any CPU
		{9FEFEB37-C653-4A5C-8597-99267C4FD11B}.Release|Any CPU.ActiveCfg = Release|Any CPU
		{9FEFEB37-C653-4A5C-8597-99267C4FD11B}.Release|Any CPU.Build.0 = Release|Any CPU
		{E7A82B08-8732-4D98-B97C-F3EEBD5420AF}.Debug|Any CPU.ActiveCfg = Debug|Any CPU
		{E7A82B08-8732-4D98-B97C-F3EEBD5420AF}.Debug|Any CPU.Build.0 = Debug|Any CPU
		{E7A82B08-8732-4D98-B97C-F3EEBD5420AF}.Release|Any CPU.ActiveCfg = Release|Any CPU
		{E7A82B08-8732-4D98-B97C-F3EEBD5420AF}.Release|Any CPU.Build.0 = Release|Any CPU
		{91BC2483-81A4-40D0-89EB-EDA6A2B8F071}.Debug|Any CPU.ActiveCfg = Debug|Any CPU
		{91BC2483-81A4-40D0-89EB-EDA6A2B8F071}.Debug|Any CPU.Build.0 = Debug|Any CPU
		{91BC2483-81A4-40D0-89EB-EDA6A2B8F071}.Release|Any CPU.ActiveCfg = Release|Any CPU
		{91BC2483-81A4-40D0-89EB-EDA6A2B8F071}.Release|Any CPU.Build.0 = Release|Any CPU
		{059006C7-DF64-448E-A68F-56C4DA561BE7}.Debug|Any CPU.ActiveCfg = Debug|Any CPU
		{059006C7-DF64-448E-A68F-56C4DA561BE7}.Debug|Any CPU.Build.0 = Debug|Any CPU
		{059006C7-DF64-448E-A68F-56C4DA561BE7}.Release|Any CPU.ActiveCfg = Release|Any CPU
		{059006C7-DF64-448E-A68F-56C4DA561BE7}.Release|Any CPU.Build.0 = Release|Any CPU
		{FA7E1071-F05A-4861-9ED1-8600E6C1DD14}.Debug|Any CPU.ActiveCfg = Debug|Any CPU
		{FA7E1071-F05A-4861-9ED1-8600E6C1DD14}.Debug|Any CPU.Build.0 = Debug|Any CPU
		{FA7E1071-F05A-4861-9ED1-8600E6C1DD14}.Release|Any CPU.ActiveCfg = Release|Any CPU
		{FA7E1071-F05A-4861-9ED1-8600E6C1DD14}.Release|Any CPU.Build.0 = Release|Any CPU
		{5179CE50-681C-4655-9A90-2935BD125923}.Debug|Any CPU.ActiveCfg = Debug|Any CPU
		{5179CE50-681C-4655-9A90-2935BD125923}.Debug|Any CPU.Build.0 = Debug|Any CPU
		{5179CE50-681C-4655-9A90-2935BD125923}.Release|Any CPU.ActiveCfg = Release|Any CPU
		{5179CE50-681C-4655-9A90-2935BD125923}.Release|Any CPU.Build.0 = Release|Any CPU
		{35553D98-00D7-4ABB-B2EA-D8538C787AB8}.Debug|Any CPU.ActiveCfg = Debug|Any CPU
		{35553D98-00D7-4ABB-B2EA-D8538C787AB8}.Debug|Any CPU.Build.0 = Debug|Any CPU
		{35553D98-00D7-4ABB-B2EA-D8538C787AB8}.Release|Any CPU.ActiveCfg = Release|Any CPU
		{35553D98-00D7-4ABB-B2EA-D8538C787AB8}.Release|Any CPU.Build.0 = Release|Any CPU
		{852AD944-8322-4971-B80E-7428986371DF}.Debug|Any CPU.ActiveCfg = Debug|Any CPU
		{852AD944-8322-4971-B80E-7428986371DF}.Debug|Any CPU.Build.0 = Debug|Any CPU
		{852AD944-8322-4971-B80E-7428986371DF}.Release|Any CPU.ActiveCfg = Release|Any CPU
		{852AD944-8322-4971-B80E-7428986371DF}.Release|Any CPU.Build.0 = Release|Any CPU
		{3216F509-52D3-4C9F-B177-E2AB176C8382}.Debug|Any CPU.ActiveCfg = Debug|Any CPU
		{3216F509-52D3-4C9F-B177-E2AB176C8382}.Debug|Any CPU.Build.0 = Debug|Any CPU
		{3216F509-52D3-4C9F-B177-E2AB176C8382}.Release|Any CPU.ActiveCfg = Release|Any CPU
		{3216F509-52D3-4C9F-B177-E2AB176C8382}.Release|Any CPU.Build.0 = Release|Any CPU
		{E9CC0D61-B727-4BAE-8C49-953353D0E9C0}.Debug|Any CPU.ActiveCfg = Debug|Any CPU
		{E9CC0D61-B727-4BAE-8C49-953353D0E9C0}.Debug|Any CPU.Build.0 = Debug|Any CPU
		{E9CC0D61-B727-4BAE-8C49-953353D0E9C0}.Release|Any CPU.ActiveCfg = Release|Any CPU
		{E9CC0D61-B727-4BAE-8C49-953353D0E9C0}.Release|Any CPU.Build.0 = Release|Any CPU
		{0945076C-9998-42A7-8E5E-0ED8F85F5D79}.Debug|Any CPU.ActiveCfg = Debug|Any CPU
		{0945076C-9998-42A7-8E5E-0ED8F85F5D79}.Debug|Any CPU.Build.0 = Debug|Any CPU
		{0945076C-9998-42A7-8E5E-0ED8F85F5D79}.Release|Any CPU.ActiveCfg = Release|Any CPU
		{0945076C-9998-42A7-8E5E-0ED8F85F5D79}.Release|Any CPU.Build.0 = Release|Any CPU
		{34B700B3-5BD2-406E-8DF5-211E6ACC3F41}.Debug|Any CPU.ActiveCfg = Debug|Any CPU
		{34B700B3-5BD2-406E-8DF5-211E6ACC3F41}.Debug|Any CPU.Build.0 = Debug|Any CPU
		{34B700B3-5BD2-406E-8DF5-211E6ACC3F41}.Release|Any CPU.ActiveCfg = Release|Any CPU
		{34B700B3-5BD2-406E-8DF5-211E6ACC3F41}.Release|Any CPU.Build.0 = Release|Any CPU
		{4D63CD62-DC9F-4796-8F0A-71F8AFB56680}.Debug|Any CPU.ActiveCfg = Debug|Any CPU
		{4D63CD62-DC9F-4796-8F0A-71F8AFB56680}.Debug|Any CPU.Build.0 = Debug|Any CPU
		{4D63CD62-DC9F-4796-8F0A-71F8AFB56680}.Release|Any CPU.ActiveCfg = Release|Any CPU
		{4D63CD62-DC9F-4796-8F0A-71F8AFB56680}.Release|Any CPU.Build.0 = Release|Any CPU
		{A89548FF-97C9-4F2C-BAB9-DCE1A7123799}.Debug|Any CPU.ActiveCfg = Debug|Any CPU
		{A89548FF-97C9-4F2C-BAB9-DCE1A7123799}.Debug|Any CPU.Build.0 = Debug|Any CPU
		{A89548FF-97C9-4F2C-BAB9-DCE1A7123799}.Release|Any CPU.ActiveCfg = Release|Any CPU
		{A89548FF-97C9-4F2C-BAB9-DCE1A7123799}.Release|Any CPU.Build.0 = Release|Any CPU
		{88AF9EC5-99DF-49E6-A9CC-63B990F939A6}.Debug|Any CPU.ActiveCfg = Debug|Any CPU
		{88AF9EC5-99DF-49E6-A9CC-63B990F939A6}.Debug|Any CPU.Build.0 = Debug|Any CPU
		{88AF9EC5-99DF-49E6-A9CC-63B990F939A6}.Release|Any CPU.ActiveCfg = Release|Any CPU
		{88AF9EC5-99DF-49E6-A9CC-63B990F939A6}.Release|Any CPU.Build.0 = Release|Any CPU
		{BB06C882-E8B9-42D5-953C-3C767525C238}.Debug|Any CPU.ActiveCfg = Debug|Any CPU
		{BB06C882-E8B9-42D5-953C-3C767525C238}.Debug|Any CPU.Build.0 = Debug|Any CPU
		{BB06C882-E8B9-42D5-953C-3C767525C238}.Release|Any CPU.ActiveCfg = Release|Any CPU
		{BB06C882-E8B9-42D5-953C-3C767525C238}.Release|Any CPU.Build.0 = Release|Any CPU
		{26CD860A-7260-4052-ADD9-1C4C46B51FB7}.Debug|Any CPU.ActiveCfg = Debug|Any CPU
		{26CD860A-7260-4052-ADD9-1C4C46B51FB7}.Debug|Any CPU.Build.0 = Debug|Any CPU
		{26CD860A-7260-4052-ADD9-1C4C46B51FB7}.Release|Any CPU.ActiveCfg = Release|Any CPU
		{26CD860A-7260-4052-ADD9-1C4C46B51FB7}.Release|Any CPU.Build.0 = Release|Any CPU
		{C2EE9AE6-06FE-497A-B581-01C6B1539007}.Debug|Any CPU.ActiveCfg = Debug|Any CPU
		{C2EE9AE6-06FE-497A-B581-01C6B1539007}.Debug|Any CPU.Build.0 = Debug|Any CPU
		{C2EE9AE6-06FE-497A-B581-01C6B1539007}.Release|Any CPU.ActiveCfg = Release|Any CPU
		{C2EE9AE6-06FE-497A-B581-01C6B1539007}.Release|Any CPU.Build.0 = Release|Any CPU
		{2543D161-C00F-44F8-B1AE-B187E0629621}.Debug|Any CPU.ActiveCfg = Debug|Any CPU
		{2543D161-C00F-44F8-B1AE-B187E0629621}.Debug|Any CPU.Build.0 = Debug|Any CPU
		{2543D161-C00F-44F8-B1AE-B187E0629621}.Release|Any CPU.ActiveCfg = Release|Any CPU
		{2543D161-C00F-44F8-B1AE-B187E0629621}.Release|Any CPU.Build.0 = Release|Any CPU
		{B9FC7E8E-3EC1-4D7B-B9A4-210EEC2C2549}.Debug|Any CPU.ActiveCfg = Debug|Any CPU
		{B9FC7E8E-3EC1-4D7B-B9A4-210EEC2C2549}.Debug|Any CPU.Build.0 = Debug|Any CPU
		{B9FC7E8E-3EC1-4D7B-B9A4-210EEC2C2549}.Release|Any CPU.ActiveCfg = Release|Any CPU
		{B9FC7E8E-3EC1-4D7B-B9A4-210EEC2C2549}.Release|Any CPU.Build.0 = Release|Any CPU
		{AAE9C729-83B1-4586-8883-5E517550CA2B}.Debug|Any CPU.ActiveCfg = Debug|Any CPU
		{AAE9C729-83B1-4586-8883-5E517550CA2B}.Debug|Any CPU.Build.0 = Debug|Any CPU
		{AAE9C729-83B1-4586-8883-5E517550CA2B}.Release|Any CPU.ActiveCfg = Release|Any CPU
		{AAE9C729-83B1-4586-8883-5E517550CA2B}.Release|Any CPU.Build.0 = Release|Any CPU
		{076877F5-CF3D-4A99-B4F9-31A4B2671BFF}.Debug|Any CPU.ActiveCfg = Debug|Any CPU
		{076877F5-CF3D-4A99-B4F9-31A4B2671BFF}.Debug|Any CPU.Build.0 = Debug|Any CPU
		{076877F5-CF3D-4A99-B4F9-31A4B2671BFF}.Release|Any CPU.ActiveCfg = Release|Any CPU
		{076877F5-CF3D-4A99-B4F9-31A4B2671BFF}.Release|Any CPU.Build.0 = Release|Any CPU
		{DD80D2D9-1A13-4B5D-AD1F-FF5B99B1B547}.Debug|Any CPU.ActiveCfg = Debug|Any CPU
		{DD80D2D9-1A13-4B5D-AD1F-FF5B99B1B547}.Debug|Any CPU.Build.0 = Debug|Any CPU
		{DD80D2D9-1A13-4B5D-AD1F-FF5B99B1B547}.Release|Any CPU.ActiveCfg = Release|Any CPU
		{DD80D2D9-1A13-4B5D-AD1F-FF5B99B1B547}.Release|Any CPU.Build.0 = Release|Any CPU
		{2637C433-5E49-4223-B98F-B936C8A06C4A}.Debug|Any CPU.ActiveCfg = Debug|Any CPU
		{2637C433-5E49-4223-B98F-B936C8A06C4A}.Debug|Any CPU.Build.0 = Debug|Any CPU
		{2637C433-5E49-4223-B98F-B936C8A06C4A}.Release|Any CPU.ActiveCfg = Release|Any CPU
		{2637C433-5E49-4223-B98F-B936C8A06C4A}.Release|Any CPU.Build.0 = Release|Any CPU
		{5F842A0D-B376-430B-884E-3E809298C8C7}.Debug|Any CPU.ActiveCfg = Debug|Any CPU
		{5F842A0D-B376-430B-884E-3E809298C8C7}.Debug|Any CPU.Build.0 = Debug|Any CPU
		{5F842A0D-B376-430B-884E-3E809298C8C7}.Release|Any CPU.ActiveCfg = Release|Any CPU
		{5F842A0D-B376-430B-884E-3E809298C8C7}.Release|Any CPU.Build.0 = Release|Any CPU
		{8630C0F4-945E-4544-8FE4-4756A1475DC8}.Debug|Any CPU.ActiveCfg = Debug|Any CPU
		{8630C0F4-945E-4544-8FE4-4756A1475DC8}.Debug|Any CPU.Build.0 = Debug|Any CPU
		{8630C0F4-945E-4544-8FE4-4756A1475DC8}.Release|Any CPU.ActiveCfg = Release|Any CPU
		{8630C0F4-945E-4544-8FE4-4756A1475DC8}.Release|Any CPU.Build.0 = Release|Any CPU
		{101D8CF6-5191-47C6-A4A1-8150F0266A07}.Debug|Any CPU.ActiveCfg = Debug|Any CPU
		{101D8CF6-5191-47C6-A4A1-8150F0266A07}.Debug|Any CPU.Build.0 = Debug|Any CPU
		{101D8CF6-5191-47C6-A4A1-8150F0266A07}.Release|Any CPU.ActiveCfg = Release|Any CPU
		{101D8CF6-5191-47C6-A4A1-8150F0266A07}.Release|Any CPU.Build.0 = Release|Any CPU
		{4746AA97-628A-4919-BA8D-6FC085683CE6}.Debug|Any CPU.ActiveCfg = Debug|Any CPU
		{4746AA97-628A-4919-BA8D-6FC085683CE6}.Debug|Any CPU.Build.0 = Debug|Any CPU
		{4746AA97-628A-4919-BA8D-6FC085683CE6}.Release|Any CPU.ActiveCfg = Release|Any CPU
		{4746AA97-628A-4919-BA8D-6FC085683CE6}.Release|Any CPU.Build.0 = Release|Any CPU
		{4D9242F1-CB2D-42E2-BED0-7938347BF21C}.Debug|Any CPU.ActiveCfg = Debug|Any CPU
		{4D9242F1-CB2D-42E2-BED0-7938347BF21C}.Debug|Any CPU.Build.0 = Debug|Any CPU
		{4D9242F1-CB2D-42E2-BED0-7938347BF21C}.Release|Any CPU.ActiveCfg = Release|Any CPU
		{4D9242F1-CB2D-42E2-BED0-7938347BF21C}.Release|Any CPU.Build.0 = Release|Any CPU
		{060631F7-4DAD-407B-ABBA-77A7F81AFC12}.Debug|Any CPU.ActiveCfg = Debug|Any CPU
		{060631F7-4DAD-407B-ABBA-77A7F81AFC12}.Debug|Any CPU.Build.0 = Debug|Any CPU
		{060631F7-4DAD-407B-ABBA-77A7F81AFC12}.Release|Any CPU.ActiveCfg = Release|Any CPU
		{060631F7-4DAD-407B-ABBA-77A7F81AFC12}.Release|Any CPU.Build.0 = Release|Any CPU
		{7A9FD823-C1F3-4DC5-8572-C05F639FA6A7}.Debug|Any CPU.ActiveCfg = Debug|Any CPU
		{7A9FD823-C1F3-4DC5-8572-C05F639FA6A7}.Debug|Any CPU.Build.0 = Debug|Any CPU
		{7A9FD823-C1F3-4DC5-8572-C05F639FA6A7}.Release|Any CPU.ActiveCfg = Release|Any CPU
		{7A9FD823-C1F3-4DC5-8572-C05F639FA6A7}.Release|Any CPU.Build.0 = Release|Any CPU
		{75699A1D-C076-4BE9-B465-36149458854F}.Debug|Any CPU.ActiveCfg = Debug|Any CPU
		{75699A1D-C076-4BE9-B465-36149458854F}.Debug|Any CPU.Build.0 = Debug|Any CPU
		{75699A1D-C076-4BE9-B465-36149458854F}.Release|Any CPU.ActiveCfg = Release|Any CPU
		{75699A1D-C076-4BE9-B465-36149458854F}.Release|Any CPU.Build.0 = Release|Any CPU
		{9A86E77C-AF7B-4162-AD96-525F3C97170B}.Debug|Any CPU.ActiveCfg = Debug|Any CPU
		{9A86E77C-AF7B-4162-AD96-525F3C97170B}.Debug|Any CPU.Build.0 = Debug|Any CPU
		{9A86E77C-AF7B-4162-AD96-525F3C97170B}.Release|Any CPU.ActiveCfg = Release|Any CPU
		{9A86E77C-AF7B-4162-AD96-525F3C97170B}.Release|Any CPU.Build.0 = Release|Any CPU
		{41C2B362-F203-4466-B112-2AF18B7F2C34}.Debug|Any CPU.ActiveCfg = Debug|Any CPU
		{41C2B362-F203-4466-B112-2AF18B7F2C34}.Debug|Any CPU.Build.0 = Debug|Any CPU
		{41C2B362-F203-4466-B112-2AF18B7F2C34}.Release|Any CPU.ActiveCfg = Release|Any CPU
		{41C2B362-F203-4466-B112-2AF18B7F2C34}.Release|Any CPU.Build.0 = Release|Any CPU
		{D5E89EB7-D740-4B07-8DE4-CC90DE2698D7}.Debug|Any CPU.ActiveCfg = Debug|Any CPU
		{D5E89EB7-D740-4B07-8DE4-CC90DE2698D7}.Debug|Any CPU.Build.0 = Debug|Any CPU
		{D5E89EB7-D740-4B07-8DE4-CC90DE2698D7}.Release|Any CPU.ActiveCfg = Release|Any CPU
		{D5E89EB7-D740-4B07-8DE4-CC90DE2698D7}.Release|Any CPU.Build.0 = Release|Any CPU
		{321CD028-670D-4AC2-8ADD-5269E9A0C25D}.Debug|Any CPU.ActiveCfg = Debug|Any CPU
		{321CD028-670D-4AC2-8ADD-5269E9A0C25D}.Debug|Any CPU.Build.0 = Debug|Any CPU
		{321CD028-670D-4AC2-8ADD-5269E9A0C25D}.Release|Any CPU.ActiveCfg = Release|Any CPU
		{321CD028-670D-4AC2-8ADD-5269E9A0C25D}.Release|Any CPU.Build.0 = Release|Any CPU
		{1F1840C5-4A10-441E-9EC0-E96DCB70E63B}.Debug|Any CPU.ActiveCfg = Debug|Any CPU
		{1F1840C5-4A10-441E-9EC0-E96DCB70E63B}.Debug|Any CPU.Build.0 = Debug|Any CPU
		{1F1840C5-4A10-441E-9EC0-E96DCB70E63B}.Release|Any CPU.ActiveCfg = Release|Any CPU
		{1F1840C5-4A10-441E-9EC0-E96DCB70E63B}.Release|Any CPU.Build.0 = Release|Any CPU
		{5AA16BEF-0095-49DF-92F0-06F256F840A8}.Debug|Any CPU.ActiveCfg = Debug|Any CPU
		{5AA16BEF-0095-49DF-92F0-06F256F840A8}.Debug|Any CPU.Build.0 = Debug|Any CPU
		{5AA16BEF-0095-49DF-92F0-06F256F840A8}.Release|Any CPU.ActiveCfg = Release|Any CPU
		{5AA16BEF-0095-49DF-92F0-06F256F840A8}.Release|Any CPU.Build.0 = Release|Any CPU
	EndGlobalSection
	GlobalSection(SolutionProperties) = preSolution
		HideSolutionNode = FALSE
	EndGlobalSection
	GlobalSection(NestedProjects) = preSolution
		{9ACDBC93-EE17-4164-A095-FE58F3EC2C15} = {E37269F7-CD4B-40ED-BC65-3F287E5DB15D}
		{496B5255-55A8-46C7-AD35-C35BF2F673A0} = {E37269F7-CD4B-40ED-BC65-3F287E5DB15D}
		{C0371108-C0A4-4D12-85DF-51E6735A8FEA} = {235481D7-7495-4555-93D2-3BBA7571A650}
		{53BEB421-3E1D-4E83-A6C9-FF6B0DB5FFE6} = {5591F709-7BD9-41EC-B4CA-E5E659213647}
		{1C748B07-BAC8-4581-B271-CF0B7ACE68EE} = {5591F709-7BD9-41EC-B4CA-E5E659213647}
		{1696AB5E-29A7-4802-8E71-FDDB462583CF} = {5591F709-7BD9-41EC-B4CA-E5E659213647}
		{10B5DF65-6859-4C7F-A35A-AAFFC95A332F} = {5591F709-7BD9-41EC-B4CA-E5E659213647}
		{99FEE7D2-D63B-4C99-B89E-64CAB5DE5C24} = {5591F709-7BD9-41EC-B4CA-E5E659213647}
		{0789226C-A4FF-4D8B-8A28-E2D1BAA85F78} = {5591F709-7BD9-41EC-B4CA-E5E659213647}
		{60E72219-D19B-4D0A-9372-23FBB1FAC608} = {5591F709-7BD9-41EC-B4CA-E5E659213647}
		{1767FB59-2962-4E0D-AE9A-6B42D4C09A0E} = {5591F709-7BD9-41EC-B4CA-E5E659213647}
		{6071CD15-FF33-4ECA-B527-97816186D222} = {5591F709-7BD9-41EC-B4CA-E5E659213647}
		{9FEFEB37-C653-4A5C-8597-99267C4FD11B} = {5591F709-7BD9-41EC-B4CA-E5E659213647}
		{E7A82B08-8732-4D98-B97C-F3EEBD5420AF} = {5591F709-7BD9-41EC-B4CA-E5E659213647}
		{91BC2483-81A4-40D0-89EB-EDA6A2B8F071} = {5591F709-7BD9-41EC-B4CA-E5E659213647}
		{059006C7-DF64-448E-A68F-56C4DA561BE7} = {5591F709-7BD9-41EC-B4CA-E5E659213647}
		{FA7E1071-F05A-4861-9ED1-8600E6C1DD14} = {5591F709-7BD9-41EC-B4CA-E5E659213647}
		{5179CE50-681C-4655-9A90-2935BD125923} = {5591F709-7BD9-41EC-B4CA-E5E659213647}
		{35553D98-00D7-4ABB-B2EA-D8538C787AB8} = {5591F709-7BD9-41EC-B4CA-E5E659213647}
		{852AD944-8322-4971-B80E-7428986371DF} = {5591F709-7BD9-41EC-B4CA-E5E659213647}
		{3216F509-52D3-4C9F-B177-E2AB176C8382} = {5591F709-7BD9-41EC-B4CA-E5E659213647}
		{E9CC0D61-B727-4BAE-8C49-953353D0E9C0} = {5591F709-7BD9-41EC-B4CA-E5E659213647}
		{0945076C-9998-42A7-8E5E-0ED8F85F5D79} = {5591F709-7BD9-41EC-B4CA-E5E659213647}
		{34B700B3-5BD2-406E-8DF5-211E6ACC3F41} = {5591F709-7BD9-41EC-B4CA-E5E659213647}
		{0FE3B978-B407-4828-92C2-F5F30B8F8332} = {235481D7-7495-4555-93D2-3BBA7571A650}
		{4D63CD62-DC9F-4796-8F0A-71F8AFB56680} = {0FE3B978-B407-4828-92C2-F5F30B8F8332}
		{A89548FF-97C9-4F2C-BAB9-DCE1A7123799} = {0FE3B978-B407-4828-92C2-F5F30B8F8332}
		{88AF9EC5-99DF-49E6-A9CC-63B990F939A6} = {0FE3B978-B407-4828-92C2-F5F30B8F8332}
		{BB06C882-E8B9-42D5-953C-3C767525C238} = {0FE3B978-B407-4828-92C2-F5F30B8F8332}
		{26CD860A-7260-4052-ADD9-1C4C46B51FB7} = {0FE3B978-B407-4828-92C2-F5F30B8F8332}
		{AD5CA738-E484-4198-97B2-6AEED8BEE0D2} = {235481D7-7495-4555-93D2-3BBA7571A650}
		{DCEDFA3A-CBAB-4C6C-9203-6B16F19EE5AA} = {AD5CA738-E484-4198-97B2-6AEED8BEE0D2}
		{C2EE9AE6-06FE-497A-B581-01C6B1539007} = {DCEDFA3A-CBAB-4C6C-9203-6B16F19EE5AA}
		{7939ADAF-3B7D-4F74-AD8B-0F260AA544A7} = {AD5CA738-E484-4198-97B2-6AEED8BEE0D2}
		{2543D161-C00F-44F8-B1AE-B187E0629621} = {7939ADAF-3B7D-4F74-AD8B-0F260AA544A7}
		{B9FC7E8E-3EC1-4D7B-B9A4-210EEC2C2549} = {7939ADAF-3B7D-4F74-AD8B-0F260AA544A7}
		{AAE9C729-83B1-4586-8883-5E517550CA2B} = {7939ADAF-3B7D-4F74-AD8B-0F260AA544A7}
		{076877F5-CF3D-4A99-B4F9-31A4B2671BFF} = {7939ADAF-3B7D-4F74-AD8B-0F260AA544A7}
		{DD80D2D9-1A13-4B5D-AD1F-FF5B99B1B547} = {7939ADAF-3B7D-4F74-AD8B-0F260AA544A7}
		{2637C433-5E49-4223-B98F-B936C8A06C4A} = {7939ADAF-3B7D-4F74-AD8B-0F260AA544A7}
		{276C9D35-4CCC-4B4B-9B21-2B36B42C205F} = {AD5CA738-E484-4198-97B2-6AEED8BEE0D2}
		{5F842A0D-B376-430B-884E-3E809298C8C7} = {276C9D35-4CCC-4B4B-9B21-2B36B42C205F}
		{8630C0F4-945E-4544-8FE4-4756A1475DC8} = {276C9D35-4CCC-4B4B-9B21-2B36B42C205F}
		{B35AC880-F9E7-441F-AE0F-BE45ABE51575} = {AD5CA738-E484-4198-97B2-6AEED8BEE0D2}
		{101D8CF6-5191-47C6-A4A1-8150F0266A07} = {B35AC880-F9E7-441F-AE0F-BE45ABE51575}
		{4746AA97-628A-4919-BA8D-6FC085683CE6} = {B35AC880-F9E7-441F-AE0F-BE45ABE51575}
		{7D845BD8-09A3-4BA8-B4A4-22C8429E751D} = {AD5CA738-E484-4198-97B2-6AEED8BEE0D2}
		{4D9242F1-CB2D-42E2-BED0-7938347BF21C} = {7D845BD8-09A3-4BA8-B4A4-22C8429E751D}
		{060631F7-4DAD-407B-ABBA-77A7F81AFC12} = {7D845BD8-09A3-4BA8-B4A4-22C8429E751D}
		{1B820DE5-3779-4FCB-8DE6-C3801416AD2D} = {E37269F7-CD4B-40ED-BC65-3F287E5DB15D}
		{8ED7755E-F289-479B-B4D5-C977D9AAC288} = {1B820DE5-3779-4FCB-8DE6-C3801416AD2D}
		{4628E52A-39C0-4054-822A-4E1528A6E6D1} = {8ED7755E-F289-479B-B4D5-C977D9AAC288}
		{AC3CFA5C-5E0D-4992-AC49-F820D22117FE} = {4628E52A-39C0-4054-822A-4E1528A6E6D1}
		{7A9FD823-C1F3-4DC5-8572-C05F639FA6A7} = {AC3CFA5C-5E0D-4992-AC49-F820D22117FE}
		{75699A1D-C076-4BE9-B465-36149458854F} = {AC3CFA5C-5E0D-4992-AC49-F820D22117FE}
		{9A86E77C-AF7B-4162-AD96-525F3C97170B} = {AC3CFA5C-5E0D-4992-AC49-F820D22117FE}
		{41C2B362-F203-4466-B112-2AF18B7F2C34} = {AC3CFA5C-5E0D-4992-AC49-F820D22117FE}
		{D5E89EB7-D740-4B07-8DE4-CC90DE2698D7} = {AC3CFA5C-5E0D-4992-AC49-F820D22117FE}
		{CA750132-9CA1-4551-AFFD-333C1D9CAC41} = {4628E52A-39C0-4054-822A-4E1528A6E6D1}
		{321CD028-670D-4AC2-8ADD-5269E9A0C25D} = {CA750132-9CA1-4551-AFFD-333C1D9CAC41}
		{1F1840C5-4A10-441E-9EC0-E96DCB70E63B} = {CA750132-9CA1-4551-AFFD-333C1D9CAC41}
		{5AA16BEF-0095-49DF-92F0-06F256F840A8} = {CA750132-9CA1-4551-AFFD-333C1D9CAC41}
	EndGlobalSection
	GlobalSection(ExtensibilityGlobals) = postSolution
		SolutionGuid = {246C4B98-DFD0-4A45-B942-B9E2B4DE4C71}
	EndGlobalSection
EndGlobal
