
Microsoft Visual Studio Solution File, Format Version 12.00
Project("{2150E333-8FDC-42A3-9474-1A3956D46DE8}") = "src", "src", "{788742B9-1878-4A60-B381-A60F4E43F907}"
EndProject
Project("{2150E333-8FDC-42A3-9474-1A3956D46DE8}") = "tests", "tests", "{27F442D2-123E-43B6-AC3A-EFCFF0B4C598}"
EndProject
Project("{FAE04EC0-301F-11D3-BF4B-00C04F79EFBC}") = "Zaabee.Jil.UnitTest", "tests\Zaabee.Jil.UnitTest\Zaabee.Jil.UnitTest.csproj", "{B42A3EA0-D986-4E04-B65A-23D1001C844F}"
EndProject
Project("{FAE04EC0-301F-11D3-BF4B-00C04F79EFBC}") = "Zaabee.MsgPack.UnitTest", "tests\Zaabee.MsgPack.UnitTest\Zaabee.MsgPack.UnitTest.csproj", "{B3374987-D77E-47A6-8040-CC04B7AD9D78}"
EndProject
Project("{FAE04EC0-301F-11D3-BF4B-00C04F79EFBC}") = "Zaabee.NewtonsoftJson.UnitTest", "tests\Zaabee.NewtonsoftJson.UnitTest\Zaabee.NewtonsoftJson.UnitTest.csproj", "{F1186ABB-5FD8-4C2C-8323-08960FA8B3A0}"
EndProject
Project("{FAE04EC0-301F-11D3-BF4B-00C04F79EFBC}") = "Zaabee.Protobuf.UnitTest", "tests\Zaabee.Protobuf.UnitTest\Zaabee.Protobuf.UnitTest.csproj", "{35C6273A-4592-49B4-8953-D5732932B321}"
EndProject
Project("{FAE04EC0-301F-11D3-BF4B-00C04F79EFBC}") = "Zaabee.SystemTextJson.UnitTest", "tests\Zaabee.SystemTextJson.UnitTest\Zaabee.SystemTextJson.UnitTest.csproj", "{A560B90C-DA67-4546-838B-D9A57969A271}"
EndProject
Project("{FAE04EC0-301F-11D3-BF4B-00C04F79EFBC}") = "Zaabee.Utf8Json.UnitTest", "tests\Zaabee.Utf8Json.UnitTest\Zaabee.Utf8Json.UnitTest.csproj", "{356021EC-4895-46F4-B75F-B0985445C2B5}"
EndProject
Project("{FAE04EC0-301F-11D3-BF4B-00C04F79EFBC}") = "Zaabee.Xml.UnitTest", "tests\Zaabee.Xml.UnitTest\Zaabee.Xml.UnitTest.csproj", "{88F11347-373C-4A7C-875D-A4F55E8C0A0A}"
EndProject
Project("{FAE04EC0-301F-11D3-BF4B-00C04F79EFBC}") = "Zaabee.ZeroFormatter.UnitTest", "tests\Zaabee.ZeroFormatter.UnitTest\Zaabee.ZeroFormatter.UnitTest.csproj", "{69823E1C-9A95-4FA8-BD3C-234208A323E9}"
EndProject
Project("{2150E333-8FDC-42A3-9474-1A3956D46DE8}") = "perf", "perf", "{90DB4B57-6A0D-41E0-91E4-1505A822AD16}"
EndProject
Project("{FAE04EC0-301F-11D3-BF4B-00C04F79EFBC}") = "Benchmark", "perf\Benchmark\Benchmark.csproj", "{35FF82EA-937C-4FBE-B6EA-2B73B360F365}"
EndProject
Project("{FAE04EC0-301F-11D3-BF4B-00C04F79EFBC}") = "TestModels", "tests\TestModels\TestModels.csproj", "{8E52BA25-0F76-432E-94BF-8F9DC1723979}"
EndProject
Project("{FAE04EC0-301F-11D3-BF4B-00C04F79EFBC}") = "Zaabee.Serializer.Abstractions", "src\Zaabee.Serializer.Abstractions\Zaabee.Serializer.Abstractions.csproj", "{12DC7AB7-49EA-4A17-B693-CCAE289BDA53}"
EndProject
Project("{FAE04EC0-301F-11D3-BF4B-00C04F79EFBC}") = "Zaabee.Serializer.UnitTest", "tests\Zaabee.Serializer.UnitTest\Zaabee.Serializer.UnitTest.csproj", "{7E985718-5D73-450D-AAD9-D14A2FBD5DE8}"
EndProject
Project("{FAE04EC0-301F-11D3-BF4B-00C04F79EFBC}") = "Zaabee.MessagePack.UnitTest", "tests\Zaabee.MessagePack.UnitTest\Zaabee.MessagePack.UnitTest.csproj", "{FFCEA7ED-4D1F-4C7C-9F1C-7E838EA49997}"
EndProject
Project("{FAE04EC0-301F-11D3-BF4B-00C04F79EFBC}") = "Zaabee.DataContractSerializer.UnitTest", "tests\Zaabee.DataContractSerializer.UnitTest\Zaabee.DataContractSerializer.UnitTest.csproj", "{0A2706EB-7967-48B2-915A-ABAC575BA81A}"
EndProject
Project("{FAE04EC0-301F-11D3-BF4B-00C04F79EFBC}") = "CodeTimer", "perf\CodeTimer\CodeTimer.csproj", "{01CE259B-7653-427C-A92C-41600FBD068D}"
EndProject
Project("{FAE04EC0-301F-11D3-BF4B-00C04F79EFBC}") = "Zaabee.YamlDotNet.UnitTest", "tests\Zaabee.YamlDotNet.UnitTest\Zaabee.YamlDotNet.UnitTest.csproj", "{8E122516-EDCA-44C3-8A3E-30849E28E8EF}"
EndProject
Project("{FAE04EC0-301F-11D3-BF4B-00C04F79EFBC}") = "Zaabee.SharpYaml.UnitTest", "tests\Zaabee.SharpYaml.UnitTest\Zaabee.SharpYaml.UnitTest.csproj", "{E324D14F-A88F-48F3-8569-ABF7F1E1D885}"
EndProject
Project("{FAE04EC0-301F-11D3-BF4B-00C04F79EFBC}") = "Zaabee.Serializer.Types.UnitTest", "tests\Zaabee.Serializer.Types.UnitTest\Zaabee.Serializer.Types.UnitTest.csproj", "{B46C6D9A-BB3B-4ECF-B2DE-9DFDB6A8E7B4}"
EndProject
Project("{FAE04EC0-301F-11D3-BF4B-00C04F79EFBC}") = "Zaabee.MemoryPack.UnitTest", "tests\Zaabee.MemoryPack.UnitTest\Zaabee.MemoryPack.UnitTest.csproj", "{D621C1BA-78C6-47E5-AF7C-8DA828BDFC73}"
EndProject
Project("{2150E333-8FDC-42A3-9474-1A3956D46DE8}") = "BinarySerializers", "BinarySerializers", "{B58796E4-9D19-4642-B213-A92C3FCC3EFA}"
EndProject
Project("{2150E333-8FDC-42A3-9474-1A3956D46DE8}") = "TextSerializers", "TextSerializers", "{A5BEA408-25C2-458D-BAF6-9B0139326EF2}"
EndProject
Project("{FAE04EC0-301F-11D3-BF4B-00C04F79EFBC}") = "Zaabee.MemoryPack", "src\BinarySerializers\Zaabee.MemoryPack\Zaabee.MemoryPack.csproj", "{22CD4DD3-2DEB-43D6-A69B-3BD90C9E9F2A}"
EndProject
Project("{FAE04EC0-301F-11D3-BF4B-00C04F79EFBC}") = "Zaabee.MessagePack", "src\BinarySerializers\Zaabee.MessagePack\Zaabee.MessagePack.csproj", "{CEE2F52F-1D2A-47D8-914F-C6726FA4B33D}"
EndProject
Project("{FAE04EC0-301F-11D3-BF4B-00C04F79EFBC}") = "Zaabee.MsgPack", "src\BinarySerializers\Zaabee.MsgPack\Zaabee.MsgPack.csproj", "{C6C50F08-E680-49D6-BABD-5A4B2A97DCF1}"
EndProject
Project("{FAE04EC0-301F-11D3-BF4B-00C04F79EFBC}") = "Zaabee.Protobuf", "src\BinarySerializers\Zaabee.Protobuf\Zaabee.Protobuf.csproj", "{E960E002-3DDB-4AAC-B9C1-5A67560F1C33}"
EndProject
Project("{FAE04EC0-301F-11D3-BF4B-00C04F79EFBC}") = "Zaabee.ZeroFormatter", "src\BinarySerializers\Zaabee.ZeroFormatter\Zaabee.ZeroFormatter.csproj", "{588BAB9F-C146-46F9-BE0F-98215645F2DB}"
EndProject
Project("{2150E333-8FDC-42A3-9474-1A3956D46DE8}") = "IniSerializers", "IniSerializers", "{FCF03E38-1EC7-4A8F-8B14-CAB674C17920}"
EndProject
Project("{2150E333-8FDC-42A3-9474-1A3956D46DE8}") = "JsonSerializers", "JsonSerializers", "{96DA79BF-DFC4-4318-A9BA-C23A4A589BDC}"
EndProject
Project("{2150E333-8FDC-42A3-9474-1A3956D46DE8}") = "TomlSerializers", "TomlSerializers", "{87105D7B-F933-46DA-8BEA-AF8BAF48B4AB}"
EndProject
Project("{2150E333-8FDC-42A3-9474-1A3956D46DE8}") = "XmlSerializers", "XmlSerializers", "{64D8B9A0-8355-4CE4-819E-A5D27F2121FE}"
EndProject
Project("{2150E333-8FDC-42A3-9474-1A3956D46DE8}") = "YamlSerializers", "YamlSerializers", "{AE3DD2C0-41C1-424E-ABA1-89EFE9DB2530}"
EndProject
Project("{FAE04EC0-301F-11D3-BF4B-00C04F79EFBC}") = "Zaabee.Jil", "src\TextSerializers\JsonSerializers\Zaabee.Jil\Zaabee.Jil.csproj", "{E41DF97A-9D03-45F2-B3D0-41677056FA94}"
EndProject
Project("{FAE04EC0-301F-11D3-BF4B-00C04F79EFBC}") = "Zaabee.NewtonsoftJson", "src\TextSerializers\JsonSerializers\Zaabee.NewtonsoftJson\Zaabee.NewtonsoftJson.csproj", "{9ACA8F63-C31E-4A31-BD60-B25267FC2175}"
EndProject
Project("{FAE04EC0-301F-11D3-BF4B-00C04F79EFBC}") = "Zaabee.SystemTextJson", "src\TextSerializers\JsonSerializers\Zaabee.SystemTextJson\Zaabee.SystemTextJson.csproj", "{74B45FD6-646D-46BB-AE25-042CA37E271E}"
EndProject
Project("{FAE04EC0-301F-11D3-BF4B-00C04F79EFBC}") = "Zaabee.Utf8Json", "src\TextSerializers\JsonSerializers\Zaabee.Utf8Json\Zaabee.Utf8Json.csproj", "{87DA9E19-03D2-45DC-A6D9-0FA5D7762214}"
EndProject
Project("{FAE04EC0-301F-11D3-BF4B-00C04F79EFBC}") = "Zaabee.DataContractSerializer", "src\TextSerializers\XmlSerializers\Zaabee.DataContractSerializer\Zaabee.DataContractSerializer.csproj", "{06410879-37F5-423D-B6D1-98E9B3A059B3}"
EndProject
Project("{FAE04EC0-301F-11D3-BF4B-00C04F79EFBC}") = "Zaabee.Xml", "src\TextSerializers\XmlSerializers\Zaabee.Xml\Zaabee.Xml.csproj", "{288C3B38-2EE3-4ED8-AAF2-372F96DBC8A0}"
EndProject
Project("{FAE04EC0-301F-11D3-BF4B-00C04F79EFBC}") = "Zaabee.SharpYaml", "src\TextSerializers\YamlSerializers\Zaabee.SharpYaml\Zaabee.SharpYaml.csproj", "{13FA7FF5-9B3D-4CAE-A42F-DE1944C9A01E}"
EndProject
Project("{FAE04EC0-301F-11D3-BF4B-00C04F79EFBC}") = "Zaabee.YamlDotNet", "src\TextSerializers\YamlSerializers\Zaabee.YamlDotNet\Zaabee.YamlDotNet.csproj", "{4CC5C7C3-10FD-4E3A-8BF1-D437017C5006}"
EndProject
Project("{FAE04EC0-301F-11D3-BF4B-00C04F79EFBC}") = "Zaabee.SpanJson", "src\TextSerializers\JsonSerializers\Zaabee.SpanJson\Zaabee.SpanJson.csproj", "{E864A4D6-EB46-4C7E-AC5B-4A8E8DF116C5}"
EndProject
Project("{FAE04EC0-301F-11D3-BF4B-00C04F79EFBC}") = "Zaabee.SpanJson.UnitTest", "tests\Zaabee.SpanJson.UnitTest\Zaabee.SpanJson.UnitTest.csproj", "{F2315864-8038-4568-B226-AAE42EB0B728}"
EndProject
Project("{FAE04EC0-301F-11D3-BF4B-00C04F79EFBC}") = "Zaabee.Tomlyn", "src\TextSerializers\TomlSerializers\Zaabee.Tomlyn\Zaabee.Tomlyn.csproj", "{1C5AAFE5-B4BE-49CC-8A16-B3459410D800}"
EndProject
Project("{FAE04EC0-301F-11D3-BF4B-00C04F79EFBC}") = "Zaabee.Tomlyn.UnitTest", "tests\Zaabee.Tomlyn.UnitTest\Zaabee.Tomlyn.UnitTest.csproj", "{8650EBEE-39BA-4E03-A8EE-B5D73C0E2323}"
EndProject
Project("{FAE04EC0-301F-11D3-BF4B-00C04F79EFBC}") = "Zaabee.Ini", "src\TextSerializers\IniSerializers\Zaabee.Ini\Zaabee.Ini.csproj", "{F6C8B265-EC23-418A-B94D-B68B92CA383C}"
EndProject
Project("{FAE04EC0-301F-11D3-BF4B-00C04F79EFBC}") = "Zaabee.Ini.UnitTest", "tests\Zaabee.Ini.UnitTest\Zaabee.Ini.UnitTest.csproj", "{D9BAC9AF-4308-4AE1-904A-7A7AA9334C35}"
EndProject
Project("{FAE04EC0-301F-11D3-BF4B-00C04F79EFBC}") = "Zaabee.Tommy", "src\TextSerializers\TomlSerializers\Zaabee.Tommy\Zaabee.Tommy.csproj", "{4C56E2E3-50C8-4090-BA55-DAB20C61FF8E}"
EndProject
Project("{FAE04EC0-301F-11D3-BF4B-00C04F79EFBC}") = "Zaabee.Tomlet", "src\TextSerializers\TomlSerializers\Zaabee.Tomlet\Zaabee.Tomlet.csproj", "{08B316D1-B6F2-4AE1-A0DC-3C75E36B0B0A}"
EndProject
Global
	GlobalSection(SolutionConfigurationPlatforms) = preSolution
		Debug|Any CPU = Debug|Any CPU
		Release|Any CPU = Release|Any CPU
	EndGlobalSection
	GlobalSection(NestedProjects) = preSolution
		{B42A3EA0-D986-4E04-B65A-23D1001C844F} = {27F442D2-123E-43B6-AC3A-EFCFF0B4C598}
		{B3374987-D77E-47A6-8040-CC04B7AD9D78} = {27F442D2-123E-43B6-AC3A-EFCFF0B4C598}
		{F1186ABB-5FD8-4C2C-8323-08960FA8B3A0} = {27F442D2-123E-43B6-AC3A-EFCFF0B4C598}
		{35C6273A-4592-49B4-8953-D5732932B321} = {27F442D2-123E-43B6-AC3A-EFCFF0B4C598}
		{A560B90C-DA67-4546-838B-D9A57969A271} = {27F442D2-123E-43B6-AC3A-EFCFF0B4C598}
		{356021EC-4895-46F4-B75F-B0985445C2B5} = {27F442D2-123E-43B6-AC3A-EFCFF0B4C598}
		{88F11347-373C-4A7C-875D-A4F55E8C0A0A} = {27F442D2-123E-43B6-AC3A-EFCFF0B4C598}
		{69823E1C-9A95-4FA8-BD3C-234208A323E9} = {27F442D2-123E-43B6-AC3A-EFCFF0B4C598}
		{35FF82EA-937C-4FBE-B6EA-2B73B360F365} = {90DB4B57-6A0D-41E0-91E4-1505A822AD16}
		{8E52BA25-0F76-432E-94BF-8F9DC1723979} = {27F442D2-123E-43B6-AC3A-EFCFF0B4C598}
		{12DC7AB7-49EA-4A17-B693-CCAE289BDA53} = {788742B9-1878-4A60-B381-A60F4E43F907}
		{7E985718-5D73-450D-AAD9-D14A2FBD5DE8} = {27F442D2-123E-43B6-AC3A-EFCFF0B4C598}
		{FFCEA7ED-4D1F-4C7C-9F1C-7E838EA49997} = {27F442D2-123E-43B6-AC3A-EFCFF0B4C598}
		{0A2706EB-7967-48B2-915A-ABAC575BA81A} = {27F442D2-123E-43B6-AC3A-EFCFF0B4C598}
		{01CE259B-7653-427C-A92C-41600FBD068D} = {90DB4B57-6A0D-41E0-91E4-1505A822AD16}
		{8E122516-EDCA-44C3-8A3E-30849E28E8EF} = {27F442D2-123E-43B6-AC3A-EFCFF0B4C598}
		{E324D14F-A88F-48F3-8569-ABF7F1E1D885} = {27F442D2-123E-43B6-AC3A-EFCFF0B4C598}
		{B46C6D9A-BB3B-4ECF-B2DE-9DFDB6A8E7B4} = {27F442D2-123E-43B6-AC3A-EFCFF0B4C598}
		{D621C1BA-78C6-47E5-AF7C-8DA828BDFC73} = {27F442D2-123E-43B6-AC3A-EFCFF0B4C598}
		{B58796E4-9D19-4642-B213-A92C3FCC3EFA} = {788742B9-1878-4A60-B381-A60F4E43F907}
		{A5BEA408-25C2-458D-BAF6-9B0139326EF2} = {788742B9-1878-4A60-B381-A60F4E43F907}
		{22CD4DD3-2DEB-43D6-A69B-3BD90C9E9F2A} = {B58796E4-9D19-4642-B213-A92C3FCC3EFA}
		{CEE2F52F-1D2A-47D8-914F-C6726FA4B33D} = {B58796E4-9D19-4642-B213-A92C3FCC3EFA}
		{C6C50F08-E680-49D6-BABD-5A4B2A97DCF1} = {B58796E4-9D19-4642-B213-A92C3FCC3EFA}
		{E960E002-3DDB-4AAC-B9C1-5A67560F1C33} = {B58796E4-9D19-4642-B213-A92C3FCC3EFA}
		{588BAB9F-C146-46F9-BE0F-98215645F2DB} = {B58796E4-9D19-4642-B213-A92C3FCC3EFA}
		{FCF03E38-1EC7-4A8F-8B14-CAB674C17920} = {A5BEA408-25C2-458D-BAF6-9B0139326EF2}
		{96DA79BF-DFC4-4318-A9BA-C23A4A589BDC} = {A5BEA408-25C2-458D-BAF6-9B0139326EF2}
		{87105D7B-F933-46DA-8BEA-AF8BAF48B4AB} = {A5BEA408-25C2-458D-BAF6-9B0139326EF2}
		{64D8B9A0-8355-4CE4-819E-A5D27F2121FE} = {A5BEA408-25C2-458D-BAF6-9B0139326EF2}
		{AE3DD2C0-41C1-424E-ABA1-89EFE9DB2530} = {A5BEA408-25C2-458D-BAF6-9B0139326EF2}
		{E41DF97A-9D03-45F2-B3D0-41677056FA94} = {96DA79BF-DFC4-4318-A9BA-C23A4A589BDC}
		{9ACA8F63-C31E-4A31-BD60-B25267FC2175} = {96DA79BF-DFC4-4318-A9BA-C23A4A589BDC}
		{74B45FD6-646D-46BB-AE25-042CA37E271E} = {96DA79BF-DFC4-4318-A9BA-C23A4A589BDC}
		{87DA9E19-03D2-45DC-A6D9-0FA5D7762214} = {96DA79BF-DFC4-4318-A9BA-C23A4A589BDC}
		{06410879-37F5-423D-B6D1-98E9B3A059B3} = {64D8B9A0-8355-4CE4-819E-A5D27F2121FE}
		{288C3B38-2EE3-4ED8-AAF2-372F96DBC8A0} = {64D8B9A0-8355-4CE4-819E-A5D27F2121FE}
		{13FA7FF5-9B3D-4CAE-A42F-DE1944C9A01E} = {AE3DD2C0-41C1-424E-ABA1-89EFE9DB2530}
		{4CC5C7C3-10FD-4E3A-8BF1-D437017C5006} = {AE3DD2C0-41C1-424E-ABA1-89EFE9DB2530}
		{E864A4D6-EB46-4C7E-AC5B-4A8E8DF116C5} = {96DA79BF-DFC4-4318-A9BA-C23A4A589BDC}
		{F2315864-8038-4568-B226-AAE42EB0B728} = {27F442D2-123E-43B6-AC3A-EFCFF0B4C598}
		{1C5AAFE5-B4BE-49CC-8A16-B3459410D800} = {87105D7B-F933-46DA-8BEA-AF8BAF48B4AB}
		{8650EBEE-39BA-4E03-A8EE-B5D73C0E2323} = {27F442D2-123E-43B6-AC3A-EFCFF0B4C598}
		{F6C8B265-EC23-418A-B94D-B68B92CA383C} = {FCF03E38-1EC7-4A8F-8B14-CAB674C17920}
		{D9BAC9AF-4308-4AE1-904A-7A7AA9334C35} = {27F442D2-123E-43B6-AC3A-EFCFF0B4C598}
		{4C56E2E3-50C8-4090-BA55-DAB20C61FF8E} = {87105D7B-F933-46DA-8BEA-AF8BAF48B4AB}
		{08B316D1-B6F2-4AE1-A0DC-3C75E36B0B0A} = {87105D7B-F933-46DA-8BEA-AF8BAF48B4AB}
	EndGlobalSection
	GlobalSection(ProjectConfigurationPlatforms) = postSolution
		{B42A3EA0-D986-4E04-B65A-23D1001C844F}.Debug|Any CPU.ActiveCfg = Debug|Any CPU
		{B42A3EA0-D986-4E04-B65A-23D1001C844F}.Debug|Any CPU.Build.0 = Debug|Any CPU
		{B42A3EA0-D986-4E04-B65A-23D1001C844F}.Release|Any CPU.ActiveCfg = Release|Any CPU
		{B42A3EA0-D986-4E04-B65A-23D1001C844F}.Release|Any CPU.Build.0 = Release|Any CPU
		{B3374987-D77E-47A6-8040-CC04B7AD9D78}.Debug|Any CPU.ActiveCfg = Debug|Any CPU
		{B3374987-D77E-47A6-8040-CC04B7AD9D78}.Debug|Any CPU.Build.0 = Debug|Any CPU
		{B3374987-D77E-47A6-8040-CC04B7AD9D78}.Release|Any CPU.ActiveCfg = Release|Any CPU
		{B3374987-D77E-47A6-8040-CC04B7AD9D78}.Release|Any CPU.Build.0 = Release|Any CPU
		{F1186ABB-5FD8-4C2C-8323-08960FA8B3A0}.Debug|Any CPU.ActiveCfg = Debug|Any CPU
		{F1186ABB-5FD8-4C2C-8323-08960FA8B3A0}.Debug|Any CPU.Build.0 = Debug|Any CPU
		{F1186ABB-5FD8-4C2C-8323-08960FA8B3A0}.Release|Any CPU.ActiveCfg = Release|Any CPU
		{F1186ABB-5FD8-4C2C-8323-08960FA8B3A0}.Release|Any CPU.Build.0 = Release|Any CPU
		{35C6273A-4592-49B4-8953-D5732932B321}.Debug|Any CPU.ActiveCfg = Debug|Any CPU
		{35C6273A-4592-49B4-8953-D5732932B321}.Debug|Any CPU.Build.0 = Debug|Any CPU
		{35C6273A-4592-49B4-8953-D5732932B321}.Release|Any CPU.ActiveCfg = Release|Any CPU
		{35C6273A-4592-49B4-8953-D5732932B321}.Release|Any CPU.Build.0 = Release|Any CPU
		{A560B90C-DA67-4546-838B-D9A57969A271}.Debug|Any CPU.ActiveCfg = Debug|Any CPU
		{A560B90C-DA67-4546-838B-D9A57969A271}.Debug|Any CPU.Build.0 = Debug|Any CPU
		{A560B90C-DA67-4546-838B-D9A57969A271}.Release|Any CPU.ActiveCfg = Release|Any CPU
		{A560B90C-DA67-4546-838B-D9A57969A271}.Release|Any CPU.Build.0 = Release|Any CPU
		{356021EC-4895-46F4-B75F-B0985445C2B5}.Debug|Any CPU.ActiveCfg = Debug|Any CPU
		{356021EC-4895-46F4-B75F-B0985445C2B5}.Debug|Any CPU.Build.0 = Debug|Any CPU
		{356021EC-4895-46F4-B75F-B0985445C2B5}.Release|Any CPU.ActiveCfg = Release|Any CPU
		{356021EC-4895-46F4-B75F-B0985445C2B5}.Release|Any CPU.Build.0 = Release|Any CPU
		{88F11347-373C-4A7C-875D-A4F55E8C0A0A}.Debug|Any CPU.ActiveCfg = Debug|Any CPU
		{88F11347-373C-4A7C-875D-A4F55E8C0A0A}.Debug|Any CPU.Build.0 = Debug|Any CPU
		{88F11347-373C-4A7C-875D-A4F55E8C0A0A}.Release|Any CPU.ActiveCfg = Release|Any CPU
		{88F11347-373C-4A7C-875D-A4F55E8C0A0A}.Release|Any CPU.Build.0 = Release|Any CPU
		{69823E1C-9A95-4FA8-BD3C-234208A323E9}.Debug|Any CPU.ActiveCfg = Debug|Any CPU
		{69823E1C-9A95-4FA8-BD3C-234208A323E9}.Debug|Any CPU.Build.0 = Debug|Any CPU
		{69823E1C-9A95-4FA8-BD3C-234208A323E9}.Release|Any CPU.ActiveCfg = Release|Any CPU
		{69823E1C-9A95-4FA8-BD3C-234208A323E9}.Release|Any CPU.Build.0 = Release|Any CPU
		{35FF82EA-937C-4FBE-B6EA-2B73B360F365}.Debug|Any CPU.ActiveCfg = Debug|Any CPU
		{35FF82EA-937C-4FBE-B6EA-2B73B360F365}.Debug|Any CPU.Build.0 = Debug|Any CPU
		{35FF82EA-937C-4FBE-B6EA-2B73B360F365}.Release|Any CPU.ActiveCfg = Release|Any CPU
		{35FF82EA-937C-4FBE-B6EA-2B73B360F365}.Release|Any CPU.Build.0 = Release|Any CPU
		{8E52BA25-0F76-432E-94BF-8F9DC1723979}.Debug|Any CPU.ActiveCfg = Debug|Any CPU
		{8E52BA25-0F76-432E-94BF-8F9DC1723979}.Debug|Any CPU.Build.0 = Debug|Any CPU
		{8E52BA25-0F76-432E-94BF-8F9DC1723979}.Release|Any CPU.ActiveCfg = Release|Any CPU
		{8E52BA25-0F76-432E-94BF-8F9DC1723979}.Release|Any CPU.Build.0 = Release|Any CPU
		{12DC7AB7-49EA-4A17-B693-CCAE289BDA53}.Debug|Any CPU.ActiveCfg = Debug|Any CPU
		{12DC7AB7-49EA-4A17-B693-CCAE289BDA53}.Debug|Any CPU.Build.0 = Debug|Any CPU
		{12DC7AB7-49EA-4A17-B693-CCAE289BDA53}.Release|Any CPU.ActiveCfg = Release|Any CPU
		{12DC7AB7-49EA-4A17-B693-CCAE289BDA53}.Release|Any CPU.Build.0 = Release|Any CPU
		{7E985718-5D73-450D-AAD9-D14A2FBD5DE8}.Debug|Any CPU.ActiveCfg = Debug|Any CPU
		{7E985718-5D73-450D-AAD9-D14A2FBD5DE8}.Debug|Any CPU.Build.0 = Debug|Any CPU
		{7E985718-5D73-450D-AAD9-D14A2FBD5DE8}.Release|Any CPU.ActiveCfg = Release|Any CPU
		{7E985718-5D73-450D-AAD9-D14A2FBD5DE8}.Release|Any CPU.Build.0 = Release|Any CPU
		{FFCEA7ED-4D1F-4C7C-9F1C-7E838EA49997}.Debug|Any CPU.ActiveCfg = Debug|Any CPU
		{FFCEA7ED-4D1F-4C7C-9F1C-7E838EA49997}.Debug|Any CPU.Build.0 = Debug|Any CPU
		{FFCEA7ED-4D1F-4C7C-9F1C-7E838EA49997}.Release|Any CPU.ActiveCfg = Release|Any CPU
		{FFCEA7ED-4D1F-4C7C-9F1C-7E838EA49997}.Release|Any CPU.Build.0 = Release|Any CPU
		{0A2706EB-7967-48B2-915A-ABAC575BA81A}.Debug|Any CPU.ActiveCfg = Debug|Any CPU
		{0A2706EB-7967-48B2-915A-ABAC575BA81A}.Debug|Any CPU.Build.0 = Debug|Any CPU
		{0A2706EB-7967-48B2-915A-ABAC575BA81A}.Release|Any CPU.ActiveCfg = Release|Any CPU
		{0A2706EB-7967-48B2-915A-ABAC575BA81A}.Release|Any CPU.Build.0 = Release|Any CPU
		{01CE259B-7653-427C-A92C-41600FBD068D}.Debug|Any CPU.ActiveCfg = Debug|Any CPU
		{01CE259B-7653-427C-A92C-41600FBD068D}.Debug|Any CPU.Build.0 = Debug|Any CPU
		{01CE259B-7653-427C-A92C-41600FBD068D}.Release|Any CPU.ActiveCfg = Release|Any CPU
		{01CE259B-7653-427C-A92C-41600FBD068D}.Release|Any CPU.Build.0 = Release|Any CPU
		{8E122516-EDCA-44C3-8A3E-30849E28E8EF}.Debug|Any CPU.ActiveCfg = Debug|Any CPU
		{8E122516-EDCA-44C3-8A3E-30849E28E8EF}.Debug|Any CPU.Build.0 = Debug|Any CPU
		{8E122516-EDCA-44C3-8A3E-30849E28E8EF}.Release|Any CPU.ActiveCfg = Release|Any CPU
		{8E122516-EDCA-44C3-8A3E-30849E28E8EF}.Release|Any CPU.Build.0 = Release|Any CPU
		{E324D14F-A88F-48F3-8569-ABF7F1E1D885}.Debug|Any CPU.ActiveCfg = Debug|Any CPU
		{E324D14F-A88F-48F3-8569-ABF7F1E1D885}.Debug|Any CPU.Build.0 = Debug|Any CPU
		{E324D14F-A88F-48F3-8569-ABF7F1E1D885}.Release|Any CPU.ActiveCfg = Release|Any CPU
		{E324D14F-A88F-48F3-8569-ABF7F1E1D885}.Release|Any CPU.Build.0 = Release|Any CPU
		{B46C6D9A-BB3B-4ECF-B2DE-9DFDB6A8E7B4}.Debug|Any CPU.ActiveCfg = Debug|Any CPU
		{B46C6D9A-BB3B-4ECF-B2DE-9DFDB6A8E7B4}.Debug|Any CPU.Build.0 = Debug|Any CPU
		{B46C6D9A-BB3B-4ECF-B2DE-9DFDB6A8E7B4}.Release|Any CPU.ActiveCfg = Release|Any CPU
		{B46C6D9A-BB3B-4ECF-B2DE-9DFDB6A8E7B4}.Release|Any CPU.Build.0 = Release|Any CPU
		{D621C1BA-78C6-47E5-AF7C-8DA828BDFC73}.Debug|Any CPU.ActiveCfg = Debug|Any CPU
		{D621C1BA-78C6-47E5-AF7C-8DA828BDFC73}.Debug|Any CPU.Build.0 = Debug|Any CPU
		{D621C1BA-78C6-47E5-AF7C-8DA828BDFC73}.Release|Any CPU.ActiveCfg = Release|Any CPU
		{D621C1BA-78C6-47E5-AF7C-8DA828BDFC73}.Release|Any CPU.Build.0 = Release|Any CPU
		{22CD4DD3-2DEB-43D6-A69B-3BD90C9E9F2A}.Debug|Any CPU.ActiveCfg = Debug|Any CPU
		{22CD4DD3-2DEB-43D6-A69B-3BD90C9E9F2A}.Debug|Any CPU.Build.0 = Debug|Any CPU
		{22CD4DD3-2DEB-43D6-A69B-3BD90C9E9F2A}.Release|Any CPU.ActiveCfg = Release|Any CPU
		{22CD4DD3-2DEB-43D6-A69B-3BD90C9E9F2A}.Release|Any CPU.Build.0 = Release|Any CPU
		{CEE2F52F-1D2A-47D8-914F-C6726FA4B33D}.Debug|Any CPU.ActiveCfg = Debug|Any CPU
		{CEE2F52F-1D2A-47D8-914F-C6726FA4B33D}.Debug|Any CPU.Build.0 = Debug|Any CPU
		{CEE2F52F-1D2A-47D8-914F-C6726FA4B33D}.Release|Any CPU.ActiveCfg = Release|Any CPU
		{CEE2F52F-1D2A-47D8-914F-C6726FA4B33D}.Release|Any CPU.Build.0 = Release|Any CPU
		{C6C50F08-E680-49D6-BABD-5A4B2A97DCF1}.Debug|Any CPU.ActiveCfg = Debug|Any CPU
		{C6C50F08-E680-49D6-BABD-5A4B2A97DCF1}.Debug|Any CPU.Build.0 = Debug|Any CPU
		{C6C50F08-E680-49D6-BABD-5A4B2A97DCF1}.Release|Any CPU.ActiveCfg = Release|Any CPU
		{C6C50F08-E680-49D6-BABD-5A4B2A97DCF1}.Release|Any CPU.Build.0 = Release|Any CPU
		{E960E002-3DDB-4AAC-B9C1-5A67560F1C33}.Debug|Any CPU.ActiveCfg = Debug|Any CPU
		{E960E002-3DDB-4AAC-B9C1-5A67560F1C33}.Debug|Any CPU.Build.0 = Debug|Any CPU
		{E960E002-3DDB-4AAC-B9C1-5A67560F1C33}.Release|Any CPU.ActiveCfg = Release|Any CPU
		{E960E002-3DDB-4AAC-B9C1-5A67560F1C33}.Release|Any CPU.Build.0 = Release|Any CPU
		{588BAB9F-C146-46F9-BE0F-98215645F2DB}.Debug|Any CPU.ActiveCfg = Debug|Any CPU
		{588BAB9F-C146-46F9-BE0F-98215645F2DB}.Debug|Any CPU.Build.0 = Debug|Any CPU
		{588BAB9F-C146-46F9-BE0F-98215645F2DB}.Release|Any CPU.ActiveCfg = Release|Any CPU
		{588BAB9F-C146-46F9-BE0F-98215645F2DB}.Release|Any CPU.Build.0 = Release|Any CPU
		{E41DF97A-9D03-45F2-B3D0-41677056FA94}.Debug|Any CPU.ActiveCfg = Debug|Any CPU
		{E41DF97A-9D03-45F2-B3D0-41677056FA94}.Debug|Any CPU.Build.0 = Debug|Any CPU
		{E41DF97A-9D03-45F2-B3D0-41677056FA94}.Release|Any CPU.ActiveCfg = Release|Any CPU
		{E41DF97A-9D03-45F2-B3D0-41677056FA94}.Release|Any CPU.Build.0 = Release|Any CPU
		{9ACA8F63-C31E-4A31-BD60-B25267FC2175}.Debug|Any CPU.ActiveCfg = Debug|Any CPU
		{9ACA8F63-C31E-4A31-BD60-B25267FC2175}.Debug|Any CPU.Build.0 = Debug|Any CPU
		{9ACA8F63-C31E-4A31-BD60-B25267FC2175}.Release|Any CPU.ActiveCfg = Release|Any CPU
		{9ACA8F63-C31E-4A31-BD60-B25267FC2175}.Release|Any CPU.Build.0 = Release|Any CPU
		{74B45FD6-646D-46BB-AE25-042CA37E271E}.Debug|Any CPU.ActiveCfg = Debug|Any CPU
		{74B45FD6-646D-46BB-AE25-042CA37E271E}.Debug|Any CPU.Build.0 = Debug|Any CPU
		{74B45FD6-646D-46BB-AE25-042CA37E271E}.Release|Any CPU.ActiveCfg = Release|Any CPU
		{74B45FD6-646D-46BB-AE25-042CA37E271E}.Release|Any CPU.Build.0 = Release|Any CPU
		{87DA9E19-03D2-45DC-A6D9-0FA5D7762214}.Debug|Any CPU.ActiveCfg = Debug|Any CPU
		{87DA9E19-03D2-45DC-A6D9-0FA5D7762214}.Debug|Any CPU.Build.0 = Debug|Any CPU
		{87DA9E19-03D2-45DC-A6D9-0FA5D7762214}.Release|Any CPU.ActiveCfg = Release|Any CPU
		{87DA9E19-03D2-45DC-A6D9-0FA5D7762214}.Release|Any CPU.Build.0 = Release|Any CPU
		{06410879-37F5-423D-B6D1-98E9B3A059B3}.Debug|Any CPU.ActiveCfg = Debug|Any CPU
		{06410879-37F5-423D-B6D1-98E9B3A059B3}.Debug|Any CPU.Build.0 = Debug|Any CPU
		{06410879-37F5-423D-B6D1-98E9B3A059B3}.Release|Any CPU.ActiveCfg = Release|Any CPU
		{06410879-37F5-423D-B6D1-98E9B3A059B3}.Release|Any CPU.Build.0 = Release|Any CPU
		{288C3B38-2EE3-4ED8-AAF2-372F96DBC8A0}.Debug|Any CPU.ActiveCfg = Debug|Any CPU
		{288C3B38-2EE3-4ED8-AAF2-372F96DBC8A0}.Debug|Any CPU.Build.0 = Debug|Any CPU
		{288C3B38-2EE3-4ED8-AAF2-372F96DBC8A0}.Release|Any CPU.ActiveCfg = Release|Any CPU
		{288C3B38-2EE3-4ED8-AAF2-372F96DBC8A0}.Release|Any CPU.Build.0 = Release|Any CPU
		{13FA7FF5-9B3D-4CAE-A42F-DE1944C9A01E}.Debug|Any CPU.ActiveCfg = Debug|Any CPU
		{13FA7FF5-9B3D-4CAE-A42F-DE1944C9A01E}.Debug|Any CPU.Build.0 = Debug|Any CPU
		{13FA7FF5-9B3D-4CAE-A42F-DE1944C9A01E}.Release|Any CPU.ActiveCfg = Release|Any CPU
		{13FA7FF5-9B3D-4CAE-A42F-DE1944C9A01E}.Release|Any CPU.Build.0 = Release|Any CPU
		{4CC5C7C3-10FD-4E3A-8BF1-D437017C5006}.Debug|Any CPU.ActiveCfg = Debug|Any CPU
		{4CC5C7C3-10FD-4E3A-8BF1-D437017C5006}.Debug|Any CPU.Build.0 = Debug|Any CPU
		{4CC5C7C3-10FD-4E3A-8BF1-D437017C5006}.Release|Any CPU.ActiveCfg = Release|Any CPU
		{4CC5C7C3-10FD-4E3A-8BF1-D437017C5006}.Release|Any CPU.Build.0 = Release|Any CPU
		{E864A4D6-EB46-4C7E-AC5B-4A8E8DF116C5}.Debug|Any CPU.ActiveCfg = Debug|Any CPU
		{E864A4D6-EB46-4C7E-AC5B-4A8E8DF116C5}.Debug|Any CPU.Build.0 = Debug|Any CPU
		{E864A4D6-EB46-4C7E-AC5B-4A8E8DF116C5}.Release|Any CPU.ActiveCfg = Release|Any CPU
		{E864A4D6-EB46-4C7E-AC5B-4A8E8DF116C5}.Release|Any CPU.Build.0 = Release|Any CPU
		{F2315864-8038-4568-B226-AAE42EB0B728}.Debug|Any CPU.ActiveCfg = Debug|Any CPU
		{F2315864-8038-4568-B226-AAE42EB0B728}.Debug|Any CPU.Build.0 = Debug|Any CPU
		{F2315864-8038-4568-B226-AAE42EB0B728}.Release|Any CPU.ActiveCfg = Release|Any CPU
		{F2315864-8038-4568-B226-AAE42EB0B728}.Release|Any CPU.Build.0 = Release|Any CPU
		{1C5AAFE5-B4BE-49CC-8A16-B3459410D800}.Debug|Any CPU.ActiveCfg = Debug|Any CPU
		{1C5AAFE5-B4BE-49CC-8A16-B3459410D800}.Debug|Any CPU.Build.0 = Debug|Any CPU
		{1C5AAFE5-B4BE-49CC-8A16-B3459410D800}.Release|Any CPU.ActiveCfg = Release|Any CPU
		{1C5AAFE5-B4BE-49CC-8A16-B3459410D800}.Release|Any CPU.Build.0 = Release|Any CPU
		{8650EBEE-39BA-4E03-A8EE-B5D73C0E2323}.Debug|Any CPU.ActiveCfg = Debug|Any CPU
		{8650EBEE-39BA-4E03-A8EE-B5D73C0E2323}.Debug|Any CPU.Build.0 = Debug|Any CPU
		{8650EBEE-39BA-4E03-A8EE-B5D73C0E2323}.Release|Any CPU.ActiveCfg = Release|Any CPU
		{8650EBEE-39BA-4E03-A8EE-B5D73C0E2323}.Release|Any CPU.Build.0 = Release|Any CPU
		{F6C8B265-EC23-418A-B94D-B68B92CA383C}.Debug|Any CPU.ActiveCfg = Debug|Any CPU
		{F6C8B265-EC23-418A-B94D-B68B92CA383C}.Debug|Any CPU.Build.0 = Debug|Any CPU
		{F6C8B265-EC23-418A-B94D-B68B92CA383C}.Release|Any CPU.ActiveCfg = Release|Any CPU
		{F6C8B265-EC23-418A-B94D-B68B92CA383C}.Release|Any CPU.Build.0 = Release|Any CPU
		{D9BAC9AF-4308-4AE1-904A-7A7AA9334C35}.Debug|Any CPU.ActiveCfg = Debug|Any CPU
		{D9BAC9AF-4308-4AE1-904A-7A7AA9334C35}.Debug|Any CPU.Build.0 = Debug|Any CPU
		{D9BAC9AF-4308-4AE1-904A-7A7AA9334C35}.Release|Any CPU.ActiveCfg = Release|Any CPU
		{D9BAC9AF-4308-4AE1-904A-7A7AA9334C35}.Release|Any CPU.Build.0 = Release|Any CPU
		{4C56E2E3-50C8-4090-BA55-DAB20C61FF8E}.Debug|Any CPU.ActiveCfg = Debug|Any CPU
		{4C56E2E3-50C8-4090-BA55-DAB20C61FF8E}.Debug|Any CPU.Build.0 = Debug|Any CPU
		{4C56E2E3-50C8-4090-BA55-DAB20C61FF8E}.Release|Any CPU.ActiveCfg = Release|Any CPU
		{4C56E2E3-50C8-4090-BA55-DAB20C61FF8E}.Release|Any CPU.Build.0 = Release|Any CPU
		{08B316D1-B6F2-4AE1-A0DC-3C75E36B0B0A}.Debug|Any CPU.ActiveCfg = Debug|Any CPU
		{08B316D1-B6F2-4AE1-A0DC-3C75E36B0B0A}.Debug|Any CPU.Build.0 = Debug|Any CPU
		{08B316D1-B6F2-4AE1-A0DC-3C75E36B0B0A}.Release|Any CPU.ActiveCfg = Release|Any CPU
		{08B316D1-B6F2-4AE1-A0DC-3C75E36B0B0A}.Release|Any CPU.Build.0 = Release|Any CPU
	EndGlobalSection
EndGlobal
