
Microsoft Visual Studio Solution File, Format Version 12.00
Project("{2150E333-8FDC-42A3-9474-1A3956D46DE8}") = "src", "src", "{788742B9-1878-4A60-B381-A60F4E43F907}"
EndProject
Project("{2150E333-8FDC-42A3-9474-1A3956D46DE8}") = "tests", "tests", "{27F442D2-123E-43B6-AC3A-EFCFF0B4C598}"
EndProject
Project("{FAE04EC0-301F-11D3-BF4B-00C04F79EFBC}") = "Zaabee.Binary", "src\Zaabee.Binary\Zaabee.Binary.csproj", "{DC489EBA-145D-4FEF-A6A8-D397A3BE8477}"
EndProject
Project("{FAE04EC0-301F-11D3-BF4B-00C04F79EFBC}") = "Zaabee.Jil", "src\Zaabee.Jil\Zaabee.Jil.csproj", "{DEE211B5-9E79-43F1-810D-FB6BC9021B9F}"
EndProject
Project("{FAE04EC0-301F-11D3-BF4B-00C04F79EFBC}") = "Zaabee.MsgPack", "src\Zaabee.MsgPack\Zaabee.MsgPack.csproj", "{02A2BDBD-39FA-4F4D-BC9E-F7DE7D1388DA}"
EndProject
Project("{FAE04EC0-301F-11D3-BF4B-00C04F79EFBC}") = "Zaabee.NewtonsoftJson", "src\Zaabee.NewtonsoftJson\Zaabee.NewtonsoftJson.csproj", "{735C4E0B-4067-4BB5-AB3C-4CF19A3F8AD6}"
EndProject
Project("{FAE04EC0-301F-11D3-BF4B-00C04F79EFBC}") = "Zaabee.Protobuf", "src\Zaabee.Protobuf\Zaabee.Protobuf.csproj", "{088042D7-34BA-4C3C-A81E-345DB2434E83}"
EndProject
Project("{FAE04EC0-301F-11D3-BF4B-00C04F79EFBC}") = "Zaabee.SystemTextJson", "src\Zaabee.SystemTextJson\Zaabee.SystemTextJson.csproj", "{3D12C87A-C762-4136-84E4-880A4AB5FA28}"
EndProject
Project("{FAE04EC0-301F-11D3-BF4B-00C04F79EFBC}") = "Zaabee.Utf8Json", "src\Zaabee.Utf8Json\Zaabee.Utf8Json.csproj", "{DDA8C2B0-41EC-441B-BDD2-339083E0884F}"
EndProject
Project("{FAE04EC0-301F-11D3-BF4B-00C04F79EFBC}") = "Zaabee.Xml", "src\Zaabee.Xml\Zaabee.Xml.csproj", "{38DDF029-58E9-4127-8176-C428BD8BD652}"
EndProject
Project("{FAE04EC0-301F-11D3-BF4B-00C04F79EFBC}") = "Zaabee.ZeroFormatter", "src\Zaabee.ZeroFormatter\Zaabee.ZeroFormatter.csproj", "{AA3DBC81-CD31-40AB-9529-5DFD45F5F4F1}"
EndProject
Project("{FAE04EC0-301F-11D3-BF4B-00C04F79EFBC}") = "Zaabee.Binary.UnitTest", "tests\Zaabee.Binary.UnitTest\Zaabee.Binary.UnitTest.csproj", "{EBF8B223-5B18-4034-8E9D-ACE5565AF9B7}"
EndProject
Project("{FAE04EC0-301F-11D3-BF4B-00C04F79EFBC}") = "Zaabee.Jil.UnitTest", "tests\Zaabee.Jil.UnitTest\Zaabee.Jil.UnitTest.csproj", "{B42A3EA0-D986-4E04-B65A-23D1001C844F}"
EndProject
Project("{FAE04EC0-301F-11D3-BF4B-00C04F79EFBC}") = "Zaabee.MsgPack.UnitTest", "tests\Zaabee.MsgPack.UnitTest\Zaabee.MsgPack.UnitTest.csproj", "{B3374987-D77E-47A6-8040-CC04B7AD9D78}"
EndProject
Project("{FAE04EC0-301F-11D3-BF4B-00C04F79EFBC}") = "Zaabee.NewtonsoftJson.UnitTest", "tests\Zaabee.NewtonsoftJson.UnitTest\Zaabee.NewtonsoftJson.UnitTest.csproj", "{F1186ABB-5FD8-4C2C-8323-08960FA8B3A0}"
EndProject
Project("{FAE04EC0-301F-11D3-BF4B-00C04F79EFBC}") = "Zaabee.Protobuf.UnitTest", "tests\Zaabee.Protobuf.UnitTest\Zaabee.Protobuf.UnitTest.csproj", "{35C6273A-4592-49B4-8953-D5732932B321}"
EndProject
Project("{FAE04EC0-301F-11D3-BF4B-00C04F79EFBC}") = "Zaabee.SystemTextJson.UnitTest", "tests\Zaabee.SystemTextJson.UnitTest\Zaabee.SystemTextJson.UnitTest.csproj", "{A560B90C-DA67-4546-838B-D9A57969A271}"
EndProject
Project("{FAE04EC0-301F-11D3-BF4B-00C04F79EFBC}") = "Zaabee.Utf8Json.UnitTest", "tests\Zaabee.Utf8Json.UnitTest\Zaabee.Utf8Json.UnitTest.csproj", "{356021EC-4895-46F4-B75F-B0985445C2B5}"
EndProject
Project("{FAE04EC0-301F-11D3-BF4B-00C04F79EFBC}") = "Zaabee.Xml.UnitTest", "tests\Zaabee.Xml.UnitTest\Zaabee.Xml.UnitTest.csproj", "{88F11347-373C-4A7C-875D-A4F55E8C0A0A}"
EndProject
Project("{FAE04EC0-301F-11D3-BF4B-00C04F79EFBC}") = "Zaabee.ZeroFormatter.UnitTest", "tests\Zaabee.ZeroFormatter.UnitTest\Zaabee.ZeroFormatter.UnitTest.csproj", "{69823E1C-9A95-4FA8-BD3C-234208A323E9}"
EndProject
Project("{2150E333-8FDC-42A3-9474-1A3956D46DE8}") = "perf", "perf", "{90DB4B57-6A0D-41E0-91E4-1505A822AD16}"
EndProject
Project("{FAE04EC0-301F-11D3-BF4B-00C04F79EFBC}") = "Benchmark", "perf\Benchmark\Benchmark.csproj", "{35FF82EA-937C-4FBE-B6EA-2B73B360F365}"
EndProject
Project("{FAE04EC0-301F-11D3-BF4B-00C04F79EFBC}") = "TestModels", "tests\TestModels\TestModels.csproj", "{8E52BA25-0F76-432E-94BF-8F9DC1723979}"
EndProject
Project("{FAE04EC0-301F-11D3-BF4B-00C04F79EFBC}") = "Zaabee.Serializer.Abstractions", "src\Zaabee.Serializer.Abstractions\Zaabee.Serializer.Abstractions.csproj", "{12DC7AB7-49EA-4A17-B693-CCAE289BDA53}"
EndProject
Project("{FAE04EC0-301F-11D3-BF4B-00C04F79EFBC}") = "Zaabee.Serializer.UnitTest", "tests\Zaabee.Serializer.UnitTest\Zaabee.Serializer.UnitTest.csproj", "{7E985718-5D73-450D-AAD9-D14A2FBD5DE8}"
EndProject
Project("{FAE04EC0-301F-11D3-BF4B-00C04F79EFBC}") = "Zaabee.MessagePack", "src\Zaabee.MessagePack\Zaabee.MessagePack.csproj", "{6007BBFE-8ABD-4F2C-809D-90DFC7443EDE}"
EndProject
Project("{FAE04EC0-301F-11D3-BF4B-00C04F79EFBC}") = "Zaabee.MessagePack.UnitTest", "tests\Zaabee.MessagePack.UnitTest\Zaabee.MessagePack.UnitTest.csproj", "{FFCEA7ED-4D1F-4C7C-9F1C-7E838EA49997}"
EndProject
Project("{FAE04EC0-301F-11D3-BF4B-00C04F79EFBC}") = "Zaabee.DataContractSerializer", "src\Zaabee.DataContractSerializer\Zaabee.DataContractSerializer.csproj", "{B2330C72-C1DB-44FB-BD58-21D849ECC919}"
EndProject
Project("{FAE04EC0-301F-11D3-BF4B-00C04F79EFBC}") = "Zaabee.DataContractSerializer.UnitTest", "tests\Zaabee.DataContractSerializer.UnitTest\Zaabee.DataContractSerializer.UnitTest.csproj", "{0A2706EB-7967-48B2-915A-ABAC575BA81A}"
EndProject
Project("{FAE04EC0-301F-11D3-BF4B-00C04F79EFBC}") = "CodeTimer", "perf\CodeTimer\CodeTimer.csproj", "{01CE259B-7653-427C-A92C-41600FBD068D}"
EndProject
Project("{FAE04EC0-301F-11D3-BF4B-00C04F79EFBC}") = "Zaabee.YamlDotNet", "src\Zaabee.YamlDotNet\Zaabee.YamlDotNet.csproj", "{E3909AF5-BB8E-4747-A0FA-E8A22A2F5ACD}"
EndProject
Project("{FAE04EC0-301F-11D3-BF4B-00C04F79EFBC}") = "Zaabee.SharpYaml", "src\Zaabee.SharpYaml\Zaabee.SharpYaml.csproj", "{41961119-A52F-44A0-9DA7-A73D9C4AC1C3}"
EndProject
Project("{FAE04EC0-301F-11D3-BF4B-00C04F79EFBC}") = "Zaabee.YamlDotNet.UnitTest", "tests\Zaabee.YamlDotNet.UnitTest\Zaabee.YamlDotNet.UnitTest.csproj", "{8E122516-EDCA-44C3-8A3E-30849E28E8EF}"
EndProject
Project("{FAE04EC0-301F-11D3-BF4B-00C04F79EFBC}") = "Zaabee.SharpYaml.UnitTest", "tests\Zaabee.SharpYaml.UnitTest\Zaabee.SharpYaml.UnitTest.csproj", "{E324D14F-A88F-48F3-8569-ABF7F1E1D885}"
EndProject
Global
	GlobalSection(SolutionConfigurationPlatforms) = preSolution
		Debug|Any CPU = Debug|Any CPU
		Release|Any CPU = Release|Any CPU
	EndGlobalSection
	GlobalSection(NestedProjects) = preSolution
		{DC489EBA-145D-4FEF-A6A8-D397A3BE8477} = {788742B9-1878-4A60-B381-A60F4E43F907}
		{DEE211B5-9E79-43F1-810D-FB6BC9021B9F} = {788742B9-1878-4A60-B381-A60F4E43F907}
		{02A2BDBD-39FA-4F4D-BC9E-F7DE7D1388DA} = {788742B9-1878-4A60-B381-A60F4E43F907}
		{735C4E0B-4067-4BB5-AB3C-4CF19A3F8AD6} = {788742B9-1878-4A60-B381-A60F4E43F907}
		{088042D7-34BA-4C3C-A81E-345DB2434E83} = {788742B9-1878-4A60-B381-A60F4E43F907}
		{3D12C87A-C762-4136-84E4-880A4AB5FA28} = {788742B9-1878-4A60-B381-A60F4E43F907}
		{DDA8C2B0-41EC-441B-BDD2-339083E0884F} = {788742B9-1878-4A60-B381-A60F4E43F907}
		{38DDF029-58E9-4127-8176-C428BD8BD652} = {788742B9-1878-4A60-B381-A60F4E43F907}
		{AA3DBC81-CD31-40AB-9529-5DFD45F5F4F1} = {788742B9-1878-4A60-B381-A60F4E43F907}
		{EBF8B223-5B18-4034-8E9D-ACE5565AF9B7} = {27F442D2-123E-43B6-AC3A-EFCFF0B4C598}
		{B42A3EA0-D986-4E04-B65A-23D1001C844F} = {27F442D2-123E-43B6-AC3A-EFCFF0B4C598}
		{B3374987-D77E-47A6-8040-CC04B7AD9D78} = {27F442D2-123E-43B6-AC3A-EFCFF0B4C598}
		{F1186ABB-5FD8-4C2C-8323-08960FA8B3A0} = {27F442D2-123E-43B6-AC3A-EFCFF0B4C598}
		{35C6273A-4592-49B4-8953-D5732932B321} = {27F442D2-123E-43B6-AC3A-EFCFF0B4C598}
		{A560B90C-DA67-4546-838B-D9A57969A271} = {27F442D2-123E-43B6-AC3A-EFCFF0B4C598}
		{356021EC-4895-46F4-B75F-B0985445C2B5} = {27F442D2-123E-43B6-AC3A-EFCFF0B4C598}
		{88F11347-373C-4A7C-875D-A4F55E8C0A0A} = {27F442D2-123E-43B6-AC3A-EFCFF0B4C598}
		{69823E1C-9A95-4FA8-BD3C-234208A323E9} = {27F442D2-123E-43B6-AC3A-EFCFF0B4C598}
		{35FF82EA-937C-4FBE-B6EA-2B73B360F365} = {90DB4B57-6A0D-41E0-91E4-1505A822AD16}
		{8E52BA25-0F76-432E-94BF-8F9DC1723979} = {27F442D2-123E-43B6-AC3A-EFCFF0B4C598}
		{12DC7AB7-49EA-4A17-B693-CCAE289BDA53} = {788742B9-1878-4A60-B381-A60F4E43F907}
		{7E985718-5D73-450D-AAD9-D14A2FBD5DE8} = {27F442D2-123E-43B6-AC3A-EFCFF0B4C598}
		{6007BBFE-8ABD-4F2C-809D-90DFC7443EDE} = {788742B9-1878-4A60-B381-A60F4E43F907}
		{FFCEA7ED-4D1F-4C7C-9F1C-7E838EA49997} = {27F442D2-123E-43B6-AC3A-EFCFF0B4C598}
		{B2330C72-C1DB-44FB-BD58-21D849ECC919} = {788742B9-1878-4A60-B381-A60F4E43F907}
		{0A2706EB-7967-48B2-915A-ABAC575BA81A} = {27F442D2-123E-43B6-AC3A-EFCFF0B4C598}
		{01CE259B-7653-427C-A92C-41600FBD068D} = {90DB4B57-6A0D-41E0-91E4-1505A822AD16}
		{E3909AF5-BB8E-4747-A0FA-E8A22A2F5ACD} = {788742B9-1878-4A60-B381-A60F4E43F907}
		{41961119-A52F-44A0-9DA7-A73D9C4AC1C3} = {788742B9-1878-4A60-B381-A60F4E43F907}
		{8E122516-EDCA-44C3-8A3E-30849E28E8EF} = {27F442D2-123E-43B6-AC3A-EFCFF0B4C598}
		{E324D14F-A88F-48F3-8569-ABF7F1E1D885} = {27F442D2-123E-43B6-AC3A-EFCFF0B4C598}
	EndGlobalSection
	GlobalSection(ProjectConfigurationPlatforms) = postSolution
		{DC489EBA-145D-4FEF-A6A8-D397A3BE8477}.Debug|Any CPU.ActiveCfg = Debug|Any CPU
		{DC489EBA-145D-4FEF-A6A8-D397A3BE8477}.Debug|Any CPU.Build.0 = Debug|Any CPU
		{DC489EBA-145D-4FEF-A6A8-D397A3BE8477}.Release|Any CPU.ActiveCfg = Release|Any CPU
		{DC489EBA-145D-4FEF-A6A8-D397A3BE8477}.Release|Any CPU.Build.0 = Release|Any CPU
		{DEE211B5-9E79-43F1-810D-FB6BC9021B9F}.Debug|Any CPU.ActiveCfg = Debug|Any CPU
		{DEE211B5-9E79-43F1-810D-FB6BC9021B9F}.Debug|Any CPU.Build.0 = Debug|Any CPU
		{DEE211B5-9E79-43F1-810D-FB6BC9021B9F}.Release|Any CPU.ActiveCfg = Release|Any CPU
		{DEE211B5-9E79-43F1-810D-FB6BC9021B9F}.Release|Any CPU.Build.0 = Release|Any CPU
		{02A2BDBD-39FA-4F4D-BC9E-F7DE7D1388DA}.Debug|Any CPU.ActiveCfg = Debug|Any CPU
		{02A2BDBD-39FA-4F4D-BC9E-F7DE7D1388DA}.Debug|Any CPU.Build.0 = Debug|Any CPU
		{02A2BDBD-39FA-4F4D-BC9E-F7DE7D1388DA}.Release|Any CPU.ActiveCfg = Release|Any CPU
		{02A2BDBD-39FA-4F4D-BC9E-F7DE7D1388DA}.Release|Any CPU.Build.0 = Release|Any CPU
		{735C4E0B-4067-4BB5-AB3C-4CF19A3F8AD6}.Debug|Any CPU.ActiveCfg = Debug|Any CPU
		{735C4E0B-4067-4BB5-AB3C-4CF19A3F8AD6}.Debug|Any CPU.Build.0 = Debug|Any CPU
		{735C4E0B-4067-4BB5-AB3C-4CF19A3F8AD6}.Release|Any CPU.ActiveCfg = Release|Any CPU
		{735C4E0B-4067-4BB5-AB3C-4CF19A3F8AD6}.Release|Any CPU.Build.0 = Release|Any CPU
		{088042D7-34BA-4C3C-A81E-345DB2434E83}.Debug|Any CPU.ActiveCfg = Debug|Any CPU
		{088042D7-34BA-4C3C-A81E-345DB2434E83}.Debug|Any CPU.Build.0 = Debug|Any CPU
		{088042D7-34BA-4C3C-A81E-345DB2434E83}.Release|Any CPU.ActiveCfg = Release|Any CPU
		{088042D7-34BA-4C3C-A81E-345DB2434E83}.Release|Any CPU.Build.0 = Release|Any CPU
		{3D12C87A-C762-4136-84E4-880A4AB5FA28}.Debug|Any CPU.ActiveCfg = Debug|Any CPU
		{3D12C87A-C762-4136-84E4-880A4AB5FA28}.Debug|Any CPU.Build.0 = Debug|Any CPU
		{3D12C87A-C762-4136-84E4-880A4AB5FA28}.Release|Any CPU.ActiveCfg = Release|Any CPU
		{3D12C87A-C762-4136-84E4-880A4AB5FA28}.Release|Any CPU.Build.0 = Release|Any CPU
		{DDA8C2B0-41EC-441B-BDD2-339083E0884F}.Debug|Any CPU.ActiveCfg = Debug|Any CPU
		{DDA8C2B0-41EC-441B-BDD2-339083E0884F}.Debug|Any CPU.Build.0 = Debug|Any CPU
		{DDA8C2B0-41EC-441B-BDD2-339083E0884F}.Release|Any CPU.ActiveCfg = Release|Any CPU
		{DDA8C2B0-41EC-441B-BDD2-339083E0884F}.Release|Any CPU.Build.0 = Release|Any CPU
		{38DDF029-58E9-4127-8176-C428BD8BD652}.Debug|Any CPU.ActiveCfg = Debug|Any CPU
		{38DDF029-58E9-4127-8176-C428BD8BD652}.Debug|Any CPU.Build.0 = Debug|Any CPU
		{38DDF029-58E9-4127-8176-C428BD8BD652}.Release|Any CPU.ActiveCfg = Release|Any CPU
		{38DDF029-58E9-4127-8176-C428BD8BD652}.Release|Any CPU.Build.0 = Release|Any CPU
		{AA3DBC81-CD31-40AB-9529-5DFD45F5F4F1}.Debug|Any CPU.ActiveCfg = Debug|Any CPU
		{AA3DBC81-CD31-40AB-9529-5DFD45F5F4F1}.Debug|Any CPU.Build.0 = Debug|Any CPU
		{AA3DBC81-CD31-40AB-9529-5DFD45F5F4F1}.Release|Any CPU.ActiveCfg = Release|Any CPU
		{AA3DBC81-CD31-40AB-9529-5DFD45F5F4F1}.Release|Any CPU.Build.0 = Release|Any CPU
		{EBF8B223-5B18-4034-8E9D-ACE5565AF9B7}.Debug|Any CPU.ActiveCfg = Debug|Any CPU
		{EBF8B223-5B18-4034-8E9D-ACE5565AF9B7}.Debug|Any CPU.Build.0 = Debug|Any CPU
		{EBF8B223-5B18-4034-8E9D-ACE5565AF9B7}.Release|Any CPU.ActiveCfg = Release|Any CPU
		{EBF8B223-5B18-4034-8E9D-ACE5565AF9B7}.Release|Any CPU.Build.0 = Release|Any CPU
		{B42A3EA0-D986-4E04-B65A-23D1001C844F}.Debug|Any CPU.ActiveCfg = Debug|Any CPU
		{B42A3EA0-D986-4E04-B65A-23D1001C844F}.Debug|Any CPU.Build.0 = Debug|Any CPU
		{B42A3EA0-D986-4E04-B65A-23D1001C844F}.Release|Any CPU.ActiveCfg = Release|Any CPU
		{B42A3EA0-D986-4E04-B65A-23D1001C844F}.Release|Any CPU.Build.0 = Release|Any CPU
		{B3374987-D77E-47A6-8040-CC04B7AD9D78}.Debug|Any CPU.ActiveCfg = Debug|Any CPU
		{B3374987-D77E-47A6-8040-CC04B7AD9D78}.Debug|Any CPU.Build.0 = Debug|Any CPU
		{B3374987-D77E-47A6-8040-CC04B7AD9D78}.Release|Any CPU.ActiveCfg = Release|Any CPU
		{B3374987-D77E-47A6-8040-CC04B7AD9D78}.Release|Any CPU.Build.0 = Release|Any CPU
		{F1186ABB-5FD8-4C2C-8323-08960FA8B3A0}.Debug|Any CPU.ActiveCfg = Debug|Any CPU
		{F1186ABB-5FD8-4C2C-8323-08960FA8B3A0}.Debug|Any CPU.Build.0 = Debug|Any CPU
		{F1186ABB-5FD8-4C2C-8323-08960FA8B3A0}.Release|Any CPU.ActiveCfg = Release|Any CPU
		{F1186ABB-5FD8-4C2C-8323-08960FA8B3A0}.Release|Any CPU.Build.0 = Release|Any CPU
		{35C6273A-4592-49B4-8953-D5732932B321}.Debug|Any CPU.ActiveCfg = Debug|Any CPU
		{35C6273A-4592-49B4-8953-D5732932B321}.Debug|Any CPU.Build.0 = Debug|Any CPU
		{35C6273A-4592-49B4-8953-D5732932B321}.Release|Any CPU.ActiveCfg = Release|Any CPU
		{35C6273A-4592-49B4-8953-D5732932B321}.Release|Any CPU.Build.0 = Release|Any CPU
		{A560B90C-DA67-4546-838B-D9A57969A271}.Debug|Any CPU.ActiveCfg = Debug|Any CPU
		{A560B90C-DA67-4546-838B-D9A57969A271}.Debug|Any CPU.Build.0 = Debug|Any CPU
		{A560B90C-DA67-4546-838B-D9A57969A271}.Release|Any CPU.ActiveCfg = Release|Any CPU
		{A560B90C-DA67-4546-838B-D9A57969A271}.Release|Any CPU.Build.0 = Release|Any CPU
		{356021EC-4895-46F4-B75F-B0985445C2B5}.Debug|Any CPU.ActiveCfg = Debug|Any CPU
		{356021EC-4895-46F4-B75F-B0985445C2B5}.Debug|Any CPU.Build.0 = Debug|Any CPU
		{356021EC-4895-46F4-B75F-B0985445C2B5}.Release|Any CPU.ActiveCfg = Release|Any CPU
		{356021EC-4895-46F4-B75F-B0985445C2B5}.Release|Any CPU.Build.0 = Release|Any CPU
		{88F11347-373C-4A7C-875D-A4F55E8C0A0A}.Debug|Any CPU.ActiveCfg = Debug|Any CPU
		{88F11347-373C-4A7C-875D-A4F55E8C0A0A}.Debug|Any CPU.Build.0 = Debug|Any CPU
		{88F11347-373C-4A7C-875D-A4F55E8C0A0A}.Release|Any CPU.ActiveCfg = Release|Any CPU
		{88F11347-373C-4A7C-875D-A4F55E8C0A0A}.Release|Any CPU.Build.0 = Release|Any CPU
		{69823E1C-9A95-4FA8-BD3C-234208A323E9}.Debug|Any CPU.ActiveCfg = Debug|Any CPU
		{69823E1C-9A95-4FA8-BD3C-234208A323E9}.Debug|Any CPU.Build.0 = Debug|Any CPU
		{69823E1C-9A95-4FA8-BD3C-234208A323E9}.Release|Any CPU.ActiveCfg = Release|Any CPU
		{69823E1C-9A95-4FA8-BD3C-234208A323E9}.Release|Any CPU.Build.0 = Release|Any CPU
		{35FF82EA-937C-4FBE-B6EA-2B73B360F365}.Debug|Any CPU.ActiveCfg = Debug|Any CPU
		{35FF82EA-937C-4FBE-B6EA-2B73B360F365}.Debug|Any CPU.Build.0 = Debug|Any CPU
		{35FF82EA-937C-4FBE-B6EA-2B73B360F365}.Release|Any CPU.ActiveCfg = Release|Any CPU
		{35FF82EA-937C-4FBE-B6EA-2B73B360F365}.Release|Any CPU.Build.0 = Release|Any CPU
		{8E52BA25-0F76-432E-94BF-8F9DC1723979}.Debug|Any CPU.ActiveCfg = Debug|Any CPU
		{8E52BA25-0F76-432E-94BF-8F9DC1723979}.Debug|Any CPU.Build.0 = Debug|Any CPU
		{8E52BA25-0F76-432E-94BF-8F9DC1723979}.Release|Any CPU.ActiveCfg = Release|Any CPU
		{8E52BA25-0F76-432E-94BF-8F9DC1723979}.Release|Any CPU.Build.0 = Release|Any CPU
		{12DC7AB7-49EA-4A17-B693-CCAE289BDA53}.Debug|Any CPU.ActiveCfg = Debug|Any CPU
		{12DC7AB7-49EA-4A17-B693-CCAE289BDA53}.Debug|Any CPU.Build.0 = Debug|Any CPU
		{12DC7AB7-49EA-4A17-B693-CCAE289BDA53}.Release|Any CPU.ActiveCfg = Release|Any CPU
		{12DC7AB7-49EA-4A17-B693-CCAE289BDA53}.Release|Any CPU.Build.0 = Release|Any CPU
		{7E985718-5D73-450D-AAD9-D14A2FBD5DE8}.Debug|Any CPU.ActiveCfg = Debug|Any CPU
		{7E985718-5D73-450D-AAD9-D14A2FBD5DE8}.Debug|Any CPU.Build.0 = Debug|Any CPU
		{7E985718-5D73-450D-AAD9-D14A2FBD5DE8}.Release|Any CPU.ActiveCfg = Release|Any CPU
		{7E985718-5D73-450D-AAD9-D14A2FBD5DE8}.Release|Any CPU.Build.0 = Release|Any CPU
		{6007BBFE-8ABD-4F2C-809D-90DFC7443EDE}.Debug|Any CPU.ActiveCfg = Debug|Any CPU
		{6007BBFE-8ABD-4F2C-809D-90DFC7443EDE}.Debug|Any CPU.Build.0 = Debug|Any CPU
		{6007BBFE-8ABD-4F2C-809D-90DFC7443EDE}.Release|Any CPU.ActiveCfg = Release|Any CPU
		{6007BBFE-8ABD-4F2C-809D-90DFC7443EDE}.Release|Any CPU.Build.0 = Release|Any CPU
		{FFCEA7ED-4D1F-4C7C-9F1C-7E838EA49997}.Debug|Any CPU.ActiveCfg = Debug|Any CPU
		{FFCEA7ED-4D1F-4C7C-9F1C-7E838EA49997}.Debug|Any CPU.Build.0 = Debug|Any CPU
		{FFCEA7ED-4D1F-4C7C-9F1C-7E838EA49997}.Release|Any CPU.ActiveCfg = Release|Any CPU
		{FFCEA7ED-4D1F-4C7C-9F1C-7E838EA49997}.Release|Any CPU.Build.0 = Release|Any CPU
		{B2330C72-C1DB-44FB-BD58-21D849ECC919}.Debug|Any CPU.ActiveCfg = Debug|Any CPU
		{B2330C72-C1DB-44FB-BD58-21D849ECC919}.Debug|Any CPU.Build.0 = Debug|Any CPU
		{B2330C72-C1DB-44FB-BD58-21D849ECC919}.Release|Any CPU.ActiveCfg = Release|Any CPU
		{B2330C72-C1DB-44FB-BD58-21D849ECC919}.Release|Any CPU.Build.0 = Release|Any CPU
		{0A2706EB-7967-48B2-915A-ABAC575BA81A}.Debug|Any CPU.ActiveCfg = Debug|Any CPU
		{0A2706EB-7967-48B2-915A-ABAC575BA81A}.Debug|Any CPU.Build.0 = Debug|Any CPU
		{0A2706EB-7967-48B2-915A-ABAC575BA81A}.Release|Any CPU.ActiveCfg = Release|Any CPU
		{0A2706EB-7967-48B2-915A-ABAC575BA81A}.Release|Any CPU.Build.0 = Release|Any CPU
		{01CE259B-7653-427C-A92C-41600FBD068D}.Debug|Any CPU.ActiveCfg = Debug|Any CPU
		{01CE259B-7653-427C-A92C-41600FBD068D}.Debug|Any CPU.Build.0 = Debug|Any CPU
		{01CE259B-7653-427C-A92C-41600FBD068D}.Release|Any CPU.ActiveCfg = Release|Any CPU
		{01CE259B-7653-427C-A92C-41600FBD068D}.Release|Any CPU.Build.0 = Release|Any CPU
		{E3909AF5-BB8E-4747-A0FA-E8A22A2F5ACD}.Debug|Any CPU.ActiveCfg = Debug|Any CPU
		{E3909AF5-BB8E-4747-A0FA-E8A22A2F5ACD}.Debug|Any CPU.Build.0 = Debug|Any CPU
		{E3909AF5-BB8E-4747-A0FA-E8A22A2F5ACD}.Release|Any CPU.ActiveCfg = Release|Any CPU
		{E3909AF5-BB8E-4747-A0FA-E8A22A2F5ACD}.Release|Any CPU.Build.0 = Release|Any CPU
		{41961119-A52F-44A0-9DA7-A73D9C4AC1C3}.Debug|Any CPU.ActiveCfg = Debug|Any CPU
		{41961119-A52F-44A0-9DA7-A73D9C4AC1C3}.Debug|Any CPU.Build.0 = Debug|Any CPU
		{41961119-A52F-44A0-9DA7-A73D9C4AC1C3}.Release|Any CPU.ActiveCfg = Release|Any CPU
		{41961119-A52F-44A0-9DA7-A73D9C4AC1C3}.Release|Any CPU.Build.0 = Release|Any CPU
		{8E122516-EDCA-44C3-8A3E-30849E28E8EF}.Debug|Any CPU.ActiveCfg = Debug|Any CPU
		{8E122516-EDCA-44C3-8A3E-30849E28E8EF}.Debug|Any CPU.Build.0 = Debug|Any CPU
		{8E122516-EDCA-44C3-8A3E-30849E28E8EF}.Release|Any CPU.ActiveCfg = Release|Any CPU
		{8E122516-EDCA-44C3-8A3E-30849E28E8EF}.Release|Any CPU.Build.0 = Release|Any CPU
		{E324D14F-A88F-48F3-8569-ABF7F1E1D885}.Debug|Any CPU.ActiveCfg = Debug|Any CPU
		{E324D14F-A88F-48F3-8569-ABF7F1E1D885}.Debug|Any CPU.Build.0 = Debug|Any CPU
		{E324D14F-A88F-48F3-8569-ABF7F1E1D885}.Release|Any CPU.ActiveCfg = Release|Any CPU
		{E324D14F-A88F-48F3-8569-ABF7F1E1D885}.Release|Any CPU.Build.0 = Release|Any CPU
	EndGlobalSection
EndGlobal
