
Microsoft Visual Studio Solution File, Format Version 12.00
Project("{2150E333-8FDC-42A3-9474-1A3956D46DE8}") = "Zaabee.Jil", "Zaabee.Jil", "{5DD18F9D-B0E9-4DEB-BE93-A87F3AEDEA57}"
EndProject
Project("{2150E333-8FDC-42A3-9474-1A3956D46DE8}") = "Zaabee.Protobuf", "Zaabee.Protobuf", "{5C470277-DB6D-4549-A185-F220B9497D31}"
EndProject
Project("{2150E333-8FDC-42A3-9474-1A3956D46DE8}") = "Zaabee.Xml", "Zaabee.Xml", "{FEDBF2F5-66D3-4694-9AF6-1B276EFCFE4D}"
EndProject
Project("{FAE04EC0-301F-11D3-BF4B-00C04F79EFBC}") = "Zaabee.Jil", "Zaabee.Jil\Zaabee.Jil\Zaabee.Jil.csproj", "{4C440656-2446-4D41-B1CB-A9BEDCB74E7D}"
EndProject
Project("{FAE04EC0-301F-11D3-BF4B-00C04F79EFBC}") = "Zaabee.Protobuf", "Zaabee.Protobuf\Zaabee.Protobuf\Zaabee.Protobuf.csproj", "{A0F8EC9E-80B1-4223-99F9-C694C3C815DF}"
EndProject
Project("{FAE04EC0-301F-11D3-BF4B-00C04F79EFBC}") = "Zaabee.Xml", "Zaabee.Xml\Zaabee.Xml\Zaabee.Xml.csproj", "{2C23194F-C674-4961-B033-A556182D0D0C}"
EndProject
Project("{FAE04EC0-301F-11D3-BF4B-00C04F79EFBC}") = "Benchmark", "Benchmark\Benchmark.csproj", "{0FDD399D-A7F9-4D62-865F-691F6FBF7E25}"
EndProject
Project("{FAE04EC0-301F-11D3-BF4B-00C04F79EFBC}") = "ZaabeeJilTestProject", "Zaabee.Jil\ZaabeeJilTestProject\ZaabeeJilTestProject.csproj", "{873FB9BF-2B14-4EAD-9262-7296956741D0}"
EndProject
Project("{FAE04EC0-301F-11D3-BF4B-00C04F79EFBC}") = "ZaabeeProtobufTestProject", "Zaabee.Protobuf\ZaabeeProtobufTestProject\ZaabeeProtobufTestProject.csproj", "{9FB30D94-DCCA-426C-BE19-876F00E969B0}"
EndProject
Project("{FAE04EC0-301F-11D3-BF4B-00C04F79EFBC}") = "ZaabeeXmlTestProject", "Zaabee.Xml\ZaabeeXmlTestProject\ZaabeeXmlTestProject.csproj", "{E1CDDA24-5B29-4682-9666-7A20406A9701}"
EndProject
Project("{2150E333-8FDC-42A3-9474-1A3956D46DE8}") = "Zaabee.NewtonsoftJson", "Zaabee.NewtonsoftJson", "{9AC5FF8D-7F51-4FDA-92A7-78ED8B27A989}"
EndProject
Project("{FAE04EC0-301F-11D3-BF4B-00C04F79EFBC}") = "Zaabee.NewtonsoftJson", "Zaabee.NewtonsoftJson\Zaabee.NewtonsoftJson\Zaabee.NewtonsoftJson.csproj", "{280B2965-7C5F-4C7E-A390-CDC9E53B7A0B}"
EndProject
Project("{FAE04EC0-301F-11D3-BF4B-00C04F79EFBC}") = "ZaabeeNewtonsoftJsonTestProject", "Zaabee.NewtonsoftJson\ZaabeeNewtonsoftJsonTestProject\ZaabeeNewtonsoftJsonTestProject.csproj", "{8C011C0B-0F33-4F0E-A519-9B9C747630B8}"
EndProject
Project("{2150E333-8FDC-42A3-9474-1A3956D46DE8}") = "Zaabee.Utf8Json", "Zaabee.Utf8Json", "{55AA7354-10DE-4470-BD8E-A2C6F2CB1775}"
EndProject
Project("{FAE04EC0-301F-11D3-BF4B-00C04F79EFBC}") = "Zaabee.Utf8Json", "Zaabee.Utf8Json\Zaabee.Utf8Json\Zaabee.Utf8Json.csproj", "{D7609335-7071-4686-87C4-F0F2A63499CF}"
EndProject
Project("{FAE04EC0-301F-11D3-BF4B-00C04F79EFBC}") = "ZaabeeUtf8JsonTestProject", "Zaabee.Utf8Json\ZaabeeUtf8JsonTestProject\ZaabeeUtf8JsonTestProject.csproj", "{964E5BA1-2DFE-4720-B6DA-77575E734A2D}"
EndProject
Project("{2150E333-8FDC-42A3-9474-1A3956D46DE8}") = "Zaabee.Binary", "Zaabee.Binary", "{D0B6ABF8-D103-4705-B4B2-9FF7DB06E5EB}"
EndProject
Project("{FAE04EC0-301F-11D3-BF4B-00C04F79EFBC}") = "Zaabee.Binary", "Zaabee.Binary\Zaabee.Binary\Zaabee.Binary.csproj", "{ED0B5EF7-D7C0-41A9-9A73-B02748510E41}"
EndProject
Project("{FAE04EC0-301F-11D3-BF4B-00C04F79EFBC}") = "ZaabeeBinaryTestProject", "Zaabee.Binary\ZaabeeBinaryTestProject\ZaabeeBinaryTestProject.csproj", "{3E480B41-6846-4533-BEE9-BFEAF45A2A85}"
EndProject
Global
	GlobalSection(SolutionConfigurationPlatforms) = preSolution
		Debug|Any CPU = Debug|Any CPU
		Release|Any CPU = Release|Any CPU
	EndGlobalSection
	GlobalSection(NestedProjects) = preSolution
		{4C440656-2446-4D41-B1CB-A9BEDCB74E7D} = {5DD18F9D-B0E9-4DEB-BE93-A87F3AEDEA57}
		{A0F8EC9E-80B1-4223-99F9-C694C3C815DF} = {5C470277-DB6D-4549-A185-F220B9497D31}
		{2C23194F-C674-4961-B033-A556182D0D0C} = {FEDBF2F5-66D3-4694-9AF6-1B276EFCFE4D}
		{873FB9BF-2B14-4EAD-9262-7296956741D0} = {5DD18F9D-B0E9-4DEB-BE93-A87F3AEDEA57}
		{9FB30D94-DCCA-426C-BE19-876F00E969B0} = {5C470277-DB6D-4549-A185-F220B9497D31}
		{E1CDDA24-5B29-4682-9666-7A20406A9701} = {FEDBF2F5-66D3-4694-9AF6-1B276EFCFE4D}
		{280B2965-7C5F-4C7E-A390-CDC9E53B7A0B} = {9AC5FF8D-7F51-4FDA-92A7-78ED8B27A989}
		{8C011C0B-0F33-4F0E-A519-9B9C747630B8} = {9AC5FF8D-7F51-4FDA-92A7-78ED8B27A989}
		{D7609335-7071-4686-87C4-F0F2A63499CF} = {55AA7354-10DE-4470-BD8E-A2C6F2CB1775}
		{964E5BA1-2DFE-4720-B6DA-77575E734A2D} = {55AA7354-10DE-4470-BD8E-A2C6F2CB1775}
		{ED0B5EF7-D7C0-41A9-9A73-B02748510E41} = {D0B6ABF8-D103-4705-B4B2-9FF7DB06E5EB}
		{3E480B41-6846-4533-BEE9-BFEAF45A2A85} = {D0B6ABF8-D103-4705-B4B2-9FF7DB06E5EB}
	EndGlobalSection
	GlobalSection(ProjectConfigurationPlatforms) = postSolution
		{4C440656-2446-4D41-B1CB-A9BEDCB74E7D}.Debug|Any CPU.ActiveCfg = Debug|Any CPU
		{4C440656-2446-4D41-B1CB-A9BEDCB74E7D}.Debug|Any CPU.Build.0 = Debug|Any CPU
		{4C440656-2446-4D41-B1CB-A9BEDCB74E7D}.Release|Any CPU.ActiveCfg = Release|Any CPU
		{4C440656-2446-4D41-B1CB-A9BEDCB74E7D}.Release|Any CPU.Build.0 = Release|Any CPU
		{A0F8EC9E-80B1-4223-99F9-C694C3C815DF}.Debug|Any CPU.ActiveCfg = Debug|Any CPU
		{A0F8EC9E-80B1-4223-99F9-C694C3C815DF}.Debug|Any CPU.Build.0 = Debug|Any CPU
		{A0F8EC9E-80B1-4223-99F9-C694C3C815DF}.Release|Any CPU.ActiveCfg = Release|Any CPU
		{A0F8EC9E-80B1-4223-99F9-C694C3C815DF}.Release|Any CPU.Build.0 = Release|Any CPU
		{2C23194F-C674-4961-B033-A556182D0D0C}.Debug|Any CPU.ActiveCfg = Debug|Any CPU
		{2C23194F-C674-4961-B033-A556182D0D0C}.Debug|Any CPU.Build.0 = Debug|Any CPU
		{2C23194F-C674-4961-B033-A556182D0D0C}.Release|Any CPU.ActiveCfg = Release|Any CPU
		{2C23194F-C674-4961-B033-A556182D0D0C}.Release|Any CPU.Build.0 = Release|Any CPU
		{0FDD399D-A7F9-4D62-865F-691F6FBF7E25}.Debug|Any CPU.ActiveCfg = Debug|Any CPU
		{0FDD399D-A7F9-4D62-865F-691F6FBF7E25}.Debug|Any CPU.Build.0 = Debug|Any CPU
		{0FDD399D-A7F9-4D62-865F-691F6FBF7E25}.Release|Any CPU.ActiveCfg = Release|Any CPU
		{0FDD399D-A7F9-4D62-865F-691F6FBF7E25}.Release|Any CPU.Build.0 = Release|Any CPU
		{873FB9BF-2B14-4EAD-9262-7296956741D0}.Debug|Any CPU.ActiveCfg = Debug|Any CPU
		{873FB9BF-2B14-4EAD-9262-7296956741D0}.Debug|Any CPU.Build.0 = Debug|Any CPU
		{873FB9BF-2B14-4EAD-9262-7296956741D0}.Release|Any CPU.ActiveCfg = Release|Any CPU
		{873FB9BF-2B14-4EAD-9262-7296956741D0}.Release|Any CPU.Build.0 = Release|Any CPU
		{9FB30D94-DCCA-426C-BE19-876F00E969B0}.Debug|Any CPU.ActiveCfg = Debug|Any CPU
		{9FB30D94-DCCA-426C-BE19-876F00E969B0}.Debug|Any CPU.Build.0 = Debug|Any CPU
		{9FB30D94-DCCA-426C-BE19-876F00E969B0}.Release|Any CPU.ActiveCfg = Release|Any CPU
		{9FB30D94-DCCA-426C-BE19-876F00E969B0}.Release|Any CPU.Build.0 = Release|Any CPU
		{E1CDDA24-5B29-4682-9666-7A20406A9701}.Debug|Any CPU.ActiveCfg = Debug|Any CPU
		{E1CDDA24-5B29-4682-9666-7A20406A9701}.Debug|Any CPU.Build.0 = Debug|Any CPU
		{E1CDDA24-5B29-4682-9666-7A20406A9701}.Release|Any CPU.ActiveCfg = Release|Any CPU
		{E1CDDA24-5B29-4682-9666-7A20406A9701}.Release|Any CPU.Build.0 = Release|Any CPU
		{280B2965-7C5F-4C7E-A390-CDC9E53B7A0B}.Debug|Any CPU.ActiveCfg = Debug|Any CPU
		{280B2965-7C5F-4C7E-A390-CDC9E53B7A0B}.Debug|Any CPU.Build.0 = Debug|Any CPU
		{280B2965-7C5F-4C7E-A390-CDC9E53B7A0B}.Release|Any CPU.ActiveCfg = Release|Any CPU
		{280B2965-7C5F-4C7E-A390-CDC9E53B7A0B}.Release|Any CPU.Build.0 = Release|Any CPU
		{8C011C0B-0F33-4F0E-A519-9B9C747630B8}.Debug|Any CPU.ActiveCfg = Debug|Any CPU
		{8C011C0B-0F33-4F0E-A519-9B9C747630B8}.Debug|Any CPU.Build.0 = Debug|Any CPU
		{8C011C0B-0F33-4F0E-A519-9B9C747630B8}.Release|Any CPU.ActiveCfg = Release|Any CPU
		{8C011C0B-0F33-4F0E-A519-9B9C747630B8}.Release|Any CPU.Build.0 = Release|Any CPU
		{D7609335-7071-4686-87C4-F0F2A63499CF}.Debug|Any CPU.ActiveCfg = Debug|Any CPU
		{D7609335-7071-4686-87C4-F0F2A63499CF}.Debug|Any CPU.Build.0 = Debug|Any CPU
		{D7609335-7071-4686-87C4-F0F2A63499CF}.Release|Any CPU.ActiveCfg = Release|Any CPU
		{D7609335-7071-4686-87C4-F0F2A63499CF}.Release|Any CPU.Build.0 = Release|Any CPU
		{964E5BA1-2DFE-4720-B6DA-77575E734A2D}.Debug|Any CPU.ActiveCfg = Debug|Any CPU
		{964E5BA1-2DFE-4720-B6DA-77575E734A2D}.Debug|Any CPU.Build.0 = Debug|Any CPU
		{964E5BA1-2DFE-4720-B6DA-77575E734A2D}.Release|Any CPU.ActiveCfg = Release|Any CPU
		{964E5BA1-2DFE-4720-B6DA-77575E734A2D}.Release|Any CPU.Build.0 = Release|Any CPU
		{ED0B5EF7-D7C0-41A9-9A73-B02748510E41}.Debug|Any CPU.ActiveCfg = Debug|Any CPU
		{ED0B5EF7-D7C0-41A9-9A73-B02748510E41}.Debug|Any CPU.Build.0 = Debug|Any CPU
		{ED0B5EF7-D7C0-41A9-9A73-B02748510E41}.Release|Any CPU.ActiveCfg = Release|Any CPU
		{ED0B5EF7-D7C0-41A9-9A73-B02748510E41}.Release|Any CPU.Build.0 = Release|Any CPU
		{3E480B41-6846-4533-BEE9-BFEAF45A2A85}.Debug|Any CPU.ActiveCfg = Debug|Any CPU
		{3E480B41-6846-4533-BEE9-BFEAF45A2A85}.Debug|Any CPU.Build.0 = Debug|Any CPU
		{3E480B41-6846-4533-BEE9-BFEAF45A2A85}.Release|Any CPU.ActiveCfg = Release|Any CPU
		{3E480B41-6846-4533-BEE9-BFEAF45A2A85}.Release|Any CPU.Build.0 = Release|Any CPU
	EndGlobalSection
EndGlobal
