
Microsoft Visual Studio Solution File, Format Version 12.00
Project("{2150E333-8FDC-42A3-9474-1A3956D46DE8}") = "Zaabee.Jil", "Zaabee.Jil", "{5DD18F9D-B0E9-4DEB-BE93-A87F3AEDEA57}"
EndProject
Project("{2150E333-8FDC-42A3-9474-1A3956D46DE8}") = "Zaabee.Json", "Zaabee.Json", "{0B661223-12F8-470B-B636-F9D04E853AA6}"
EndProject
Project("{2150E333-8FDC-42A3-9474-1A3956D46DE8}") = "Zaabee.Protobuf", "Zaabee.Protobuf", "{5C470277-DB6D-4549-A185-F220B9497D31}"
EndProject
Project("{2150E333-8FDC-42A3-9474-1A3956D46DE8}") = "Zaabee.Xml", "Zaabee.Xml", "{FEDBF2F5-66D3-4694-9AF6-1B276EFCFE4D}"
EndProject
Project("{FAE04EC0-301F-11D3-BF4B-00C04F79EFBC}") = "Zaabee.Jil", "Zaabee.Jil\Zaabee.Jil\Zaabee.Jil.csproj", "{4C440656-2446-4D41-B1CB-A9BEDCB74E7D}"
EndProject
Project("{FAE04EC0-301F-11D3-BF4B-00C04F79EFBC}") = "Zaabee.Json", "Zaabee.Json\Zaabee.Json\Zaabee.Json.csproj", "{2116FBCC-E40B-4563-B72F-EF27DB2FC4F4}"
EndProject
Project("{FAE04EC0-301F-11D3-BF4B-00C04F79EFBC}") = "Zaabee.Protobuf", "Zaabee.Protobuf\Zaabee.Protobuf\Zaabee.Protobuf.csproj", "{A0F8EC9E-80B1-4223-99F9-C694C3C815DF}"
EndProject
Project("{FAE04EC0-301F-11D3-BF4B-00C04F79EFBC}") = "Zaabee.Xml", "Zaabee.Xml\Zaabee.Xml\Zaabee.Xml.csproj", "{2C23194F-C674-4961-B033-A556182D0D0C}"
EndProject
Project("{FAE04EC0-301F-11D3-BF4B-00C04F79EFBC}") = "Benchmark", "Benchmark\Benchmark.csproj", "{0FDD399D-A7F9-4D62-865F-691F6FBF7E25}"
EndProject
Project("{FAE04EC0-301F-11D3-BF4B-00C04F79EFBC}") = "ZaabeeJilTestProject", "Zaabee.Jil\ZaabeeJilTestProject\ZaabeeJilTestProject.csproj", "{873FB9BF-2B14-4EAD-9262-7296956741D0}"
EndProject
Project("{FAE04EC0-301F-11D3-BF4B-00C04F79EFBC}") = "ZaabeeJsonTestProject", "Zaabee.Json\ZaabeeJsonTestProject\ZaabeeJsonTestProject.csproj", "{2888CD91-B211-47AD-B3B1-61AD4FCE12F7}"
EndProject
Project("{FAE04EC0-301F-11D3-BF4B-00C04F79EFBC}") = "ZaabeeProtobufTestProject", "Zaabee.Protobuf\ZaabeeProtobufTestProject\ZaabeeProtobufTestProject.csproj", "{9FB30D94-DCCA-426C-BE19-876F00E969B0}"
EndProject
Project("{FAE04EC0-301F-11D3-BF4B-00C04F79EFBC}") = "ZaabeeXmlTestProject", "Zaabee.Xml\ZaabeeXmlTestProject\ZaabeeXmlTestProject.csproj", "{E1CDDA24-5B29-4682-9666-7A20406A9701}"
EndProject
Global
	GlobalSection(SolutionConfigurationPlatforms) = preSolution
		Debug|Any CPU = Debug|Any CPU
		Release|Any CPU = Release|Any CPU
	EndGlobalSection
	GlobalSection(NestedProjects) = preSolution
		{4C440656-2446-4D41-B1CB-A9BEDCB74E7D} = {5DD18F9D-B0E9-4DEB-BE93-A87F3AEDEA57}
		{2116FBCC-E40B-4563-B72F-EF27DB2FC4F4} = {0B661223-12F8-470B-B636-F9D04E853AA6}
		{A0F8EC9E-80B1-4223-99F9-C694C3C815DF} = {5C470277-DB6D-4549-A185-F220B9497D31}
		{2C23194F-C674-4961-B033-A556182D0D0C} = {FEDBF2F5-66D3-4694-9AF6-1B276EFCFE4D}
		{873FB9BF-2B14-4EAD-9262-7296956741D0} = {5DD18F9D-B0E9-4DEB-BE93-A87F3AEDEA57}
		{2888CD91-B211-47AD-B3B1-61AD4FCE12F7} = {0B661223-12F8-470B-B636-F9D04E853AA6}
		{9FB30D94-DCCA-426C-BE19-876F00E969B0} = {5C470277-DB6D-4549-A185-F220B9497D31}
		{E1CDDA24-5B29-4682-9666-7A20406A9701} = {FEDBF2F5-66D3-4694-9AF6-1B276EFCFE4D}
	EndGlobalSection
	GlobalSection(ProjectConfigurationPlatforms) = postSolution
		{4C440656-2446-4D41-B1CB-A9BEDCB74E7D}.Debug|Any CPU.ActiveCfg = Debug|Any CPU
		{4C440656-2446-4D41-B1CB-A9BEDCB74E7D}.Debug|Any CPU.Build.0 = Debug|Any CPU
		{4C440656-2446-4D41-B1CB-A9BEDCB74E7D}.Release|Any CPU.ActiveCfg = Release|Any CPU
		{4C440656-2446-4D41-B1CB-A9BEDCB74E7D}.Release|Any CPU.Build.0 = Release|Any CPU
		{2116FBCC-E40B-4563-B72F-EF27DB2FC4F4}.Debug|Any CPU.ActiveCfg = Debug|Any CPU
		{2116FBCC-E40B-4563-B72F-EF27DB2FC4F4}.Debug|Any CPU.Build.0 = Debug|Any CPU
		{2116FBCC-E40B-4563-B72F-EF27DB2FC4F4}.Release|Any CPU.ActiveCfg = Release|Any CPU
		{2116FBCC-E40B-4563-B72F-EF27DB2FC4F4}.Release|Any CPU.Build.0 = Release|Any CPU
		{A0F8EC9E-80B1-4223-99F9-C694C3C815DF}.Debug|Any CPU.ActiveCfg = Debug|Any CPU
		{A0F8EC9E-80B1-4223-99F9-C694C3C815DF}.Debug|Any CPU.Build.0 = Debug|Any CPU
		{A0F8EC9E-80B1-4223-99F9-C694C3C815DF}.Release|Any CPU.ActiveCfg = Release|Any CPU
		{A0F8EC9E-80B1-4223-99F9-C694C3C815DF}.Release|Any CPU.Build.0 = Release|Any CPU
		{2C23194F-C674-4961-B033-A556182D0D0C}.Debug|Any CPU.ActiveCfg = Debug|Any CPU
		{2C23194F-C674-4961-B033-A556182D0D0C}.Debug|Any CPU.Build.0 = Debug|Any CPU
		{2C23194F-C674-4961-B033-A556182D0D0C}.Release|Any CPU.ActiveCfg = Release|Any CPU
		{2C23194F-C674-4961-B033-A556182D0D0C}.Release|Any CPU.Build.0 = Release|Any CPU
		{0FDD399D-A7F9-4D62-865F-691F6FBF7E25}.Debug|Any CPU.ActiveCfg = Debug|Any CPU
		{0FDD399D-A7F9-4D62-865F-691F6FBF7E25}.Debug|Any CPU.Build.0 = Debug|Any CPU
		{0FDD399D-A7F9-4D62-865F-691F6FBF7E25}.Release|Any CPU.ActiveCfg = Release|Any CPU
		{0FDD399D-A7F9-4D62-865F-691F6FBF7E25}.Release|Any CPU.Build.0 = Release|Any CPU
		{873FB9BF-2B14-4EAD-9262-7296956741D0}.Debug|Any CPU.ActiveCfg = Debug|Any CPU
		{873FB9BF-2B14-4EAD-9262-7296956741D0}.Debug|Any CPU.Build.0 = Debug|Any CPU
		{873FB9BF-2B14-4EAD-9262-7296956741D0}.Release|Any CPU.ActiveCfg = Release|Any CPU
		{873FB9BF-2B14-4EAD-9262-7296956741D0}.Release|Any CPU.Build.0 = Release|Any CPU
		{2888CD91-B211-47AD-B3B1-61AD4FCE12F7}.Debug|Any CPU.ActiveCfg = Debug|Any CPU
		{2888CD91-B211-47AD-B3B1-61AD4FCE12F7}.Debug|Any CPU.Build.0 = Debug|Any CPU
		{2888CD91-B211-47AD-B3B1-61AD4FCE12F7}.Release|Any CPU.ActiveCfg = Release|Any CPU
		{2888CD91-B211-47AD-B3B1-61AD4FCE12F7}.Release|Any CPU.Build.0 = Release|Any CPU
		{9FB30D94-DCCA-426C-BE19-876F00E969B0}.Debug|Any CPU.ActiveCfg = Debug|Any CPU
		{9FB30D94-DCCA-426C-BE19-876F00E969B0}.Debug|Any CPU.Build.0 = Debug|Any CPU
		{9FB30D94-DCCA-426C-BE19-876F00E969B0}.Release|Any CPU.ActiveCfg = Release|Any CPU
		{9FB30D94-DCCA-426C-BE19-876F00E969B0}.Release|Any CPU.Build.0 = Release|Any CPU
		{E1CDDA24-5B29-4682-9666-7A20406A9701}.Debug|Any CPU.ActiveCfg = Debug|Any CPU
		{E1CDDA24-5B29-4682-9666-7A20406A9701}.Debug|Any CPU.Build.0 = Debug|Any CPU
		{E1CDDA24-5B29-4682-9666-7A20406A9701}.Release|Any CPU.ActiveCfg = Release|Any CPU
		{E1CDDA24-5B29-4682-9666-7A20406A9701}.Release|Any CPU.Build.0 = Release|Any CPU
	EndGlobalSection
EndGlobal
