
Microsoft Visual Studio Solution File, Format Version 12.00
# Visual Studio Version 17
VisualStudioVersion = 17.5.002.0
MinimumVisualStudioVersion = 10.0.40219.1
Project("{9A19103F-16F7-4668-BE54-9A1E7A4F7556}") = "Zaabee.Tomlet", "Zaabee.Tomlet.csproj", "{45803FB1-B88E-443D-B4EA-C13566B07FB8}"
EndProject
Global
	GlobalSection(SolutionConfigurationPlatforms) = preSolution
		Debug|Any CPU = Debug|Any CPU
		Release|Any CPU = Release|Any CPU
	EndGlobalSection
	GlobalSection(ProjectConfigurationPlatforms) = postSolution
		{45803FB1-B88E-443D-B4EA-C13566B07FB8}.Debug|Any CPU.ActiveCfg = Debug|Any CPU
		{45803FB1-B88E-443D-B4EA-C13566B07FB8}.Debug|Any CPU.Build.0 = Debug|Any CPU
		{45803FB1-B88E-443D-B4EA-C13566B07FB8}.Release|Any CPU.ActiveCfg = Release|Any CPU
		{45803FB1-B88E-443D-B4EA-C13566B07FB8}.Release|Any CPU.Build.0 = Release|Any CPU
	EndGlobalSection
	GlobalSection(SolutionProperties) = preSolution
		HideSolutionNode = FALSE
	EndGlobalSection
	GlobalSection(ExtensibilityGlobals) = postSolution
		SolutionGuid = {6FA73DB1-1771-4320-8C83-A408F299897A}
	EndGlobalSection
EndGlobal
